
Microsoft Visual Studio Solution File, Format Version 11.00
# Visual Studio 2010
# SharpDevelop 5.1
Project("{2150E333-8FDC-42A3-9474-1A3956D46DE8}") = "plugins", "plugins", "{F5B0E1E6-6FA7-4EEA-905A-B32125985C14}"
EndProject
Project("{FAE04EC0-301F-11D3-BF4B-00C04F79EFBC}") = "GKTreeVizPlugin", "GKv2\GKTreeVizPlugin\GKTreeVizPlugin.mswin.csproj", "{29156CC1-79B1-473D-93F4-62340686FFC3}"
EndProject
Project("{FAE04EC0-301F-11D3-BF4B-00C04F79EFBC}") = "GKTimeLinePlugin", "GKv2\GKTimeLinePlugin\GKTimeLinePlugin.mswin.csproj", "{ECED32B7-1081-48D3-A223-1CB67A2D7016}"
EndProject
Project("{FAE04EC0-301F-11D3-BF4B-00C04F79EFBC}") = "GKTextSearchPlugin", "GKv2\GKTextSearchPlugin\GKTextSearchPlugin.mswin.csproj", "{BB2FCE6E-DF1F-40CC-9D7E-01CC9BE97EFA}"
EndProject
Project("{FAE04EC0-301F-11D3-BF4B-00C04F79EFBC}") = "GKSamplePlugin", "GKv2\GKSamplePlugin\GKSamplePlugin.mswin.csproj", "{BD2B94CA-5913-415B-9428-ED3C6D270602}"
EndProject
Project("{FAE04EC0-301F-11D3-BF4B-00C04F79EFBC}") = "GKPedigreeImporterPlugin", "GKv2\GKPedigreeImporterPlugin\GKPedigreeImporterPlugin.mswin.csproj", "{859C2F5B-FBF1-4D3B-8442-CF8E44E8B74B}"
EndProject
Project("{FAE04EC0-301F-11D3-BF4B-00C04F79EFBC}") = "GKNamesBookPlugin", "GKv2\GKNamesBookPlugin\GKNamesBookPlugin.mswin.csproj", "{182AFE98-D3A5-471A-B9D9-C1C53DD72829}"
EndProject
Project("{FAE04EC0-301F-11D3-BF4B-00C04F79EFBC}") = "GKImageViewerPlugin", "GKv2\GKImageViewerPlugin\GKImageViewerPlugin.mswin.csproj", "{FFE7826E-C352-46F3-AAC9-67FCCD9F6987}"
EndProject
Project("{FAE04EC0-301F-11D3-BF4B-00C04F79EFBC}") = "GKFlowInputPlugin", "GKv2\GKFlowInputPlugin\GKFlowInputPlugin.mswin.csproj", "{66B64B00-C457-404E-AA2B-90F18127E394}"
EndProject
Project("{FAE04EC0-301F-11D3-BF4B-00C04F79EFBC}") = "GKCalculatorPlugin", "GKv2\GKCalculatorPlugin\GKCalculatorPlugin.mswin.csproj", "{782E9338-ECA7-4095-9157-6CA003801F05}"
EndProject
Project("{FAE04EC0-301F-11D3-BF4B-00C04F79EFBC}") = "GKCalendarPlugin", "GKv2\GKCalendarPlugin\GKCalendarPlugin.mswin.csproj", "{091DFD9D-5599-4EEA-A616-A55FC12E9613}"
EndProject
Project("{FAE04EC0-301F-11D3-BF4B-00C04F79EFBC}") = "GKLifePlugin", "GKv2\GKLifePlugin\GKLifePlugin.mswin.csproj", "{4A523280-2DEA-43C6-BE11-48BDFF283751}"
EndProject
Project("{FAE04EC0-301F-11D3-BF4B-00C04F79EFBC}") = "GKNavigatorPlugin", "GKv2\GKNavigatorPlugin\GKNavigatorPlugin.mswin.csproj", "{18E423A1-619C-4ED7-96BE-1BD71EACFCAE}"
EndProject
Project("{FAE04EC0-301F-11D3-BF4B-00C04F79EFBC}") = "GKChroniclePlugin", "GKv2\GKChroniclePlugin\GKChroniclePlugin.mswin.csproj", "{1423A6AE-E85A-4E76-91CA-704A1C59F7DC}"
EndProject
Project("{FAE04EC0-301F-11D3-BF4B-00C04F79EFBC}") = "GKWordsCloudPlugin", "GKv2\GKWordsCloudPlugin\GKWordsCloudPlugin.mswin.csproj", "{0EB24CA5-824B-4507-9C6E-BBBF5DB8BE57}"
EndProject
Project("{FAE04EC0-301F-11D3-BF4B-00C04F79EFBC}") = "GKDataQualityPlugin", "GKv2\GKDataQualityPlugin\GKDataQualityPlugin.mswin.csproj", "{3FE73179-8814-4297-871D-7CE6B9626D93}"
EndProject
Project("{FAE04EC0-301F-11D3-BF4B-00C04F79EFBC}") = "GKHistoryDataPlugin", "GKv2\GKHistoryDataPlugin\GKHistoryDataPlugin.csproj", "{FCAB4916-791F-4302-90A0-E409410F66BF}"
EndProject
Project("{FAE04EC0-301F-11D3-BF4B-00C04F79EFBC}") = "GKStdReports", "GKv2\GKStdReports\GKStdReports.csproj", "{4D6E49E2-58C4-49C8-8664-C8A89D418927}"
EndProject
Project("{FAE04EC0-301F-11D3-BF4B-00C04F79EFBC}") = "GEDKeeper2", "GKv2\GEDKeeper2\GEDKeeper2.mswin.csproj", "{19B7D80A-37FD-4E49-9F59-87FA41B677E2}"
EndProject
Project("{FAE04EC0-301F-11D3-BF4B-00C04F79EFBC}") = "GKTests", "GKTests\GKTests.mswin.csproj", "{A8B53A6B-40A6-40BA-A671-03FC911BC37B}"
EndProject
Project("{FAE04EC0-301F-11D3-BF4B-00C04F79EFBC}") = "GKCore", "GKCore\GKCore.mswin.csproj", "{10D619AF-E1CD-4F4A-9C19-5E434300B48F}"
EndProject
Project("{FAE04EC0-301F-11D3-BF4B-00C04F79EFBC}") = "GKSandbox", "GKv2\GKSandbox\GKSandbox.csproj", "{E888F971-3F1A-4E22-BEE6-94AEED4E5D58}"
EndProject
Project("{FAE04EC0-301F-11D3-BF4B-00C04F79EFBC}") = "GKComponents", "GKv2\GKComponents\GKComponents.mswin.csproj", "{EF9864C5-4DEC-46E8-BC11-A2E5BB9BB9D4}"
EndProject
Global
	GlobalSection(SolutionConfigurationPlatforms) = preSolution
		Debug|x86 = Debug|x86
		Debug|x64 = Debug|x64
		Release|x86 = Release|x86
		Release|x64 = Release|x64
	EndGlobalSection
	GlobalSection(ProjectConfigurationPlatforms) = postSolution
		{29156CC1-79B1-473D-93F4-62340686FFC3}.Debug|x86.ActiveCfg = Debug|x86
		{29156CC1-79B1-473D-93F4-62340686FFC3}.Debug|x86.Build.0 = Debug|x86
		{29156CC1-79B1-473D-93F4-62340686FFC3}.Debug|x64.ActiveCfg = Debug|x64
		{29156CC1-79B1-473D-93F4-62340686FFC3}.Debug|x64.Build.0 = Debug|x64
		{29156CC1-79B1-473D-93F4-62340686FFC3}.Release|x86.ActiveCfg = Release|x86
		{29156CC1-79B1-473D-93F4-62340686FFC3}.Release|x86.Build.0 = Release|x86
		{29156CC1-79B1-473D-93F4-62340686FFC3}.Release|x64.ActiveCfg = Release|x64
		{29156CC1-79B1-473D-93F4-62340686FFC3}.Release|x64.Build.0 = Release|x64
		{ECED32B7-1081-48D3-A223-1CB67A2D7016}.Debug|x86.ActiveCfg = Debug|x86
		{ECED32B7-1081-48D3-A223-1CB67A2D7016}.Debug|x86.Build.0 = Debug|x86
		{ECED32B7-1081-48D3-A223-1CB67A2D7016}.Debug|x64.ActiveCfg = Debug|x64
		{ECED32B7-1081-48D3-A223-1CB67A2D7016}.Debug|x64.Build.0 = Debug|x64
		{ECED32B7-1081-48D3-A223-1CB67A2D7016}.Release|x86.ActiveCfg = Release|x86
		{ECED32B7-1081-48D3-A223-1CB67A2D7016}.Release|x86.Build.0 = Release|x86
		{ECED32B7-1081-48D3-A223-1CB67A2D7016}.Release|x64.ActiveCfg = Release|x64
		{ECED32B7-1081-48D3-A223-1CB67A2D7016}.Release|x64.Build.0 = Release|x64
		{BB2FCE6E-DF1F-40CC-9D7E-01CC9BE97EFA}.Debug|x86.ActiveCfg = Debug|x86
		{BB2FCE6E-DF1F-40CC-9D7E-01CC9BE97EFA}.Debug|x86.Build.0 = Debug|x86
		{BB2FCE6E-DF1F-40CC-9D7E-01CC9BE97EFA}.Debug|x64.ActiveCfg = Debug|x64
		{BB2FCE6E-DF1F-40CC-9D7E-01CC9BE97EFA}.Debug|x64.Build.0 = Debug|x64
		{BB2FCE6E-DF1F-40CC-9D7E-01CC9BE97EFA}.Release|x86.ActiveCfg = Release|x86
		{BB2FCE6E-DF1F-40CC-9D7E-01CC9BE97EFA}.Release|x86.Build.0 = Release|x86
		{BB2FCE6E-DF1F-40CC-9D7E-01CC9BE97EFA}.Release|x64.ActiveCfg = Release|x64
		{BB2FCE6E-DF1F-40CC-9D7E-01CC9BE97EFA}.Release|x64.Build.0 = Release|x64
		{BD2B94CA-5913-415B-9428-ED3C6D270602}.Debug|x86.ActiveCfg = Debug|x86
		{BD2B94CA-5913-415B-9428-ED3C6D270602}.Debug|x86.Build.0 = Debug|x86
		{BD2B94CA-5913-415B-9428-ED3C6D270602}.Debug|x64.ActiveCfg = Debug|x64
		{BD2B94CA-5913-415B-9428-ED3C6D270602}.Debug|x64.Build.0 = Debug|x64
		{BD2B94CA-5913-415B-9428-ED3C6D270602}.Release|x86.ActiveCfg = Release|x86
		{BD2B94CA-5913-415B-9428-ED3C6D270602}.Release|x86.Build.0 = Release|x86
		{BD2B94CA-5913-415B-9428-ED3C6D270602}.Release|x64.ActiveCfg = Release|x64
		{BD2B94CA-5913-415B-9428-ED3C6D270602}.Release|x64.Build.0 = Release|x64
		{859C2F5B-FBF1-4D3B-8442-CF8E44E8B74B}.Debug|x86.ActiveCfg = Debug|x86
		{859C2F5B-FBF1-4D3B-8442-CF8E44E8B74B}.Debug|x86.Build.0 = Debug|x86
		{859C2F5B-FBF1-4D3B-8442-CF8E44E8B74B}.Debug|x64.ActiveCfg = Debug|x64
		{859C2F5B-FBF1-4D3B-8442-CF8E44E8B74B}.Debug|x64.Build.0 = Debug|x64
		{859C2F5B-FBF1-4D3B-8442-CF8E44E8B74B}.Release|x86.ActiveCfg = Release|x86
		{859C2F5B-FBF1-4D3B-8442-CF8E44E8B74B}.Release|x86.Build.0 = Release|x86
		{859C2F5B-FBF1-4D3B-8442-CF8E44E8B74B}.Release|x64.ActiveCfg = Release|x64
		{859C2F5B-FBF1-4D3B-8442-CF8E44E8B74B}.Release|x64.Build.0 = Release|x64
		{182AFE98-D3A5-471A-B9D9-C1C53DD72829}.Debug|x86.ActiveCfg = Debug|x86
		{182AFE98-D3A5-471A-B9D9-C1C53DD72829}.Debug|x86.Build.0 = Debug|x86
		{182AFE98-D3A5-471A-B9D9-C1C53DD72829}.Debug|x64.ActiveCfg = Debug|x64
		{182AFE98-D3A5-471A-B9D9-C1C53DD72829}.Debug|x64.Build.0 = Debug|x64
		{182AFE98-D3A5-471A-B9D9-C1C53DD72829}.Release|x86.ActiveCfg = Release|x86
		{182AFE98-D3A5-471A-B9D9-C1C53DD72829}.Release|x86.Build.0 = Release|x86
		{182AFE98-D3A5-471A-B9D9-C1C53DD72829}.Release|x64.ActiveCfg = Release|x64
		{182AFE98-D3A5-471A-B9D9-C1C53DD72829}.Release|x64.Build.0 = Release|x64
		{FFE7826E-C352-46F3-AAC9-67FCCD9F6987}.Debug|x86.ActiveCfg = Debug|x86
		{FFE7826E-C352-46F3-AAC9-67FCCD9F6987}.Debug|x86.Build.0 = Debug|x86
		{FFE7826E-C352-46F3-AAC9-67FCCD9F6987}.Debug|x64.ActiveCfg = Debug|x64
		{FFE7826E-C352-46F3-AAC9-67FCCD9F6987}.Debug|x64.Build.0 = Debug|x64
		{FFE7826E-C352-46F3-AAC9-67FCCD9F6987}.Release|x86.ActiveCfg = Release|x86
		{FFE7826E-C352-46F3-AAC9-67FCCD9F6987}.Release|x86.Build.0 = Release|x86
		{FFE7826E-C352-46F3-AAC9-67FCCD9F6987}.Release|x64.ActiveCfg = Release|x64
		{FFE7826E-C352-46F3-AAC9-67FCCD9F6987}.Release|x64.Build.0 = Release|x64
		{66B64B00-C457-404E-AA2B-90F18127E394}.Debug|x86.ActiveCfg = Debug|x86
		{66B64B00-C457-404E-AA2B-90F18127E394}.Debug|x86.Build.0 = Debug|x86
		{66B64B00-C457-404E-AA2B-90F18127E394}.Debug|x64.ActiveCfg = Debug|x64
		{66B64B00-C457-404E-AA2B-90F18127E394}.Debug|x64.Build.0 = Debug|x64
		{66B64B00-C457-404E-AA2B-90F18127E394}.Release|x86.ActiveCfg = Release|x86
		{66B64B00-C457-404E-AA2B-90F18127E394}.Release|x86.Build.0 = Release|x86
		{66B64B00-C457-404E-AA2B-90F18127E394}.Release|x64.ActiveCfg = Release|x64
		{66B64B00-C457-404E-AA2B-90F18127E394}.Release|x64.Build.0 = Release|x64
		{782E9338-ECA7-4095-9157-6CA003801F05}.Debug|x86.ActiveCfg = Debug|x86
		{782E9338-ECA7-4095-9157-6CA003801F05}.Debug|x86.Build.0 = Debug|x86
		{782E9338-ECA7-4095-9157-6CA003801F05}.Debug|x64.ActiveCfg = Debug|x64
		{782E9338-ECA7-4095-9157-6CA003801F05}.Debug|x64.Build.0 = Debug|x64
		{782E9338-ECA7-4095-9157-6CA003801F05}.Release|x86.ActiveCfg = Release|x86
		{782E9338-ECA7-4095-9157-6CA003801F05}.Release|x86.Build.0 = Release|x86
		{782E9338-ECA7-4095-9157-6CA003801F05}.Release|x64.ActiveCfg = Release|x64
		{782E9338-ECA7-4095-9157-6CA003801F05}.Release|x64.Build.0 = Release|x64
		{091DFD9D-5599-4EEA-A616-A55FC12E9613}.Debug|x86.ActiveCfg = Debug|x86
		{091DFD9D-5599-4EEA-A616-A55FC12E9613}.Debug|x86.Build.0 = Debug|x86
		{091DFD9D-5599-4EEA-A616-A55FC12E9613}.Debug|x64.ActiveCfg = Debug|x64
		{091DFD9D-5599-4EEA-A616-A55FC12E9613}.Debug|x64.Build.0 = Debug|x64
		{091DFD9D-5599-4EEA-A616-A55FC12E9613}.Release|x86.ActiveCfg = Release|x86
		{091DFD9D-5599-4EEA-A616-A55FC12E9613}.Release|x86.Build.0 = Release|x86
		{091DFD9D-5599-4EEA-A616-A55FC12E9613}.Release|x64.ActiveCfg = Release|x64
		{091DFD9D-5599-4EEA-A616-A55FC12E9613}.Release|x64.Build.0 = Release|x64
		{4A523280-2DEA-43C6-BE11-48BDFF283751}.Debug|x86.ActiveCfg = Debug|x86
		{4A523280-2DEA-43C6-BE11-48BDFF283751}.Debug|x86.Build.0 = Debug|x86
		{4A523280-2DEA-43C6-BE11-48BDFF283751}.Debug|x64.ActiveCfg = Debug|x64
		{4A523280-2DEA-43C6-BE11-48BDFF283751}.Debug|x64.Build.0 = Debug|x64
		{4A523280-2DEA-43C6-BE11-48BDFF283751}.Release|x86.ActiveCfg = Release|x86
		{4A523280-2DEA-43C6-BE11-48BDFF283751}.Release|x86.Build.0 = Release|x86
		{4A523280-2DEA-43C6-BE11-48BDFF283751}.Release|x64.ActiveCfg = Release|x64
		{4A523280-2DEA-43C6-BE11-48BDFF283751}.Release|x64.Build.0 = Release|x64
		{18E423A1-619C-4ED7-96BE-1BD71EACFCAE}.Debug|x86.ActiveCfg = Debug|x86
		{18E423A1-619C-4ED7-96BE-1BD71EACFCAE}.Debug|x86.Build.0 = Debug|x86
		{18E423A1-619C-4ED7-96BE-1BD71EACFCAE}.Debug|x64.ActiveCfg = Debug|x64
		{18E423A1-619C-4ED7-96BE-1BD71EACFCAE}.Debug|x64.Build.0 = Debug|x64
		{18E423A1-619C-4ED7-96BE-1BD71EACFCAE}.Release|x86.ActiveCfg = Release|x86
		{18E423A1-619C-4ED7-96BE-1BD71EACFCAE}.Release|x86.Build.0 = Release|x86
		{18E423A1-619C-4ED7-96BE-1BD71EACFCAE}.Release|x64.ActiveCfg = Release|x64
		{18E423A1-619C-4ED7-96BE-1BD71EACFCAE}.Release|x64.Build.0 = Release|x64
		{1423A6AE-E85A-4E76-91CA-704A1C59F7DC}.Debug|x86.ActiveCfg = Debug|x86
		{1423A6AE-E85A-4E76-91CA-704A1C59F7DC}.Debug|x86.Build.0 = Debug|x86
		{1423A6AE-E85A-4E76-91CA-704A1C59F7DC}.Debug|x64.ActiveCfg = Debug|x64
		{1423A6AE-E85A-4E76-91CA-704A1C59F7DC}.Debug|x64.Build.0 = Debug|x64
		{1423A6AE-E85A-4E76-91CA-704A1C59F7DC}.Release|x86.ActiveCfg = Release|x86
		{1423A6AE-E85A-4E76-91CA-704A1C59F7DC}.Release|x86.Build.0 = Release|x86
		{1423A6AE-E85A-4E76-91CA-704A1C59F7DC}.Release|x64.ActiveCfg = Release|x64
		{1423A6AE-E85A-4E76-91CA-704A1C59F7DC}.Release|x64.Build.0 = Release|x64
		{0EB24CA5-824B-4507-9C6E-BBBF5DB8BE57}.Debug|x86.ActiveCfg = Debug|x86
		{0EB24CA5-824B-4507-9C6E-BBBF5DB8BE57}.Debug|x86.Build.0 = Debug|x86
		{0EB24CA5-824B-4507-9C6E-BBBF5DB8BE57}.Debug|x64.ActiveCfg = Debug|x64
		{0EB24CA5-824B-4507-9C6E-BBBF5DB8BE57}.Debug|x64.Build.0 = Debug|x64
		{0EB24CA5-824B-4507-9C6E-BBBF5DB8BE57}.Release|x86.ActiveCfg = Release|x86
		{0EB24CA5-824B-4507-9C6E-BBBF5DB8BE57}.Release|x86.Build.0 = Release|x86
		{0EB24CA5-824B-4507-9C6E-BBBF5DB8BE57}.Release|x64.ActiveCfg = Release|x64
		{0EB24CA5-824B-4507-9C6E-BBBF5DB8BE57}.Release|x64.Build.0 = Release|x64
		{3FE73179-8814-4297-871D-7CE6B9626D93}.Debug|x86.ActiveCfg = Debug|x86
		{3FE73179-8814-4297-871D-7CE6B9626D93}.Debug|x86.Build.0 = Debug|x86
		{3FE73179-8814-4297-871D-7CE6B9626D93}.Debug|x64.ActiveCfg = Debug|x64
		{3FE73179-8814-4297-871D-7CE6B9626D93}.Debug|x64.Build.0 = Debug|x64
		{3FE73179-8814-4297-871D-7CE6B9626D93}.Release|x86.ActiveCfg = Release|x86
		{3FE73179-8814-4297-871D-7CE6B9626D93}.Release|x86.Build.0 = Release|x86
		{3FE73179-8814-4297-871D-7CE6B9626D93}.Release|x64.ActiveCfg = Release|x64
		{3FE73179-8814-4297-871D-7CE6B9626D93}.Release|x64.Build.0 = Release|x64
		{FCAB4916-791F-4302-90A0-E409410F66BF}.Debug|x86.ActiveCfg = Debug|x86
		{FCAB4916-791F-4302-90A0-E409410F66BF}.Debug|x86.Build.0 = Debug|x86
		{FCAB4916-791F-4302-90A0-E409410F66BF}.Debug|x64.ActiveCfg = Debug|x64
		{FCAB4916-791F-4302-90A0-E409410F66BF}.Debug|x64.Build.0 = Debug|x64
		{FCAB4916-791F-4302-90A0-E409410F66BF}.Release|x86.ActiveCfg = Release|x86
		{FCAB4916-791F-4302-90A0-E409410F66BF}.Release|x86.Build.0 = Release|x86
		{FCAB4916-791F-4302-90A0-E409410F66BF}.Release|x64.ActiveCfg = Release|x64
		{FCAB4916-791F-4302-90A0-E409410F66BF}.Release|x64.Build.0 = Release|x64
		{4D6E49E2-58C4-49C8-8664-C8A89D418927}.Debug|x86.ActiveCfg = Debug|x86
		{4D6E49E2-58C4-49C8-8664-C8A89D418927}.Debug|x86.Build.0 = Debug|x86
		{4D6E49E2-58C4-49C8-8664-C8A89D418927}.Debug|x64.ActiveCfg = Debug|x64
		{4D6E49E2-58C4-49C8-8664-C8A89D418927}.Debug|x64.Build.0 = Debug|x64
		{4D6E49E2-58C4-49C8-8664-C8A89D418927}.Release|x86.ActiveCfg = Release|x86
		{4D6E49E2-58C4-49C8-8664-C8A89D418927}.Release|x86.Build.0 = Release|x86
		{4D6E49E2-58C4-49C8-8664-C8A89D418927}.Release|x64.ActiveCfg = Release|x64
		{4D6E49E2-58C4-49C8-8664-C8A89D418927}.Release|x64.Build.0 = Release|x64
		{19B7D80A-37FD-4E49-9F59-87FA41B677E2}.Debug|x86.ActiveCfg = Debug|x86
		{19B7D80A-37FD-4E49-9F59-87FA41B677E2}.Debug|x86.Build.0 = Debug|x86
		{19B7D80A-37FD-4E49-9F59-87FA41B677E2}.Debug|x64.ActiveCfg = Debug|x64
		{19B7D80A-37FD-4E49-9F59-87FA41B677E2}.Debug|x64.Build.0 = Debug|x64
		{19B7D80A-37FD-4E49-9F59-87FA41B677E2}.Release|x86.ActiveCfg = Release|x86
		{19B7D80A-37FD-4E49-9F59-87FA41B677E2}.Release|x86.Build.0 = Release|x86
		{19B7D80A-37FD-4E49-9F59-87FA41B677E2}.Release|x64.ActiveCfg = Release|x64
		{19B7D80A-37FD-4E49-9F59-87FA41B677E2}.Release|x64.Build.0 = Release|x64
		{A8B53A6B-40A6-40BA-A671-03FC911BC37B}.Debug|x86.ActiveCfg = Debug|x86
		{A8B53A6B-40A6-40BA-A671-03FC911BC37B}.Debug|x86.Build.0 = Debug|x86
		{A8B53A6B-40A6-40BA-A671-03FC911BC37B}.Debug|x64.ActiveCfg = Debug|x64
		{A8B53A6B-40A6-40BA-A671-03FC911BC37B}.Debug|x64.Build.0 = Debug|x64
		{A8B53A6B-40A6-40BA-A671-03FC911BC37B}.Release|x86.ActiveCfg = Release|x86
		{A8B53A6B-40A6-40BA-A671-03FC911BC37B}.Release|x86.Build.0 = Release|x86
		{A8B53A6B-40A6-40BA-A671-03FC911BC37B}.Release|x64.ActiveCfg = Release|x64
		{A8B53A6B-40A6-40BA-A671-03FC911BC37B}.Release|x64.Build.0 = Release|x64
		{10D619AF-E1CD-4F4A-9C19-5E434300B48F}.Debug|x86.ActiveCfg = Debug|x86
		{10D619AF-E1CD-4F4A-9C19-5E434300B48F}.Debug|x86.Build.0 = Debug|x86
		{10D619AF-E1CD-4F4A-9C19-5E434300B48F}.Debug|x64.ActiveCfg = Debug|x64
		{10D619AF-E1CD-4F4A-9C19-5E434300B48F}.Debug|x64.Build.0 = Debug|x64
		{10D619AF-E1CD-4F4A-9C19-5E434300B48F}.Release|x86.ActiveCfg = Release|x86
		{10D619AF-E1CD-4F4A-9C19-5E434300B48F}.Release|x86.Build.0 = Release|x86
		{10D619AF-E1CD-4F4A-9C19-5E434300B48F}.Release|x64.ActiveCfg = Release|x64
		{10D619AF-E1CD-4F4A-9C19-5E434300B48F}.Release|x64.Build.0 = Release|x64
		{E888F971-3F1A-4E22-BEE6-94AEED4E5D58}.Debug|x86.ActiveCfg = Debug|x86
		{E888F971-3F1A-4E22-BEE6-94AEED4E5D58}.Debug|x86.Build.0 = Debug|x86
		{E888F971-3F1A-4E22-BEE6-94AEED4E5D58}.Debug|x64.ActiveCfg = Debug|x64
		{E888F971-3F1A-4E22-BEE6-94AEED4E5D58}.Debug|x64.Build.0 = Debug|x64
		{E888F971-3F1A-4E22-BEE6-94AEED4E5D58}.Release|x86.ActiveCfg = Release|x86
		{E888F971-3F1A-4E22-BEE6-94AEED4E5D58}.Release|x86.Build.0 = Release|x86
		{E888F971-3F1A-4E22-BEE6-94AEED4E5D58}.Release|x64.ActiveCfg = Release|x64
		{E888F971-3F1A-4E22-BEE6-94AEED4E5D58}.Release|x64.Build.0 = Release|x64
		{EF9864C5-4DEC-46E8-BC11-A2E5BB9BB9D4}.Debug|x86.ActiveCfg = Debug|x86
		{EF9864C5-4DEC-46E8-BC11-A2E5BB9BB9D4}.Debug|x86.Build.0 = Debug|x86
		{EF9864C5-4DEC-46E8-BC11-A2E5BB9BB9D4}.Debug|x64.ActiveCfg = Debug|x64
		{EF9864C5-4DEC-46E8-BC11-A2E5BB9BB9D4}.Debug|x64.Build.0 = Debug|x64
		{EF9864C5-4DEC-46E8-BC11-A2E5BB9BB9D4}.Release|x86.ActiveCfg = Release|x86
		{EF9864C5-4DEC-46E8-BC11-A2E5BB9BB9D4}.Release|x86.Build.0 = Release|x86
		{EF9864C5-4DEC-46E8-BC11-A2E5BB9BB9D4}.Release|x64.ActiveCfg = Release|x64
		{EF9864C5-4DEC-46E8-BC11-A2E5BB9BB9D4}.Release|x64.Build.0 = Release|x64
	EndGlobalSection
	GlobalSection(SolutionProperties) = preSolution
		HideSolutionNode = FALSE
	EndGlobalSection
	GlobalSection(NestedProjects) = preSolution
		{29156CC1-79B1-473D-93F4-62340686FFC3} = {F5B0E1E6-6FA7-4EEA-905A-B32125985C14}
		{ECED32B7-1081-48D3-A223-1CB67A2D7016} = {F5B0E1E6-6FA7-4EEA-905A-B32125985C14}
		{BB2FCE6E-DF1F-40CC-9D7E-01CC9BE97EFA} = {F5B0E1E6-6FA7-4EEA-905A-B32125985C14}
		{BD2B94CA-5913-415B-9428-ED3C6D270602} = {F5B0E1E6-6FA7-4EEA-905A-B32125985C14}
		{859C2F5B-FBF1-4D3B-8442-CF8E44E8B74B} = {F5B0E1E6-6FA7-4EEA-905A-B32125985C14}
		{182AFE98-D3A5-471A-B9D9-C1C53DD72829} = {F5B0E1E6-6FA7-4EEA-905A-B32125985C14}
		{FFE7826E-C352-46F3-AAC9-67FCCD9F6987} = {F5B0E1E6-6FA7-4EEA-905A-B32125985C14}
		{66B64B00-C457-404E-AA2B-90F18127E394} = {F5B0E1E6-6FA7-4EEA-905A-B32125985C14}
		{782E9338-ECA7-4095-9157-6CA003801F05} = {F5B0E1E6-6FA7-4EEA-905A-B32125985C14}
		{091DFD9D-5599-4EEA-A616-A55FC12E9613} = {F5B0E1E6-6FA7-4EEA-905A-B32125985C14}
		{4A523280-2DEA-43C6-BE11-48BDFF283751} = {F5B0E1E6-6FA7-4EEA-905A-B32125985C14}
		{18E423A1-619C-4ED7-96BE-1BD71EACFCAE} = {F5B0E1E6-6FA7-4EEA-905A-B32125985C14}
		{1423A6AE-E85A-4E76-91CA-704A1C59F7DC} = {F5B0E1E6-6FA7-4EEA-905A-B32125985C14}
		{0EB24CA5-824B-4507-9C6E-BBBF5DB8BE57} = {F5B0E1E6-6FA7-4EEA-905A-B32125985C14}
		{3FE73179-8814-4297-871D-7CE6B9626D93} = {F5B0E1E6-6FA7-4EEA-905A-B32125985C14}
		{FCAB4916-791F-4302-90A0-E409410F66BF} = {F5B0E1E6-6FA7-4EEA-905A-B32125985C14}
		{4D6E49E2-58C4-49C8-8664-C8A89D418927} = {F5B0E1E6-6FA7-4EEA-905A-B32125985C14}
	EndGlobalSection
EndGlobal
