
Microsoft Visual Studio Solution File, Format Version 11.00
# Visual Studio 2010
Project("{2150E333-8FDC-42A3-9474-1A3956D46DE8}") = "plugins", "plugins", "{F5B0E1E6-6FA7-4EEA-905A-B32125985C14}"
EndProject
Project("{FAE04EC0-301F-11D3-BF4B-00C04F79EFBC}") = "GKTreeVizPlugin", "GKTreeVizPlugin\GKTreeVizPlugin.csproj", "{29156CC1-79B1-473D-93F4-62340686FFC3}"
EndProject
Project("{FAE04EC0-301F-11D3-BF4B-00C04F79EFBC}") = "GKTimeLinePlugin", "GKTimeLinePlugin\GKTimeLinePlugin.csproj", "{ECED32B7-1081-48D3-A223-1CB67A2D7016}"
EndProject
Project("{FAE04EC0-301F-11D3-BF4B-00C04F79EFBC}") = "GKTextSearchPlugin", "GKTextSearchPlugin\GKTextSearchPlugin.csproj", "{BB2FCE6E-DF1F-40CC-9D7E-01CC9BE97EFA}"
EndProject
Project("{FAE04EC0-301F-11D3-BF4B-00C04F79EFBC}") = "GKSamplePlugin", "GKSamplePlugin\GKSamplePlugin.csproj", "{BD2B94CA-5913-415B-9428-ED3C6D270602}"
EndProject
Project("{FAE04EC0-301F-11D3-BF4B-00C04F79EFBC}") = "GKPedigreeImporterPlugin", "GKPedigreeImporterPlugin\GKPedigreeImporterPlugin.csproj", "{859C2F5B-FBF1-4D3B-8442-CF8E44E8B74B}"
EndProject
Project("{FAE04EC0-301F-11D3-BF4B-00C04F79EFBC}") = "GKNamesBookPlugin", "GKNamesBookPlugin\GKNamesBookPlugin.csproj", "{182AFE98-D3A5-471A-B9D9-C1C53DD72829}"
EndProject
Project("{FAE04EC0-301F-11D3-BF4B-00C04F79EFBC}") = "GKImageViewerPlugin", "GKImageViewerPlugin\GKImageViewerPlugin.csproj", "{FFE7826E-C352-46F3-AAC9-67FCCD9F6987}"
EndProject
Project("{FAE04EC0-301F-11D3-BF4B-00C04F79EFBC}") = "GKFlowInputPlugin", "GKFlowInputPlugin\GKFlowInputPlugin.csproj", "{66B64B00-C457-404E-AA2B-90F18127E394}"
EndProject
Project("{FAE04EC0-301F-11D3-BF4B-00C04F79EFBC}") = "GKCalculatorPlugin", "GKCalculatorPlugin\GKCalculatorPlugin.csproj", "{782E9338-ECA7-4095-9157-6CA003801F05}"
EndProject
Project("{FAE04EC0-301F-11D3-BF4B-00C04F79EFBC}") = "GKCalendarPlugin", "GKCalendarPlugin\GKCalendarPlugin.csproj", "{091DFD9D-5599-4EEA-A616-A55FC12E9613}"
EndProject
Project("{FAE04EC0-301F-11D3-BF4B-00C04F79EFBC}") = "GKLifePlugin", "GKLifePlugin\GKLifePlugin.csproj", "{4A523280-2DEA-43C6-BE11-48BDFF283751}"
EndProject
Project("{FAE04EC0-301F-11D3-BF4B-00C04F79EFBC}") = "GKCommon", "GKCommon\GKCommon.csproj", "{A14CE3E2-B8EC-41C8-A7D1-75AE5D2509C4}"
EndProject
Project("{FAE04EC0-301F-11D3-BF4B-00C04F79EFBC}") = "GEDKeeper2", "GEDKeeper2\GEDKeeper2.csproj", "{19B7D80A-37FD-4E49-9F59-87FA41B677E2}"
EndProject
Project("{FAE04EC0-301F-11D3-BF4B-00C04F79EFBC}") = "GKTests", "GKTests\GKTests.csproj", "{A8B53A6B-40A6-40BA-A671-03FC911BC37B}"
EndProject
Global
	GlobalSection(SolutionConfigurationPlatforms) = preSolution
		Debug|Linux = Debug|Linux
		Debug|Win32 = Debug|Win32
		Release|Linux = Release|Linux
		Release|Win32 = Release|Win32
	EndGlobalSection
	GlobalSection(ProjectConfigurationPlatforms) = postSolution
		{29156CC1-79B1-473D-93F4-62340686FFC3}.Debug|Linux.ActiveCfg = Debug|Linux
		{29156CC1-79B1-473D-93F4-62340686FFC3}.Debug|Linux.Build.0 = Debug|Linux
		{29156CC1-79B1-473D-93F4-62340686FFC3}.Debug|Win32.ActiveCfg = Debug|Win32
		{29156CC1-79B1-473D-93F4-62340686FFC3}.Debug|Win32.Build.0 = Debug|Win32
		{29156CC1-79B1-473D-93F4-62340686FFC3}.Release|Linux.ActiveCfg = Release|Linux
		{29156CC1-79B1-473D-93F4-62340686FFC3}.Release|Linux.Build.0 = Release|Linux
		{29156CC1-79B1-473D-93F4-62340686FFC3}.Release|Win32.ActiveCfg = Release|Win32
		{29156CC1-79B1-473D-93F4-62340686FFC3}.Release|Win32.Build.0 = Release|Win32
		{ECED32B7-1081-48D3-A223-1CB67A2D7016}.Debug|Linux.ActiveCfg = Debug|Linux
		{ECED32B7-1081-48D3-A223-1CB67A2D7016}.Debug|Linux.Build.0 = Debug|Linux
		{ECED32B7-1081-48D3-A223-1CB67A2D7016}.Debug|Win32.ActiveCfg = Debug|Win32
		{ECED32B7-1081-48D3-A223-1CB67A2D7016}.Debug|Win32.Build.0 = Debug|Win32
		{ECED32B7-1081-48D3-A223-1CB67A2D7016}.Release|Linux.ActiveCfg = Release|Linux
		{ECED32B7-1081-48D3-A223-1CB67A2D7016}.Release|Linux.Build.0 = Release|Linux
		{ECED32B7-1081-48D3-A223-1CB67A2D7016}.Release|Win32.ActiveCfg = Release|Win32
		{ECED32B7-1081-48D3-A223-1CB67A2D7016}.Release|Win32.Build.0 = Release|Win32
		{BB2FCE6E-DF1F-40CC-9D7E-01CC9BE97EFA}.Debug|Linux.ActiveCfg = Debug|Linux
		{BB2FCE6E-DF1F-40CC-9D7E-01CC9BE97EFA}.Debug|Linux.Build.0 = Debug|Linux
		{BB2FCE6E-DF1F-40CC-9D7E-01CC9BE97EFA}.Debug|Win32.ActiveCfg = Debug|Win32
		{BB2FCE6E-DF1F-40CC-9D7E-01CC9BE97EFA}.Debug|Win32.Build.0 = Debug|Win32
		{BB2FCE6E-DF1F-40CC-9D7E-01CC9BE97EFA}.Release|Linux.ActiveCfg = Release|Linux
		{BB2FCE6E-DF1F-40CC-9D7E-01CC9BE97EFA}.Release|Linux.Build.0 = Release|Linux
		{BB2FCE6E-DF1F-40CC-9D7E-01CC9BE97EFA}.Release|Win32.ActiveCfg = Release|Win32
		{BB2FCE6E-DF1F-40CC-9D7E-01CC9BE97EFA}.Release|Win32.Build.0 = Release|Win32
		{BD2B94CA-5913-415B-9428-ED3C6D270602}.Debug|Linux.ActiveCfg = Debug|Linux
		{BD2B94CA-5913-415B-9428-ED3C6D270602}.Debug|Linux.Build.0 = Debug|Linux
		{BD2B94CA-5913-415B-9428-ED3C6D270602}.Debug|Win32.ActiveCfg = Debug|Win32
		{BD2B94CA-5913-415B-9428-ED3C6D270602}.Debug|Win32.Build.0 = Debug|Win32
		{BD2B94CA-5913-415B-9428-ED3C6D270602}.Release|Linux.ActiveCfg = Release|Linux
		{BD2B94CA-5913-415B-9428-ED3C6D270602}.Release|Linux.Build.0 = Release|Linux
		{BD2B94CA-5913-415B-9428-ED3C6D270602}.Release|Win32.ActiveCfg = Release|Win32
		{BD2B94CA-5913-415B-9428-ED3C6D270602}.Release|Win32.Build.0 = Release|Win32
		{859C2F5B-FBF1-4D3B-8442-CF8E44E8B74B}.Debug|Linux.ActiveCfg = Debug|Linux
		{859C2F5B-FBF1-4D3B-8442-CF8E44E8B74B}.Debug|Linux.Build.0 = Debug|Linux
		{859C2F5B-FBF1-4D3B-8442-CF8E44E8B74B}.Debug|Win32.ActiveCfg = Debug|Win32
		{859C2F5B-FBF1-4D3B-8442-CF8E44E8B74B}.Debug|Win32.Build.0 = Debug|Win32
		{859C2F5B-FBF1-4D3B-8442-CF8E44E8B74B}.Release|Linux.ActiveCfg = Release|Linux
		{859C2F5B-FBF1-4D3B-8442-CF8E44E8B74B}.Release|Linux.Build.0 = Release|Linux
		{859C2F5B-FBF1-4D3B-8442-CF8E44E8B74B}.Release|Win32.ActiveCfg = Release|Win32
		{859C2F5B-FBF1-4D3B-8442-CF8E44E8B74B}.Release|Win32.Build.0 = Release|Win32
		{182AFE98-D3A5-471A-B9D9-C1C53DD72829}.Debug|Linux.ActiveCfg = Debug|Linux
		{182AFE98-D3A5-471A-B9D9-C1C53DD72829}.Debug|Linux.Build.0 = Debug|Linux
		{182AFE98-D3A5-471A-B9D9-C1C53DD72829}.Debug|Win32.ActiveCfg = Debug|Win32
		{182AFE98-D3A5-471A-B9D9-C1C53DD72829}.Debug|Win32.Build.0 = Debug|Win32
		{182AFE98-D3A5-471A-B9D9-C1C53DD72829}.Release|Linux.ActiveCfg = Release|Linux
		{182AFE98-D3A5-471A-B9D9-C1C53DD72829}.Release|Linux.Build.0 = Release|Linux
		{182AFE98-D3A5-471A-B9D9-C1C53DD72829}.Release|Win32.ActiveCfg = Release|Win32
		{182AFE98-D3A5-471A-B9D9-C1C53DD72829}.Release|Win32.Build.0 = Release|Win32
		{FFE7826E-C352-46F3-AAC9-67FCCD9F6987}.Debug|Linux.ActiveCfg = Debug|Linux
		{FFE7826E-C352-46F3-AAC9-67FCCD9F6987}.Debug|Linux.Build.0 = Debug|Linux
		{FFE7826E-C352-46F3-AAC9-67FCCD9F6987}.Debug|Win32.ActiveCfg = Debug|Win32
		{FFE7826E-C352-46F3-AAC9-67FCCD9F6987}.Debug|Win32.Build.0 = Debug|Win32
		{FFE7826E-C352-46F3-AAC9-67FCCD9F6987}.Release|Linux.ActiveCfg = Release|Linux
		{FFE7826E-C352-46F3-AAC9-67FCCD9F6987}.Release|Linux.Build.0 = Release|Linux
		{FFE7826E-C352-46F3-AAC9-67FCCD9F6987}.Release|Win32.ActiveCfg = Release|Win32
		{FFE7826E-C352-46F3-AAC9-67FCCD9F6987}.Release|Win32.Build.0 = Release|Win32
		{66B64B00-C457-404E-AA2B-90F18127E394}.Debug|Linux.ActiveCfg = Debug|Linux
		{66B64B00-C457-404E-AA2B-90F18127E394}.Debug|Linux.Build.0 = Debug|Linux
		{66B64B00-C457-404E-AA2B-90F18127E394}.Debug|Win32.ActiveCfg = Debug|Win32
		{66B64B00-C457-404E-AA2B-90F18127E394}.Debug|Win32.Build.0 = Debug|Win32
		{66B64B00-C457-404E-AA2B-90F18127E394}.Release|Linux.ActiveCfg = Release|Linux
		{66B64B00-C457-404E-AA2B-90F18127E394}.Release|Linux.Build.0 = Release|Linux
		{66B64B00-C457-404E-AA2B-90F18127E394}.Release|Win32.ActiveCfg = Release|Win32
		{66B64B00-C457-404E-AA2B-90F18127E394}.Release|Win32.Build.0 = Release|Win32
		{782E9338-ECA7-4095-9157-6CA003801F05}.Debug|Linux.ActiveCfg = Debug|Linux
		{782E9338-ECA7-4095-9157-6CA003801F05}.Debug|Linux.Build.0 = Debug|Linux
		{782E9338-ECA7-4095-9157-6CA003801F05}.Debug|Win32.ActiveCfg = Debug|Win32
		{782E9338-ECA7-4095-9157-6CA003801F05}.Debug|Win32.Build.0 = Debug|Win32
		{782E9338-ECA7-4095-9157-6CA003801F05}.Release|Linux.ActiveCfg = Release|Linux
		{782E9338-ECA7-4095-9157-6CA003801F05}.Release|Linux.Build.0 = Release|Linux
		{782E9338-ECA7-4095-9157-6CA003801F05}.Release|Win32.ActiveCfg = Release|Win32
		{782E9338-ECA7-4095-9157-6CA003801F05}.Release|Win32.Build.0 = Release|Win32
		{091DFD9D-5599-4EEA-A616-A55FC12E9613}.Debug|Linux.ActiveCfg = Debug|Linux
		{091DFD9D-5599-4EEA-A616-A55FC12E9613}.Debug|Linux.Build.0 = Debug|Linux
		{091DFD9D-5599-4EEA-A616-A55FC12E9613}.Debug|Win32.ActiveCfg = Debug|Win32
		{091DFD9D-5599-4EEA-A616-A55FC12E9613}.Debug|Win32.Build.0 = Debug|Win32
		{091DFD9D-5599-4EEA-A616-A55FC12E9613}.Release|Linux.ActiveCfg = Release|Linux
		{091DFD9D-5599-4EEA-A616-A55FC12E9613}.Release|Linux.Build.0 = Release|Linux
		{091DFD9D-5599-4EEA-A616-A55FC12E9613}.Release|Win32.ActiveCfg = Release|Win32
		{091DFD9D-5599-4EEA-A616-A55FC12E9613}.Release|Win32.Build.0 = Release|Win32
		{4A523280-2DEA-43C6-BE11-48BDFF283751}.Debug|Linux.ActiveCfg = Debug|Linux
		{4A523280-2DEA-43C6-BE11-48BDFF283751}.Debug|Linux.Build.0 = Debug|Linux
		{4A523280-2DEA-43C6-BE11-48BDFF283751}.Debug|Win32.ActiveCfg = Debug|Win32
		{4A523280-2DEA-43C6-BE11-48BDFF283751}.Debug|Win32.Build.0 = Debug|Win32
		{4A523280-2DEA-43C6-BE11-48BDFF283751}.Release|Linux.ActiveCfg = Release|Linux
		{4A523280-2DEA-43C6-BE11-48BDFF283751}.Release|Linux.Build.0 = Release|Linux
		{4A523280-2DEA-43C6-BE11-48BDFF283751}.Release|Win32.ActiveCfg = Release|Win32
		{4A523280-2DEA-43C6-BE11-48BDFF283751}.Release|Win32.Build.0 = Release|Win32
		{A14CE3E2-B8EC-41C8-A7D1-75AE5D2509C4}.Debug|Linux.ActiveCfg = Debug|Linux
		{A14CE3E2-B8EC-41C8-A7D1-75AE5D2509C4}.Debug|Linux.Build.0 = Debug|Linux
		{A14CE3E2-B8EC-41C8-A7D1-75AE5D2509C4}.Debug|Win32.ActiveCfg = Debug|Win32
		{A14CE3E2-B8EC-41C8-A7D1-75AE5D2509C4}.Debug|Win32.Build.0 = Debug|Win32
		{A14CE3E2-B8EC-41C8-A7D1-75AE5D2509C4}.Release|Linux.ActiveCfg = Release|Linux
		{A14CE3E2-B8EC-41C8-A7D1-75AE5D2509C4}.Release|Linux.Build.0 = Release|Linux
		{A14CE3E2-B8EC-41C8-A7D1-75AE5D2509C4}.Release|Win32.ActiveCfg = Release|Win32
		{A14CE3E2-B8EC-41C8-A7D1-75AE5D2509C4}.Release|Win32.Build.0 = Release|Win32
		{19B7D80A-37FD-4E49-9F59-87FA41B677E2}.Debug|Linux.ActiveCfg = Debug|Linux
		{19B7D80A-37FD-4E49-9F59-87FA41B677E2}.Debug|Linux.Build.0 = Debug|Linux
		{19B7D80A-37FD-4E49-9F59-87FA41B677E2}.Debug|Win32.ActiveCfg = Debug|Win32
		{19B7D80A-37FD-4E49-9F59-87FA41B677E2}.Debug|Win32.Build.0 = Debug|Win32
		{19B7D80A-37FD-4E49-9F59-87FA41B677E2}.Release|Linux.ActiveCfg = Release|Linux
		{19B7D80A-37FD-4E49-9F59-87FA41B677E2}.Release|Linux.Build.0 = Release|Linux
		{19B7D80A-37FD-4E49-9F59-87FA41B677E2}.Release|Win32.ActiveCfg = Release|Win32
		{19B7D80A-37FD-4E49-9F59-87FA41B677E2}.Release|Win32.Build.0 = Release|Win32
		{A8B53A6B-40A6-40BA-A671-03FC911BC37B}.Debug|Linux.ActiveCfg = Debug|Linux
		{A8B53A6B-40A6-40BA-A671-03FC911BC37B}.Debug|Linux.Build.0 = Debug|Linux
		{A8B53A6B-40A6-40BA-A671-03FC911BC37B}.Debug|Win32.ActiveCfg = Debug|Win32
		{A8B53A6B-40A6-40BA-A671-03FC911BC37B}.Debug|Win32.Build.0 = Debug|Win32
		{A8B53A6B-40A6-40BA-A671-03FC911BC37B}.Release|Linux.ActiveCfg = Release|Linux
		{A8B53A6B-40A6-40BA-A671-03FC911BC37B}.Release|Linux.Build.0 = Release|Linux
		{A8B53A6B-40A6-40BA-A671-03FC911BC37B}.Release|Win32.ActiveCfg = Release|Win32
		{A8B53A6B-40A6-40BA-A671-03FC911BC37B}.Release|Win32.Build.0 = Release|Win32
	EndGlobalSection
	GlobalSection(SolutionProperties) = preSolution
		HideSolutionNode = FALSE
	EndGlobalSection
	GlobalSection(NestedProjects) = preSolution
		{29156CC1-79B1-473D-93F4-62340686FFC3} = {F5B0E1E6-6FA7-4EEA-905A-B32125985C14}
		{ECED32B7-1081-48D3-A223-1CB67A2D7016} = {F5B0E1E6-6FA7-4EEA-905A-B32125985C14}
		{BB2FCE6E-DF1F-40CC-9D7E-01CC9BE97EFA} = {F5B0E1E6-6FA7-4EEA-905A-B32125985C14}
		{BD2B94CA-5913-415B-9428-ED3C6D270602} = {F5B0E1E6-6FA7-4EEA-905A-B32125985C14}
		{859C2F5B-FBF1-4D3B-8442-CF8E44E8B74B} = {F5B0E1E6-6FA7-4EEA-905A-B32125985C14}
		{182AFE98-D3A5-471A-B9D9-C1C53DD72829} = {F5B0E1E6-6FA7-4EEA-905A-B32125985C14}
		{FFE7826E-C352-46F3-AAC9-67FCCD9F6987} = {F5B0E1E6-6FA7-4EEA-905A-B32125985C14}
		{66B64B00-C457-404E-AA2B-90F18127E394} = {F5B0E1E6-6FA7-4EEA-905A-B32125985C14}
		{782E9338-ECA7-4095-9157-6CA003801F05} = {F5B0E1E6-6FA7-4EEA-905A-B32125985C14}
		{091DFD9D-5599-4EEA-A616-A55FC12E9613} = {F5B0E1E6-6FA7-4EEA-905A-B32125985C14}
		{4A523280-2DEA-43C6-BE11-48BDFF283751} = {F5B0E1E6-6FA7-4EEA-905A-B32125985C14}
	EndGlobalSection
EndGlobal
