
Microsoft Visual Studio Solution File, Format Version 11.00
# Visual Studio 2010
# SharpDevelop 5.1
Project("{FAE04EC0-301F-11D3-BF4B-00C04F79EFBC}") = "GKCommonLnx", "GKCommon\GKCommonLnx.csproj", "{A14CE3E2-B8EC-41C8-A7D1-75AE5D2509C4}"
EndProject
Project("{FAE04EC0-301F-11D3-BF4B-00C04F79EFBC}") = "GEDKeeper2Lnx", "GEDKeeper2\GEDKeeper2Lnx.csproj", "{19B7D80A-37FD-4E49-9F59-87FA41B677E2}"
EndProject
Global
	GlobalSection(SolutionConfigurationPlatforms) = preSolution
		Debug|Linux = Debug|Linux
		Debug|Win32 = Debug|Win32
		Release|Linux = Release|Linux
		Release|Win32 = Release|Win32
	EndGlobalSection
	GlobalSection(ProjectConfigurationPlatforms) = postSolution
		{A14CE3E2-B8EC-41C8-A7D1-75AE5D2509C4}.Debug|Linux.ActiveCfg = Debug|Linux
		{A14CE3E2-B8EC-41C8-A7D1-75AE5D2509C4}.Debug|Linux.Build.0 = Debug|Linux
		{A14CE3E2-B8EC-41C8-A7D1-75AE5D2509C4}.Debug|Win32.ActiveCfg = Debug|Linux
		{A14CE3E2-B8EC-41C8-A7D1-75AE5D2509C4}.Debug|Win32.Build.0 = Debug|Linux
		{A14CE3E2-B8EC-41C8-A7D1-75AE5D2509C4}.Release|Linux.ActiveCfg = Release|Linux
		{A14CE3E2-B8EC-41C8-A7D1-75AE5D2509C4}.Release|Linux.Build.0 = Release|Linux
		{A14CE3E2-B8EC-41C8-A7D1-75AE5D2509C4}.Release|Win32.ActiveCfg = Release|Linux
		{A14CE3E2-B8EC-41C8-A7D1-75AE5D2509C4}.Release|Win32.Build.0 = Release|Linux
		{19B7D80A-37FD-4E49-9F59-87FA41B677E2}.Debug|Linux.ActiveCfg = Debug|Linux
		{19B7D80A-37FD-4E49-9F59-87FA41B677E2}.Debug|Linux.Build.0 = Debug|Linux
		{19B7D80A-37FD-4E49-9F59-87FA41B677E2}.Debug|Win32.ActiveCfg = Debug|Linux
		{19B7D80A-37FD-4E49-9F59-87FA41B677E2}.Debug|Win32.Build.0 = Debug|Linux
		{19B7D80A-37FD-4E49-9F59-87FA41B677E2}.Release|Linux.ActiveCfg = Release|Linux
		{19B7D80A-37FD-4E49-9F59-87FA41B677E2}.Release|Linux.Build.0 = Release|Linux
		{19B7D80A-37FD-4E49-9F59-87FA41B677E2}.Release|Win32.ActiveCfg = Release|Linux
		{19B7D80A-37FD-4E49-9F59-87FA41B677E2}.Release|Win32.Build.0 = Release|Linux
	EndGlobalSection
	GlobalSection(SolutionProperties) = preSolution
		HideSolutionNode = FALSE
	EndGlobalSection
EndGlobal
