
Microsoft Visual Studio Solution File, Format Version 12.00
# Visual Studio Version 17
VisualStudioVersion = 17.9.34622.214
MinimumVisualStudioVersion = 10.0.40219.1
Project("{2150E333-8FDC-42A3-9474-1A3956D46DE8}") = "help_rus", "help_rus", "{935CC8F0-6D8F-4374-B763-FC759D0FB8E1}"
	ProjectSection(SolutionItems) = preProject
		..\locales\help_rus\GEDKeeper.html = ..\locales\help_rus\GEDKeeper.html
		..\locales\help_rus\gkhAbout.html = ..\locales\help_rus\gkhAbout.html
		..\locales\help_rus\gkhAncestorsCircle.html = ..\locales\help_rus\gkhAncestorsCircle.html
		..\locales\help_rus\gkhAuthors.html = ..\locales\help_rus\gkhAuthors.html
		..\locales\help_rus\gkhCAIndex.html = ..\locales\help_rus\gkhCAIndex.html
		..\locales\help_rus\gkhClipboard.html = ..\locales\help_rus\gkhClipboard.html
		..\locales\help_rus\gkhContents.html = ..\locales\help_rus\gkhContents.html
		..\locales\help_rus\gkhDataSafety.html = ..\locales\help_rus\gkhDataSafety.html
		..\locales\help_rus\gkhDateSpecials.html = ..\locales\help_rus\gkhDateSpecials.html
		..\locales\help_rus\gkhExpandability.html = ..\locales\help_rus\gkhExpandability.html
		..\locales\help_rus\gkhFAQ.html = ..\locales\help_rus\gkhFAQ.html
		..\locales\help_rus\gkhFeatures.html = ..\locales\help_rus\gkhFeatures.html
		..\locales\help_rus\gkhGenRes.html = ..\locales\help_rus\gkhGenRes.html
		..\locales\help_rus\gkhHistory.html = ..\locales\help_rus\gkhHistory.html
		..\locales\help_rus\gkhHotKeys.html = ..\locales\help_rus\gkhHotKeys.html
		..\locales\help_rus\gkhIntro.html = ..\locales\help_rus\gkhIntro.html
		..\locales\help_rus\gkhLangCultures.html = ..\locales\help_rus\gkhLangCultures.html
		..\locales\help_rus\gkhLangs.html = ..\locales\help_rus\gkhLangs.html
		..\locales\help_rus\gkhLaw.html = ..\locales\help_rus\gkhLaw.html
		..\locales\help_rus\gkhMaps.html = ..\locales\help_rus\gkhMaps.html
		..\locales\help_rus\gkhMasks.html = ..\locales\help_rus\gkhMasks.html
		..\locales\help_rus\gkhMediaStore.html = ..\locales\help_rus\gkhMediaStore.html
		..\locales\help_rus\gkhNav_Filters.html = ..\locales\help_rus\gkhNav_Filters.html
		..\locales\help_rus\gkhNav_Labels.html = ..\locales\help_rus\gkhNav_Labels.html
		..\locales\help_rus\gkhNav_QuickSearch.html = ..\locales\help_rus\gkhNav_QuickSearch.html
		..\locales\help_rus\gkhOptions.html = ..\locales\help_rus\gkhOptions.html
		..\locales\help_rus\gkhPedigrees.html = ..\locales\help_rus\gkhPedigrees.html
		..\locales\help_rus\gkhPlugins.html = ..\locales\help_rus\gkhPlugins.html
		..\locales\help_rus\gkhPlugin_GEDmill.html = ..\locales\help_rus\gkhPlugin_GEDmill.html
		..\locales\help_rus\gkhPortable.html = ..\locales\help_rus\gkhPortable.html
		..\locales\help_rus\gkhQuotes.html = ..\locales\help_rus\gkhQuotes.html
		..\locales\help_rus\gkhRecordSelect.html = ..\locales\help_rus\gkhRecordSelect.html
		..\locales\help_rus\gkhRecordTypes.html = ..\locales\help_rus\gkhRecordTypes.html
		..\locales\help_rus\gkhRec_Address.html = ..\locales\help_rus\gkhRec_Address.html
		..\locales\help_rus\gkhRec_Asso.html = ..\locales\help_rus\gkhRec_Asso.html
		..\locales\help_rus\gkhRec_Comm.html = ..\locales\help_rus\gkhRec_Comm.html
		..\locales\help_rus\gkhRec_Event.html = ..\locales\help_rus\gkhRec_Event.html
		..\locales\help_rus\gkhRec_Family.html = ..\locales\help_rus\gkhRec_Family.html
		..\locales\help_rus\gkhRec_Group.html = ..\locales\help_rus\gkhRec_Group.html
		..\locales\help_rus\gkhRec_Individual.html = ..\locales\help_rus\gkhRec_Individual.html
		..\locales\help_rus\gkhRec_Media.html = ..\locales\help_rus\gkhRec_Media.html
		..\locales\help_rus\gkhRec_Name.html = ..\locales\help_rus\gkhRec_Name.html
		..\locales\help_rus\gkhRec_Note.html = ..\locales\help_rus\gkhRec_Note.html
		..\locales\help_rus\gkhRec_Place.html = ..\locales\help_rus\gkhRec_Place.html
		..\locales\help_rus\gkhRec_Repo.html = ..\locales\help_rus\gkhRec_Repo.html
		..\locales\help_rus\gkhRec_Research.html = ..\locales\help_rus\gkhRec_Research.html
		..\locales\help_rus\gkhRec_Source.html = ..\locales\help_rus\gkhRec_Source.html
		..\locales\help_rus\gkhRec_SrcLink.html = ..\locales\help_rus\gkhRec_SrcLink.html
		..\locales\help_rus\gkhRec_Task.html = ..\locales\help_rus\gkhRec_Task.html
		..\locales\help_rus\gkhRec_UserRefs.html = ..\locales\help_rus\gkhRec_UserRefs.html
		..\locales\help_rus\gkhRelations.html = ..\locales\help_rus\gkhRelations.html
		..\locales\help_rus\gkhRelCalc.html = ..\locales\help_rus\gkhRelCalc.html
		..\locales\help_rus\gkhRestrictions.html = ..\locales\help_rus\gkhRestrictions.html
		..\locales\help_rus\gkhScripts.html = ..\locales\help_rus\gkhScripts.html
		..\locales\help_rus\gkhSecure.html = ..\locales\help_rus\gkhSecure.html
		..\locales\help_rus\gkhStats.html = ..\locales\help_rus\gkhStats.html
		..\locales\help_rus\gkhSvc_Calc.html = ..\locales\help_rus\gkhSvc_Calc.html
		..\locales\help_rus\gkhSvc_Calendar.html = ..\locales\help_rus\gkhSvc_Calendar.html
		..\locales\help_rus\gkhSvc_NamesBook.html = ..\locales\help_rus\gkhSvc_NamesBook.html
		..\locales\help_rus\gkhSvc_Organizer.html = ..\locales\help_rus\gkhSvc_Organizer.html
		..\locales\help_rus\gkhSvc_TimeLine.html = ..\locales\help_rus\gkhSvc_TimeLine.html
		..\locales\help_rus\gkhThemes.html = ..\locales\help_rus\gkhThemes.html
		..\locales\help_rus\gkhTools_DubsMerge.html = ..\locales\help_rus\gkhTools_DubsMerge.html
		..\locales\help_rus\gkhTools_FamiliesConnectivity.html = ..\locales\help_rus\gkhTools_FamiliesConnectivity.html
		..\locales\help_rus\gkhTools_PatSearch.html = ..\locales\help_rus\gkhTools_PatSearch.html
		..\locales\help_rus\gkhTools_PlacesManage.html = ..\locales\help_rus\gkhTools_PlacesManage.html
		..\locales\help_rus\gkhTools_TreeCheck.html = ..\locales\help_rus\gkhTools_TreeCheck.html
		..\locales\help_rus\gkhTools_TreeCompare.html = ..\locales\help_rus\gkhTools_TreeCompare.html
		..\locales\help_rus\gkhTools_TreeImport.html = ..\locales\help_rus\gkhTools_TreeImport.html
		..\locales\help_rus\gkhTools_TreeMerge.html = ..\locales\help_rus\gkhTools_TreeMerge.html
		..\locales\help_rus\gkhTools_TreeSplit.html = ..\locales\help_rus\gkhTools_TreeSplit.html
		..\locales\help_rus\gkhTreeChart.html = ..\locales\help_rus\gkhTreeChart.html
		..\locales\help_rus\gkhWorkAdv.html = ..\locales\help_rus\gkhWorkAdv.html
		..\locales\help_rus\gkhWorkBeginning.html = ..\locales\help_rus\gkhWorkBeginning.html
		..\locales\help_rus\gkhWorkNavigation.html = ..\locales\help_rus\gkhWorkNavigation.html
		..\locales\help_rus\gkhWorkOperations.html = ..\locales\help_rus\gkhWorkOperations.html
		..\locales\help_rus\gkhWorkToolbar.html = ..\locales\help_rus\gkhWorkToolbar.html
	EndProjectSection
EndProject
Project("{2150E333-8FDC-42A3-9474-1A3956D46DE8}") = "help_enu", "help_enu", "{2CAC6FBC-93D7-4AC0-AFA5-D82387442EC1}"
	ProjectSection(SolutionItems) = preProject
		..\locales\help_enu\GEDKeeper.html = ..\locales\help_enu\GEDKeeper.html
		..\locales\help_enu\gkhAbout.html = ..\locales\help_enu\gkhAbout.html
		..\locales\help_enu\gkhAncestorsCircle.html = ..\locales\help_enu\gkhAncestorsCircle.html
		..\locales\help_enu\gkhAuthors.html = ..\locales\help_enu\gkhAuthors.html
		..\locales\help_enu\gkhCAIndex.html = ..\locales\help_enu\gkhCAIndex.html
		..\locales\help_enu\gkhClipboard.html = ..\locales\help_enu\gkhClipboard.html
		..\locales\help_enu\gkhContents.html = ..\locales\help_enu\gkhContents.html
		..\locales\help_enu\gkhDateSpecials.html = ..\locales\help_enu\gkhDateSpecials.html
		..\locales\help_enu\gkhExpandability.html = ..\locales\help_enu\gkhExpandability.html
		..\locales\help_enu\gkhFAQ.html = ..\locales\help_enu\gkhFAQ.html
		..\locales\help_enu\gkhFeatures.html = ..\locales\help_enu\gkhFeatures.html
		..\locales\help_enu\gkhGenRes.html = ..\locales\help_enu\gkhGenRes.html
		..\locales\help_enu\gkhHistory.html = ..\locales\help_enu\gkhHistory.html
		..\locales\help_enu\gkhHotKeys.html = ..\locales\help_enu\gkhHotKeys.html
		..\locales\help_enu\gkhIntro.html = ..\locales\help_enu\gkhIntro.html
		..\locales\help_enu\gkhLangCultures.html = ..\locales\help_enu\gkhLangCultures.html
		..\locales\help_enu\gkhLangs.html = ..\locales\help_enu\gkhLangs.html
		..\locales\help_enu\gkhLaw.html = ..\locales\help_enu\gkhLaw.html
		..\locales\help_enu\gkhMaps.html = ..\locales\help_enu\gkhMaps.html
		..\locales\help_enu\gkhMasks.html = ..\locales\help_enu\gkhMasks.html
		..\locales\help_enu\gkhMediaStore.html = ..\locales\help_enu\gkhMediaStore.html
		..\locales\help_enu\gkhNav_Filters.html = ..\locales\help_enu\gkhNav_Filters.html
		..\locales\help_enu\gkhNav_Labels.html = ..\locales\help_enu\gkhNav_Labels.html
		..\locales\help_enu\gkhNav_QuickSearch.html = ..\locales\help_enu\gkhNav_QuickSearch.html
		..\locales\help_enu\gkhOptions.html = ..\locales\help_enu\gkhOptions.html
		..\locales\help_enu\gkhPedigrees.html = ..\locales\help_enu\gkhPedigrees.html
		..\locales\help_enu\gkhPlugins.html = ..\locales\help_enu\gkhPlugins.html
		..\locales\help_enu\gkhPlugin_GEDmill.html = ..\locales\help_enu\gkhPlugin_GEDmill.html
		..\locales\help_enu\gkhPortable.html = ..\locales\help_enu\gkhPortable.html
		..\locales\help_enu\gkhQuotes.html = ..\locales\help_enu\gkhQuotes.html
		..\locales\help_enu\gkhRecordSelect.html = ..\locales\help_enu\gkhRecordSelect.html
		..\locales\help_enu\gkhRecordTypes.html = ..\locales\help_enu\gkhRecordTypes.html
		..\locales\help_enu\gkhRec_Address.html = ..\locales\help_enu\gkhRec_Address.html
		..\locales\help_enu\gkhRec_Asso.html = ..\locales\help_enu\gkhRec_Asso.html
		..\locales\help_enu\gkhRec_Comm.html = ..\locales\help_enu\gkhRec_Comm.html
		..\locales\help_enu\gkhRec_Event.html = ..\locales\help_enu\gkhRec_Event.html
		..\locales\help_enu\gkhRec_Family.html = ..\locales\help_enu\gkhRec_Family.html
		..\locales\help_enu\gkhRec_Group.html = ..\locales\help_enu\gkhRec_Group.html
		..\locales\help_enu\gkhRec_Individual.html = ..\locales\help_enu\gkhRec_Individual.html
		..\locales\help_enu\gkhRec_Media.html = ..\locales\help_enu\gkhRec_Media.html
		..\locales\help_enu\gkhRec_Note.html = ..\locales\help_enu\gkhRec_Note.html
		..\locales\help_enu\gkhRec_Place.html = ..\locales\help_enu\gkhRec_Place.html
		..\locales\help_enu\gkhRec_Repo.html = ..\locales\help_enu\gkhRec_Repo.html
		..\locales\help_enu\gkhRec_Research.html = ..\locales\help_enu\gkhRec_Research.html
		..\locales\help_enu\gkhRec_Source.html = ..\locales\help_enu\gkhRec_Source.html
		..\locales\help_enu\gkhRec_SrcLink.html = ..\locales\help_enu\gkhRec_SrcLink.html
		..\locales\help_enu\gkhRec_Task.html = ..\locales\help_enu\gkhRec_Task.html
		..\locales\help_enu\gkhRec_UserRefs.html = ..\locales\help_enu\gkhRec_UserRefs.html
		..\locales\help_enu\gkhRelations.html = ..\locales\help_enu\gkhRelations.html
		..\locales\help_enu\gkhRelCalc.html = ..\locales\help_enu\gkhRelCalc.html
		..\locales\help_enu\gkhRestrictions.html = ..\locales\help_enu\gkhRestrictions.html
		..\locales\help_enu\gkhScripts.html = ..\locales\help_enu\gkhScripts.html
		..\locales\help_enu\gkhSecure.html = ..\locales\help_enu\gkhSecure.html
		..\locales\help_enu\gkhStats.html = ..\locales\help_enu\gkhStats.html
		..\locales\help_enu\gkhSvc_Calc.html = ..\locales\help_enu\gkhSvc_Calc.html
		..\locales\help_enu\gkhSvc_Calendar.html = ..\locales\help_enu\gkhSvc_Calendar.html
		..\locales\help_enu\gkhSvc_NamesBook.html = ..\locales\help_enu\gkhSvc_NamesBook.html
		..\locales\help_enu\gkhSvc_Organizer.html = ..\locales\help_enu\gkhSvc_Organizer.html
		..\locales\help_enu\gkhSvc_TimeLine.html = ..\locales\help_enu\gkhSvc_TimeLine.html
		..\locales\help_enu\gkhThemes.html = ..\locales\help_enu\gkhThemes.html
		..\locales\help_enu\gkhTools_DubsMerge.html = ..\locales\help_enu\gkhTools_DubsMerge.html
		..\locales\help_enu\gkhTools_FamiliesConnectivity.html = ..\locales\help_enu\gkhTools_FamiliesConnectivity.html
		..\locales\help_enu\gkhTools_PatSearch.html = ..\locales\help_enu\gkhTools_PatSearch.html
		..\locales\help_enu\gkhTools_PlacesManage.html = ..\locales\help_enu\gkhTools_PlacesManage.html
		..\locales\help_enu\gkhTools_TreeCheck.html = ..\locales\help_enu\gkhTools_TreeCheck.html
		..\locales\help_enu\gkhTools_TreeCompare.html = ..\locales\help_enu\gkhTools_TreeCompare.html
		..\locales\help_enu\gkhTools_TreeImport.html = ..\locales\help_enu\gkhTools_TreeImport.html
		..\locales\help_enu\gkhTools_TreeMerge.html = ..\locales\help_enu\gkhTools_TreeMerge.html
		..\locales\help_enu\gkhTools_TreeSplit.html = ..\locales\help_enu\gkhTools_TreeSplit.html
		..\locales\help_enu\gkhTreeChart.html = ..\locales\help_enu\gkhTreeChart.html
		..\locales\help_enu\gkhWorkAdv.html = ..\locales\help_enu\gkhWorkAdv.html
		..\locales\help_enu\gkhWorkBeginning.html = ..\locales\help_enu\gkhWorkBeginning.html
		..\locales\help_enu\gkhWorkNavigation.html = ..\locales\help_enu\gkhWorkNavigation.html
		..\locales\help_enu\gkhWorkOperations.html = ..\locales\help_enu\gkhWorkOperations.html
		..\locales\help_enu\gkhWorkToolbar.html = ..\locales\help_enu\gkhWorkToolbar.html
	EndProjectSection
EndProject
Project("{2150E333-8FDC-42A3-9474-1A3956D46DE8}") = "dev", "dev", "{57AB86D2-7C75-47AE-9491-F958C0EA191F}"
	ProjectSection(SolutionItems) = preProject
		..\locales\help\gkhDevelopment.html = ..\locales\help\gkhDevelopment.html
		..\locales\help\gkhFileFormats.html = ..\locales\help\gkhFileFormats.html
		..\locales\help\styles.css = ..\locales\help\styles.css
	EndProjectSection
EndProject
Project("{2150E333-8FDC-42A3-9474-1A3956D46DE8}") = "help_spa", "help_spa", "{8B12CD28-ADDD-4D39-A014-1D2DC901CEA6}"
	ProjectSection(SolutionItems) = preProject
		..\locales\help_spa\GEDKeeper.html = ..\locales\help_spa\GEDKeeper.html
		..\locales\help_spa\gkhAbout.html = ..\locales\help_spa\gkhAbout.html
		..\locales\help_spa\gkhAncestorsCircle.html = ..\locales\help_spa\gkhAncestorsCircle.html
		..\locales\help_spa\gkhAuthors.html = ..\locales\help_spa\gkhAuthors.html
		..\locales\help_spa\gkhCAIndex.html = ..\locales\help_spa\gkhCAIndex.html
		..\locales\help_spa\gkhClipboard.html = ..\locales\help_spa\gkhClipboard.html
		..\locales\help_spa\gkhContents.html = ..\locales\help_spa\gkhContents.html
		..\locales\help_spa\gkhDataSafety.html = ..\locales\help_spa\gkhDataSafety.html
		..\locales\help_spa\gkhDateSpecials.html = ..\locales\help_spa\gkhDateSpecials.html
		..\locales\help_spa\gkhExpandability.html = ..\locales\help_spa\gkhExpandability.html
		..\locales\help_spa\gkhFAQ.html = ..\locales\help_spa\gkhFAQ.html
		..\locales\help_spa\gkhFeatures.html = ..\locales\help_spa\gkhFeatures.html
		..\locales\help_spa\gkhGenRes.html = ..\locales\help_spa\gkhGenRes.html
		..\locales\help_spa\gkhHistory.html = ..\locales\help_spa\gkhHistory.html
		..\locales\help_spa\gkhHotKeys.html = ..\locales\help_spa\gkhHotKeys.html
		..\locales\help_spa\gkhIntro.html = ..\locales\help_spa\gkhIntro.html
		..\locales\help_spa\gkhLangCultures.html = ..\locales\help_spa\gkhLangCultures.html
		..\locales\help_spa\gkhLangs.html = ..\locales\help_spa\gkhLangs.html
		..\locales\help_spa\gkhLaw.html = ..\locales\help_spa\gkhLaw.html
		..\locales\help_spa\gkhMaps.html = ..\locales\help_spa\gkhMaps.html
		..\locales\help_spa\gkhMasks.html = ..\locales\help_spa\gkhMasks.html
		..\locales\help_spa\gkhMediaStore.html = ..\locales\help_spa\gkhMediaStore.html
		..\locales\help_spa\gkhNav_Filters.html = ..\locales\help_spa\gkhNav_Filters.html
		..\locales\help_spa\gkhNav_Labels.html = ..\locales\help_spa\gkhNav_Labels.html
		..\locales\help_spa\gkhNav_QuickSearch.html = ..\locales\help_spa\gkhNav_QuickSearch.html
		..\locales\help_spa\gkhOptions.html = ..\locales\help_spa\gkhOptions.html
		..\locales\help_spa\gkhPedigrees.html = ..\locales\help_spa\gkhPedigrees.html
		..\locales\help_spa\gkhPlugins.html = ..\locales\help_spa\gkhPlugins.html
		..\locales\help_spa\gkhPlugin_GEDmill.html = ..\locales\help_spa\gkhPlugin_GEDmill.html
		..\locales\help_spa\gkhPortable.html = ..\locales\help_spa\gkhPortable.html
		..\locales\help_spa\gkhQuotes.html = ..\locales\help_spa\gkhQuotes.html
		..\locales\help_spa\gkhRecordSelect.html = ..\locales\help_spa\gkhRecordSelect.html
		..\locales\help_spa\gkhRecordTypes.html = ..\locales\help_spa\gkhRecordTypes.html
		..\locales\help_spa\gkhRec_Address.html = ..\locales\help_spa\gkhRec_Address.html
		..\locales\help_spa\gkhRec_Asso.html = ..\locales\help_spa\gkhRec_Asso.html
		..\locales\help_spa\gkhRec_Comm.html = ..\locales\help_spa\gkhRec_Comm.html
		..\locales\help_spa\gkhRec_Event.html = ..\locales\help_spa\gkhRec_Event.html
		..\locales\help_spa\gkhRec_Family.html = ..\locales\help_spa\gkhRec_Family.html
		..\locales\help_spa\gkhRec_Group.html = ..\locales\help_spa\gkhRec_Group.html
		..\locales\help_spa\gkhRec_Individual.html = ..\locales\help_spa\gkhRec_Individual.html
		..\locales\help_spa\gkhRec_Media.html = ..\locales\help_spa\gkhRec_Media.html
		..\locales\help_spa\gkhRec_Name.html = ..\locales\help_spa\gkhRec_Name.html
		..\locales\help_spa\gkhRec_Note.html = ..\locales\help_spa\gkhRec_Note.html
		..\locales\help_spa\gkhRec_Place.html = ..\locales\help_spa\gkhRec_Place.html
		..\locales\help_spa\gkhRec_Repo.html = ..\locales\help_spa\gkhRec_Repo.html
		..\locales\help_spa\gkhRec_Research.html = ..\locales\help_spa\gkhRec_Research.html
		..\locales\help_spa\gkhRec_Source.html = ..\locales\help_spa\gkhRec_Source.html
		..\locales\help_spa\gkhRec_SrcLink.html = ..\locales\help_spa\gkhRec_SrcLink.html
		..\locales\help_spa\gkhRec_Task.html = ..\locales\help_spa\gkhRec_Task.html
		..\locales\help_spa\gkhRec_UserRefs.html = ..\locales\help_spa\gkhRec_UserRefs.html
		..\locales\help_spa\gkhRelations.html = ..\locales\help_spa\gkhRelations.html
		..\locales\help_spa\gkhRestrictions.html = ..\locales\help_spa\gkhRestrictions.html
		..\locales\help_spa\gkhScripts.html = ..\locales\help_spa\gkhScripts.html
		..\locales\help_spa\gkhSecure.html = ..\locales\help_spa\gkhSecure.html
		..\locales\help_spa\gkhStats.html = ..\locales\help_spa\gkhStats.html
		..\locales\help_spa\gkhSvc_Calc.html = ..\locales\help_spa\gkhSvc_Calc.html
		..\locales\help_spa\gkhSvc_Calendar.html = ..\locales\help_spa\gkhSvc_Calendar.html
		..\locales\help_spa\gkhSvc_NamesBook.html = ..\locales\help_spa\gkhSvc_NamesBook.html
		..\locales\help_spa\gkhSvc_Organizer.html = ..\locales\help_spa\gkhSvc_Organizer.html
		..\locales\help_spa\gkhSvc_TimeLine.html = ..\locales\help_spa\gkhSvc_TimeLine.html
		..\locales\help_spa\gkhThemes.html = ..\locales\help_spa\gkhThemes.html
		..\locales\help_spa\gkhTools_DubsMerge.html = ..\locales\help_spa\gkhTools_DubsMerge.html
		..\locales\help_spa\gkhTools_FamiliesConnectivity.html = ..\locales\help_spa\gkhTools_FamiliesConnectivity.html
		..\locales\help_spa\gkhTools_PatSearch.html = ..\locales\help_spa\gkhTools_PatSearch.html
		..\locales\help_spa\gkhTools_PlacesManage.html = ..\locales\help_spa\gkhTools_PlacesManage.html
		..\locales\help_spa\gkhTools_TreeCheck.html = ..\locales\help_spa\gkhTools_TreeCheck.html
		..\locales\help_spa\gkhTools_TreeCompare.html = ..\locales\help_spa\gkhTools_TreeCompare.html
		..\locales\help_spa\gkhTools_TreeImport.html = ..\locales\help_spa\gkhTools_TreeImport.html
		..\locales\help_spa\gkhTools_TreeMerge.html = ..\locales\help_spa\gkhTools_TreeMerge.html
		..\locales\help_spa\gkhTools_TreeSplit.html = ..\locales\help_spa\gkhTools_TreeSplit.html
		..\locales\help_spa\gkhTreeChart.html = ..\locales\help_spa\gkhTreeChart.html
		..\locales\help_spa\gkhWorkAdv.html = ..\locales\help_spa\gkhWorkAdv.html
		..\locales\help_spa\gkhWorkBeginning.html = ..\locales\help_spa\gkhWorkBeginning.html
		..\locales\help_spa\gkhWorkNavigation.html = ..\locales\help_spa\gkhWorkNavigation.html
		..\locales\help_spa\gkhWorkOperations.html = ..\locales\help_spa\gkhWorkOperations.html
		..\locales\help_spa\gkhWorkToolbar.html = ..\locales\help_spa\gkhWorkToolbar.html
	EndProjectSection
EndProject
Global
	GlobalSection(SolutionConfigurationPlatforms) = preSolution
		Debug|Any CPU = Debug|Any CPU
		Release|Any CPU = Release|Any CPU
	EndGlobalSection
	GlobalSection(SolutionProperties) = preSolution
		HideSolutionNode = FALSE
	EndGlobalSection
	GlobalSection(ExtensibilityGlobals) = postSolution
		SolutionGuid = {D9C49927-0DFB-4B8D-BF57-8B72C3C802FA}
	EndGlobalSection
EndGlobal
