
Microsoft Visual Studio Solution File, Format Version 12.00
# Visual Studio Version 17
VisualStudioVersion = 17.2.32602.215
MinimumVisualStudioVersion = 10.0.40219.1
Project("{FAE04EC0-301F-11D3-BF4B-00C04F79EFBC}") = "GEDKeeper2", "GEDKeeper2\GEDKeeper2.csproj", "{19B7D80A-37FD-4E49-9F59-87FA41B677E2}"
EndProject
Project("{2150E333-8FDC-42A3-9474-1A3956D46DE8}") = "plugins", "plugins", "{F5B0E1E6-6FA7-4EEA-905A-B32125985C14}"
EndProject
Project("{FAE04EC0-301F-11D3-BF4B-00C04F79EFBC}") = "GKTimeLinePlugin", "..\plugins\GKTimeLinePlugin\GKTimeLinePlugin.csproj", "{ECED32B7-1081-48D3-A223-1CB67A2D7016}"
EndProject
Project("{FAE04EC0-301F-11D3-BF4B-00C04F79EFBC}") = "GKTextSearchPlugin", "..\plugins\GKTextSearchPlugin\GKTextSearchPlugin.csproj", "{BB2FCE6E-DF1F-40CC-9D7E-01CC9BE97EFA}"
EndProject
Project("{FAE04EC0-301F-11D3-BF4B-00C04F79EFBC}") = "GKPedigreeImporterPlugin", "..\plugins\GKPedigreeImporterPlugin\GKPedigreeImporterPlugin.csproj", "{859C2F5B-FBF1-4D3B-8442-CF8E44E8B74B}"
EndProject
Project("{FAE04EC0-301F-11D3-BF4B-00C04F79EFBC}") = "GKNamesBookPlugin", "..\plugins\GKNamesBookPlugin\GKNamesBookPlugin.csproj", "{182AFE98-D3A5-471A-B9D9-C1C53DD72829}"
EndProject
Project("{FAE04EC0-301F-11D3-BF4B-00C04F79EFBC}") = "GKFlowInputPlugin", "..\plugins\GKFlowInputPlugin\GKFlowInputPlugin.csproj", "{66B64B00-C457-404E-AA2B-90F18127E394}"
EndProject
Project("{FAE04EC0-301F-11D3-BF4B-00C04F79EFBC}") = "GKCalculatorPlugin", "..\plugins\GKCalculatorPlugin\GKCalculatorPlugin.csproj", "{782E9338-ECA7-4095-9157-6CA003801F05}"
EndProject
Project("{FAE04EC0-301F-11D3-BF4B-00C04F79EFBC}") = "GKCalendarPlugin", "..\plugins\GKCalendarPlugin\GKCalendarPlugin.csproj", "{091DFD9D-5599-4EEA-A616-A55FC12E9613}"
EndProject
Project("{FAE04EC0-301F-11D3-BF4B-00C04F79EFBC}") = "GKLifePlugin", "..\plugins\GKLifePlugin\GKLifePlugin.csproj", "{4A523280-2DEA-43C6-BE11-48BDFF283751}"
EndProject
Project("{FAE04EC0-301F-11D3-BF4B-00C04F79EFBC}") = "GKNavigatorPlugin", "..\plugins\GKNavigatorPlugin\GKNavigatorPlugin.csproj", "{18E423A1-619C-4ED7-96BE-1BD71EACFCAE}"
EndProject
Project("{FAE04EC0-301F-11D3-BF4B-00C04F79EFBC}") = "GKChroniclePlugin", "..\plugins\GKChroniclePlugin\GKChroniclePlugin.csproj", "{1423A6AE-E85A-4E76-91CA-704A1C59F7DC}"
EndProject
Project("{FAE04EC0-301F-11D3-BF4B-00C04F79EFBC}") = "GKWordsCloudPlugin", "..\plugins\GKWordsCloudPlugin\GKWordsCloudPlugin.csproj", "{0EB24CA5-824B-4507-9C6E-BBBF5DB8BE57}"
EndProject
Project("{FAE04EC0-301F-11D3-BF4B-00C04F79EFBC}") = "GKStdReports", "..\plugins\GKStdReports\GKStdReports.csproj", "{4D6E49E2-58C4-49C8-8664-C8A89D418927}"
EndProject
Project("{FAE04EC0-301F-11D3-BF4B-00C04F79EFBC}") = "GKCommunicatorPlugin", "..\GKCommunicator\GKCommunicatorPlugin\GKCommunicatorPlugin.csproj", "{304A9ACA-337E-40BC-AC18-BC3B303CBF6C}"
EndProject
Project("{FAE04EC0-301F-11D3-BF4B-00C04F79EFBC}") = "GEDmillPlugin", "..\plugins\GEDmill\GEDmillPlugin.csproj", "{658AE6DC-A4FA-4042-A26F-E5B6CC7EF56B}"
EndProject
Project("{FAE04EC0-301F-11D3-BF4B-00C04F79EFBC}") = "GKBackupPlugin", "..\plugins\GKBackupPlugin\GKBackupPlugin.csproj", "{D0E58F68-8706-4308-924B-BE56A03B3C99}"
EndProject
Project("{FAE04EC0-301F-11D3-BF4B-00C04F79EFBC}") = "GKGenetixPlugin", "..\GKGenetix\GKGenetixPlugin\GKGenetixPlugin.csproj", "{DF48872B-3E78-409C-B43C-1EFD46B0BBC4}"
EndProject
Project("{FAE04EC0-301F-11D3-BF4B-00C04F79EFBC}") = "GKTests", "..\GKTests\GKTests.csproj", "{A8B53A6B-40A6-40BA-A671-03FC911BC37B}"
EndProject
Project("{FAE04EC0-301F-11D3-BF4B-00C04F79EFBC}") = "GKCore", "..\GKCore\GKCore.csproj", "{10D619AF-E1CD-4F4A-9C19-5E434300B48F}"
EndProject
Project("{FAE04EC0-301F-11D3-BF4B-00C04F79EFBC}") = "GKComponents", "GKComponents\GKComponents.csproj", "{EF9864C5-4DEC-46E8-BC11-A2E5BB9BB9D4}"
EndProject
Project("{FAE04EC0-301F-11D3-BF4B-00C04F79EFBC}") = "GKTray", "GKTray\GKTray.csproj", "{A7004127-46AD-4CA5-AEBC-5D70E64AD68A}"
EndProject
Project("{2150E333-8FDC-42A3-9474-1A3956D46DE8}") = "locales", "locales", "{4AF8EEE8-8592-420C-B5C5-E6DDBA389BA1}"
	ProjectSection(SolutionItems) = preProject
		..\..\locales\Afrikaans.lng = ..\..\locales\Afrikaans.lng
		..\..\locales\Belarusian.lng = ..\..\locales\Belarusian.lng
		..\..\locales\Chinese Simplified.lng = ..\..\locales\Chinese Simplified.lng
		..\..\locales\Czech.lng = ..\..\locales\Czech.lng
		..\..\locales\Dutch.lng = ..\..\locales\Dutch.lng
		..\..\locales\English.lng = ..\..\locales\English.lng
		..\..\locales\French.lng = ..\..\locales\French.lng
		..\..\locales\German.lng = ..\..\locales\German.lng
		..\..\locales\Hungarian.lng = ..\..\locales\Hungarian.lng
		..\..\locales\Icelandic.lng = ..\..\locales\Icelandic.lng
		..\..\locales\Italian.lng = ..\..\locales\Italian.lng
		..\..\locales\Japanese.lng = ..\..\locales\Japanese.lng
		..\..\locales\Kazakh (Cyrillic).lng = ..\..\locales\Kazakh (Cyrillic).lng
		..\..\locales\Polish.lng = ..\..\locales\Polish.lng
		..\..\locales\Portuguese.lng = ..\..\locales\Portuguese.lng
		..\..\locales\Russian.lng = ..\..\locales\Russian.lng
		..\..\locales\Serbian (Latin).lng = ..\..\locales\Serbian (Latin).lng
		..\..\locales\Spanish.lng = ..\..\locales\Spanish.lng
		..\..\locales\Turkish.lng = ..\..\locales\Turkish.lng
		..\..\locales\Ukrainian.lng = ..\..\locales\Ukrainian.lng
	EndProjectSection
EndProject
Project("{2150E333-8FDC-42A3-9474-1A3956D46DE8}") = "subprojects", "subprojects", "{BBA8D997-B7FB-45FE-86A2-08C01C0AAB4C}"
EndProject
Project("{FAE04EC0-301F-11D3-BF4B-00C04F79EFBC}") = "GKMap.Core", "..\GKMap\GKMap.Core\GKMap.Core.csproj", "{D0C39D9D-BED0-418B-9A5E-713176CAF40C}"
EndProject
Project("{FAE04EC0-301F-11D3-BF4B-00C04F79EFBC}") = "GKMap.WinForms", "..\GKMap\GKMap.WinForms\GKMap.WinForms.csproj", "{E06DEF77-F933-42FB-AFD7-DB2D0D8D6A98}"
EndProject
Project("{FAE04EC0-301F-11D3-BF4B-00C04F79EFBC}") = "GKNetCore", "..\GKCommunicator\GKNetCore\GKNetCore.csproj", "{FEE68CF6-1D60-4E90-AEF3-6AFA4A8C977D}"
EndProject
Project("{FAE04EC0-301F-11D3-BF4B-00C04F79EFBC}") = "GKNetUI", "..\GKCommunicator\GKNetUI\GKNetUI.csproj", "{1D2C209A-6E19-4FCF-BA08-11B8096FCA99}"
EndProject
Project("{FAE04EC0-301F-11D3-BF4B-00C04F79EFBC}") = "GKGenetix.Core", "..\GKGenetix\GKGenetix.Core\GKGenetix.Core.csproj", "{78659756-B505-403B-9173-0965DF601030}"
EndProject
Project("{FAE04EC0-301F-11D3-BF4B-00C04F79EFBC}") = "GKGenetix.UI.WinForms", "..\GKGenetix\GKGenetix.UI.WinForms\GKGenetix.UI.WinForms.csproj", "{B9225DE4-BE79-43F8-B84B-BECF360E329A}"
EndProject
Project("{2150E333-8FDC-42A3-9474-1A3956D46DE8}") = "themes", "themes", "{E39F7926-7961-4857-B90F-16B63F315D02}"
	ProjectSection(SolutionItems) = preProject
		..\..\themes\gk_dark.yaml = ..\..\themes\gk_dark.yaml
		..\..\themes\gk_forest.yaml = ..\..\themes\gk_forest.yaml
		..\..\themes\gk_light.yaml = ..\..\themes\gk_light.yaml
	EndProjectSection
EndProject
Project("{FAE04EC0-301F-11D3-BF4B-00C04F79EFBC}") = "GKTestsUI2", "GKTestsUI2\GKTestsUI2.csproj", "{90BDD163-CEA0-4FCE-BA73-7591B71263CB}"
EndProject
Global
	GlobalSection(SolutionConfigurationPlatforms) = preSolution
		Debug|x64 = Debug|x64
		Debug|x86 = Debug|x86
		Release|x64 = Release|x64
		Release|x86 = Release|x86
	EndGlobalSection
	GlobalSection(ProjectConfigurationPlatforms) = postSolution
		{19B7D80A-37FD-4E49-9F59-87FA41B677E2}.Debug|x64.ActiveCfg = Debug|x64
		{19B7D80A-37FD-4E49-9F59-87FA41B677E2}.Debug|x64.Build.0 = Debug|x64
		{19B7D80A-37FD-4E49-9F59-87FA41B677E2}.Debug|x86.ActiveCfg = Debug|x86
		{19B7D80A-37FD-4E49-9F59-87FA41B677E2}.Debug|x86.Build.0 = Debug|x86
		{19B7D80A-37FD-4E49-9F59-87FA41B677E2}.Release|x64.ActiveCfg = Release|x64
		{19B7D80A-37FD-4E49-9F59-87FA41B677E2}.Release|x64.Build.0 = Release|x64
		{19B7D80A-37FD-4E49-9F59-87FA41B677E2}.Release|x86.ActiveCfg = Release|x86
		{19B7D80A-37FD-4E49-9F59-87FA41B677E2}.Release|x86.Build.0 = Release|x86
		{ECED32B7-1081-48D3-A223-1CB67A2D7016}.Debug|x64.ActiveCfg = Debug|x64
		{ECED32B7-1081-48D3-A223-1CB67A2D7016}.Debug|x64.Build.0 = Debug|x64
		{ECED32B7-1081-48D3-A223-1CB67A2D7016}.Debug|x86.ActiveCfg = Debug|x86
		{ECED32B7-1081-48D3-A223-1CB67A2D7016}.Debug|x86.Build.0 = Debug|x86
		{ECED32B7-1081-48D3-A223-1CB67A2D7016}.Release|x64.ActiveCfg = Release|x64
		{ECED32B7-1081-48D3-A223-1CB67A2D7016}.Release|x64.Build.0 = Release|x64
		{ECED32B7-1081-48D3-A223-1CB67A2D7016}.Release|x86.ActiveCfg = Release|x86
		{ECED32B7-1081-48D3-A223-1CB67A2D7016}.Release|x86.Build.0 = Release|x86
		{BB2FCE6E-DF1F-40CC-9D7E-01CC9BE97EFA}.Debug|x64.ActiveCfg = Debug|x64
		{BB2FCE6E-DF1F-40CC-9D7E-01CC9BE97EFA}.Debug|x64.Build.0 = Debug|x64
		{BB2FCE6E-DF1F-40CC-9D7E-01CC9BE97EFA}.Debug|x86.ActiveCfg = Debug|x86
		{BB2FCE6E-DF1F-40CC-9D7E-01CC9BE97EFA}.Debug|x86.Build.0 = Debug|x86
		{BB2FCE6E-DF1F-40CC-9D7E-01CC9BE97EFA}.Release|x64.ActiveCfg = Release|x64
		{BB2FCE6E-DF1F-40CC-9D7E-01CC9BE97EFA}.Release|x64.Build.0 = Release|x64
		{BB2FCE6E-DF1F-40CC-9D7E-01CC9BE97EFA}.Release|x86.ActiveCfg = Release|x86
		{BB2FCE6E-DF1F-40CC-9D7E-01CC9BE97EFA}.Release|x86.Build.0 = Release|x86
		{859C2F5B-FBF1-4D3B-8442-CF8E44E8B74B}.Debug|x64.ActiveCfg = Debug|x64
		{859C2F5B-FBF1-4D3B-8442-CF8E44E8B74B}.Debug|x64.Build.0 = Debug|x64
		{859C2F5B-FBF1-4D3B-8442-CF8E44E8B74B}.Debug|x86.ActiveCfg = Debug|x86
		{859C2F5B-FBF1-4D3B-8442-CF8E44E8B74B}.Debug|x86.Build.0 = Debug|x86
		{859C2F5B-FBF1-4D3B-8442-CF8E44E8B74B}.Release|x64.ActiveCfg = Release|x64
		{859C2F5B-FBF1-4D3B-8442-CF8E44E8B74B}.Release|x64.Build.0 = Release|x64
		{859C2F5B-FBF1-4D3B-8442-CF8E44E8B74B}.Release|x86.ActiveCfg = Release|x86
		{859C2F5B-FBF1-4D3B-8442-CF8E44E8B74B}.Release|x86.Build.0 = Release|x86
		{182AFE98-D3A5-471A-B9D9-C1C53DD72829}.Debug|x64.ActiveCfg = Debug|x64
		{182AFE98-D3A5-471A-B9D9-C1C53DD72829}.Debug|x64.Build.0 = Debug|x64
		{182AFE98-D3A5-471A-B9D9-C1C53DD72829}.Debug|x86.ActiveCfg = Debug|x86
		{182AFE98-D3A5-471A-B9D9-C1C53DD72829}.Debug|x86.Build.0 = Debug|x86
		{182AFE98-D3A5-471A-B9D9-C1C53DD72829}.Release|x64.ActiveCfg = Release|x64
		{182AFE98-D3A5-471A-B9D9-C1C53DD72829}.Release|x64.Build.0 = Release|x64
		{182AFE98-D3A5-471A-B9D9-C1C53DD72829}.Release|x86.ActiveCfg = Release|x86
		{182AFE98-D3A5-471A-B9D9-C1C53DD72829}.Release|x86.Build.0 = Release|x86
		{66B64B00-C457-404E-AA2B-90F18127E394}.Debug|x64.ActiveCfg = Debug|x64
		{66B64B00-C457-404E-AA2B-90F18127E394}.Debug|x64.Build.0 = Debug|x64
		{66B64B00-C457-404E-AA2B-90F18127E394}.Debug|x86.ActiveCfg = Debug|x86
		{66B64B00-C457-404E-AA2B-90F18127E394}.Debug|x86.Build.0 = Debug|x86
		{66B64B00-C457-404E-AA2B-90F18127E394}.Release|x64.ActiveCfg = Release|x64
		{66B64B00-C457-404E-AA2B-90F18127E394}.Release|x64.Build.0 = Release|x64
		{66B64B00-C457-404E-AA2B-90F18127E394}.Release|x86.ActiveCfg = Release|x86
		{66B64B00-C457-404E-AA2B-90F18127E394}.Release|x86.Build.0 = Release|x86
		{782E9338-ECA7-4095-9157-6CA003801F05}.Debug|x64.ActiveCfg = Debug|x64
		{782E9338-ECA7-4095-9157-6CA003801F05}.Debug|x64.Build.0 = Debug|x64
		{782E9338-ECA7-4095-9157-6CA003801F05}.Debug|x86.ActiveCfg = Debug|x86
		{782E9338-ECA7-4095-9157-6CA003801F05}.Debug|x86.Build.0 = Debug|x86
		{782E9338-ECA7-4095-9157-6CA003801F05}.Release|x64.ActiveCfg = Release|x64
		{782E9338-ECA7-4095-9157-6CA003801F05}.Release|x64.Build.0 = Release|x64
		{782E9338-ECA7-4095-9157-6CA003801F05}.Release|x86.ActiveCfg = Release|x86
		{782E9338-ECA7-4095-9157-6CA003801F05}.Release|x86.Build.0 = Release|x86
		{091DFD9D-5599-4EEA-A616-A55FC12E9613}.Debug|x64.ActiveCfg = Debug|x64
		{091DFD9D-5599-4EEA-A616-A55FC12E9613}.Debug|x64.Build.0 = Debug|x64
		{091DFD9D-5599-4EEA-A616-A55FC12E9613}.Debug|x86.ActiveCfg = Debug|x86
		{091DFD9D-5599-4EEA-A616-A55FC12E9613}.Debug|x86.Build.0 = Debug|x86
		{091DFD9D-5599-4EEA-A616-A55FC12E9613}.Release|x64.ActiveCfg = Release|x64
		{091DFD9D-5599-4EEA-A616-A55FC12E9613}.Release|x64.Build.0 = Release|x64
		{091DFD9D-5599-4EEA-A616-A55FC12E9613}.Release|x86.ActiveCfg = Release|x86
		{091DFD9D-5599-4EEA-A616-A55FC12E9613}.Release|x86.Build.0 = Release|x86
		{4A523280-2DEA-43C6-BE11-48BDFF283751}.Debug|x64.ActiveCfg = Debug|x64
		{4A523280-2DEA-43C6-BE11-48BDFF283751}.Debug|x64.Build.0 = Debug|x64
		{4A523280-2DEA-43C6-BE11-48BDFF283751}.Debug|x86.ActiveCfg = Debug|x86
		{4A523280-2DEA-43C6-BE11-48BDFF283751}.Debug|x86.Build.0 = Debug|x86
		{4A523280-2DEA-43C6-BE11-48BDFF283751}.Release|x64.ActiveCfg = Release|x64
		{4A523280-2DEA-43C6-BE11-48BDFF283751}.Release|x64.Build.0 = Release|x64
		{4A523280-2DEA-43C6-BE11-48BDFF283751}.Release|x86.ActiveCfg = Release|x86
		{4A523280-2DEA-43C6-BE11-48BDFF283751}.Release|x86.Build.0 = Release|x86
		{18E423A1-619C-4ED7-96BE-1BD71EACFCAE}.Debug|x64.ActiveCfg = Debug|x64
		{18E423A1-619C-4ED7-96BE-1BD71EACFCAE}.Debug|x64.Build.0 = Debug|x64
		{18E423A1-619C-4ED7-96BE-1BD71EACFCAE}.Debug|x86.ActiveCfg = Debug|x86
		{18E423A1-619C-4ED7-96BE-1BD71EACFCAE}.Debug|x86.Build.0 = Debug|x86
		{18E423A1-619C-4ED7-96BE-1BD71EACFCAE}.Release|x64.ActiveCfg = Release|x64
		{18E423A1-619C-4ED7-96BE-1BD71EACFCAE}.Release|x64.Build.0 = Release|x64
		{18E423A1-619C-4ED7-96BE-1BD71EACFCAE}.Release|x86.ActiveCfg = Release|x86
		{18E423A1-619C-4ED7-96BE-1BD71EACFCAE}.Release|x86.Build.0 = Release|x86
		{1423A6AE-E85A-4E76-91CA-704A1C59F7DC}.Debug|x64.ActiveCfg = Debug|x64
		{1423A6AE-E85A-4E76-91CA-704A1C59F7DC}.Debug|x64.Build.0 = Debug|x64
		{1423A6AE-E85A-4E76-91CA-704A1C59F7DC}.Debug|x86.ActiveCfg = Debug|x86
		{1423A6AE-E85A-4E76-91CA-704A1C59F7DC}.Debug|x86.Build.0 = Debug|x86
		{1423A6AE-E85A-4E76-91CA-704A1C59F7DC}.Release|x64.ActiveCfg = Release|x64
		{1423A6AE-E85A-4E76-91CA-704A1C59F7DC}.Release|x64.Build.0 = Release|x64
		{1423A6AE-E85A-4E76-91CA-704A1C59F7DC}.Release|x86.ActiveCfg = Release|x86
		{1423A6AE-E85A-4E76-91CA-704A1C59F7DC}.Release|x86.Build.0 = Release|x86
		{0EB24CA5-824B-4507-9C6E-BBBF5DB8BE57}.Debug|x64.ActiveCfg = Debug|x64
		{0EB24CA5-824B-4507-9C6E-BBBF5DB8BE57}.Debug|x64.Build.0 = Debug|x64
		{0EB24CA5-824B-4507-9C6E-BBBF5DB8BE57}.Debug|x86.ActiveCfg = Debug|x86
		{0EB24CA5-824B-4507-9C6E-BBBF5DB8BE57}.Debug|x86.Build.0 = Debug|x86
		{0EB24CA5-824B-4507-9C6E-BBBF5DB8BE57}.Release|x64.ActiveCfg = Release|x64
		{0EB24CA5-824B-4507-9C6E-BBBF5DB8BE57}.Release|x64.Build.0 = Release|x64
		{0EB24CA5-824B-4507-9C6E-BBBF5DB8BE57}.Release|x86.ActiveCfg = Release|x86
		{0EB24CA5-824B-4507-9C6E-BBBF5DB8BE57}.Release|x86.Build.0 = Release|x86
		{4D6E49E2-58C4-49C8-8664-C8A89D418927}.Debug|x64.ActiveCfg = Debug|x64
		{4D6E49E2-58C4-49C8-8664-C8A89D418927}.Debug|x64.Build.0 = Debug|x64
		{4D6E49E2-58C4-49C8-8664-C8A89D418927}.Debug|x86.ActiveCfg = Debug|x86
		{4D6E49E2-58C4-49C8-8664-C8A89D418927}.Debug|x86.Build.0 = Debug|x86
		{4D6E49E2-58C4-49C8-8664-C8A89D418927}.Release|x64.ActiveCfg = Release|x64
		{4D6E49E2-58C4-49C8-8664-C8A89D418927}.Release|x64.Build.0 = Release|x64
		{4D6E49E2-58C4-49C8-8664-C8A89D418927}.Release|x86.ActiveCfg = Release|x86
		{4D6E49E2-58C4-49C8-8664-C8A89D418927}.Release|x86.Build.0 = Release|x86
		{304A9ACA-337E-40BC-AC18-BC3B303CBF6C}.Debug|x64.ActiveCfg = Debug|x64
		{304A9ACA-337E-40BC-AC18-BC3B303CBF6C}.Debug|x64.Build.0 = Debug|x64
		{304A9ACA-337E-40BC-AC18-BC3B303CBF6C}.Debug|x86.ActiveCfg = Debug|x86
		{304A9ACA-337E-40BC-AC18-BC3B303CBF6C}.Debug|x86.Build.0 = Debug|x86
		{304A9ACA-337E-40BC-AC18-BC3B303CBF6C}.Release|x64.ActiveCfg = Release|x64
		{304A9ACA-337E-40BC-AC18-BC3B303CBF6C}.Release|x64.Build.0 = Release|x64
		{304A9ACA-337E-40BC-AC18-BC3B303CBF6C}.Release|x86.ActiveCfg = Release|x86
		{304A9ACA-337E-40BC-AC18-BC3B303CBF6C}.Release|x86.Build.0 = Release|x86
		{658AE6DC-A4FA-4042-A26F-E5B6CC7EF56B}.Debug|x64.ActiveCfg = Debug|x64
		{658AE6DC-A4FA-4042-A26F-E5B6CC7EF56B}.Debug|x64.Build.0 = Debug|x64
		{658AE6DC-A4FA-4042-A26F-E5B6CC7EF56B}.Debug|x86.ActiveCfg = Debug|x86
		{658AE6DC-A4FA-4042-A26F-E5B6CC7EF56B}.Debug|x86.Build.0 = Debug|x86
		{658AE6DC-A4FA-4042-A26F-E5B6CC7EF56B}.Release|x64.ActiveCfg = Release|x64
		{658AE6DC-A4FA-4042-A26F-E5B6CC7EF56B}.Release|x64.Build.0 = Release|x64
		{658AE6DC-A4FA-4042-A26F-E5B6CC7EF56B}.Release|x86.ActiveCfg = Release|x86
		{658AE6DC-A4FA-4042-A26F-E5B6CC7EF56B}.Release|x86.Build.0 = Release|x86
		{D0E58F68-8706-4308-924B-BE56A03B3C99}.Debug|x64.ActiveCfg = Debug|x64
		{D0E58F68-8706-4308-924B-BE56A03B3C99}.Debug|x64.Build.0 = Debug|x64
		{D0E58F68-8706-4308-924B-BE56A03B3C99}.Debug|x86.ActiveCfg = Debug|x86
		{D0E58F68-8706-4308-924B-BE56A03B3C99}.Debug|x86.Build.0 = Debug|x86
		{D0E58F68-8706-4308-924B-BE56A03B3C99}.Release|x64.ActiveCfg = Release|x64
		{D0E58F68-8706-4308-924B-BE56A03B3C99}.Release|x64.Build.0 = Release|x64
		{D0E58F68-8706-4308-924B-BE56A03B3C99}.Release|x86.ActiveCfg = Release|x86
		{D0E58F68-8706-4308-924B-BE56A03B3C99}.Release|x86.Build.0 = Release|x86
		{DF48872B-3E78-409C-B43C-1EFD46B0BBC4}.Debug|x64.ActiveCfg = Debug|x64
		{DF48872B-3E78-409C-B43C-1EFD46B0BBC4}.Debug|x64.Build.0 = Debug|x64
		{DF48872B-3E78-409C-B43C-1EFD46B0BBC4}.Debug|x86.ActiveCfg = Debug|x86
		{DF48872B-3E78-409C-B43C-1EFD46B0BBC4}.Debug|x86.Build.0 = Debug|x86
		{DF48872B-3E78-409C-B43C-1EFD46B0BBC4}.Release|x64.ActiveCfg = Release|x64
		{DF48872B-3E78-409C-B43C-1EFD46B0BBC4}.Release|x64.Build.0 = Release|x64
		{DF48872B-3E78-409C-B43C-1EFD46B0BBC4}.Release|x86.ActiveCfg = Release|x86
		{DF48872B-3E78-409C-B43C-1EFD46B0BBC4}.Release|x86.Build.0 = Release|x86
		{A8B53A6B-40A6-40BA-A671-03FC911BC37B}.Debug|x64.ActiveCfg = Debug|x64
		{A8B53A6B-40A6-40BA-A671-03FC911BC37B}.Debug|x64.Build.0 = Debug|x64
		{A8B53A6B-40A6-40BA-A671-03FC911BC37B}.Debug|x86.ActiveCfg = Debug|x86
		{A8B53A6B-40A6-40BA-A671-03FC911BC37B}.Debug|x86.Build.0 = Debug|x86
		{A8B53A6B-40A6-40BA-A671-03FC911BC37B}.Release|x64.ActiveCfg = Release|x64
		{A8B53A6B-40A6-40BA-A671-03FC911BC37B}.Release|x64.Build.0 = Release|x64
		{A8B53A6B-40A6-40BA-A671-03FC911BC37B}.Release|x86.ActiveCfg = Release|x86
		{A8B53A6B-40A6-40BA-A671-03FC911BC37B}.Release|x86.Build.0 = Release|x86
		{10D619AF-E1CD-4F4A-9C19-5E434300B48F}.Debug|x64.ActiveCfg = Debug|x64
		{10D619AF-E1CD-4F4A-9C19-5E434300B48F}.Debug|x64.Build.0 = Debug|x64
		{10D619AF-E1CD-4F4A-9C19-5E434300B48F}.Debug|x86.ActiveCfg = Debug|x86
		{10D619AF-E1CD-4F4A-9C19-5E434300B48F}.Debug|x86.Build.0 = Debug|x86
		{10D619AF-E1CD-4F4A-9C19-5E434300B48F}.Release|x64.ActiveCfg = Release|x64
		{10D619AF-E1CD-4F4A-9C19-5E434300B48F}.Release|x64.Build.0 = Release|x64
		{10D619AF-E1CD-4F4A-9C19-5E434300B48F}.Release|x86.ActiveCfg = Release|x86
		{10D619AF-E1CD-4F4A-9C19-5E434300B48F}.Release|x86.Build.0 = Release|x86
		{EF9864C5-4DEC-46E8-BC11-A2E5BB9BB9D4}.Debug|x64.ActiveCfg = Debug|x64
		{EF9864C5-4DEC-46E8-BC11-A2E5BB9BB9D4}.Debug|x64.Build.0 = Debug|x64
		{EF9864C5-4DEC-46E8-BC11-A2E5BB9BB9D4}.Debug|x86.ActiveCfg = Debug|x86
		{EF9864C5-4DEC-46E8-BC11-A2E5BB9BB9D4}.Debug|x86.Build.0 = Debug|x86
		{EF9864C5-4DEC-46E8-BC11-A2E5BB9BB9D4}.Release|x64.ActiveCfg = Release|x64
		{EF9864C5-4DEC-46E8-BC11-A2E5BB9BB9D4}.Release|x64.Build.0 = Release|x64
		{EF9864C5-4DEC-46E8-BC11-A2E5BB9BB9D4}.Release|x86.ActiveCfg = Release|x86
		{EF9864C5-4DEC-46E8-BC11-A2E5BB9BB9D4}.Release|x86.Build.0 = Release|x86
		{A7004127-46AD-4CA5-AEBC-5D70E64AD68A}.Debug|x64.ActiveCfg = Debug|x64
		{A7004127-46AD-4CA5-AEBC-5D70E64AD68A}.Debug|x64.Build.0 = Debug|x64
		{A7004127-46AD-4CA5-AEBC-5D70E64AD68A}.Debug|x86.ActiveCfg = Debug|x86
		{A7004127-46AD-4CA5-AEBC-5D70E64AD68A}.Debug|x86.Build.0 = Debug|x86
		{A7004127-46AD-4CA5-AEBC-5D70E64AD68A}.Release|x64.ActiveCfg = Release|x64
		{A7004127-46AD-4CA5-AEBC-5D70E64AD68A}.Release|x64.Build.0 = Release|x64
		{A7004127-46AD-4CA5-AEBC-5D70E64AD68A}.Release|x86.ActiveCfg = Release|x86
		{A7004127-46AD-4CA5-AEBC-5D70E64AD68A}.Release|x86.Build.0 = Release|x86
		{D0C39D9D-BED0-418B-9A5E-713176CAF40C}.Debug|x64.ActiveCfg = Debug|x64
		{D0C39D9D-BED0-418B-9A5E-713176CAF40C}.Debug|x64.Build.0 = Debug|x64
		{D0C39D9D-BED0-418B-9A5E-713176CAF40C}.Debug|x86.ActiveCfg = Debug|x86
		{D0C39D9D-BED0-418B-9A5E-713176CAF40C}.Debug|x86.Build.0 = Debug|x86
		{D0C39D9D-BED0-418B-9A5E-713176CAF40C}.Release|x64.ActiveCfg = Release|x64
		{D0C39D9D-BED0-418B-9A5E-713176CAF40C}.Release|x64.Build.0 = Release|x64
		{D0C39D9D-BED0-418B-9A5E-713176CAF40C}.Release|x86.ActiveCfg = Release|x86
		{D0C39D9D-BED0-418B-9A5E-713176CAF40C}.Release|x86.Build.0 = Release|x86
		{E06DEF77-F933-42FB-AFD7-DB2D0D8D6A98}.Debug|x64.ActiveCfg = Debug|x64
		{E06DEF77-F933-42FB-AFD7-DB2D0D8D6A98}.Debug|x64.Build.0 = Debug|x64
		{E06DEF77-F933-42FB-AFD7-DB2D0D8D6A98}.Debug|x86.ActiveCfg = Debug|x86
		{E06DEF77-F933-42FB-AFD7-DB2D0D8D6A98}.Debug|x86.Build.0 = Debug|x86
		{E06DEF77-F933-42FB-AFD7-DB2D0D8D6A98}.Release|x64.ActiveCfg = Release|x64
		{E06DEF77-F933-42FB-AFD7-DB2D0D8D6A98}.Release|x64.Build.0 = Release|x64
		{E06DEF77-F933-42FB-AFD7-DB2D0D8D6A98}.Release|x86.ActiveCfg = Release|x86
		{E06DEF77-F933-42FB-AFD7-DB2D0D8D6A98}.Release|x86.Build.0 = Release|x86
		{FEE68CF6-1D60-4E90-AEF3-6AFA4A8C977D}.Debug|x64.ActiveCfg = Debug|x64
		{FEE68CF6-1D60-4E90-AEF3-6AFA4A8C977D}.Debug|x64.Build.0 = Debug|x64
		{FEE68CF6-1D60-4E90-AEF3-6AFA4A8C977D}.Debug|x86.ActiveCfg = Debug|x86
		{FEE68CF6-1D60-4E90-AEF3-6AFA4A8C977D}.Debug|x86.Build.0 = Debug|x86
		{FEE68CF6-1D60-4E90-AEF3-6AFA4A8C977D}.Release|x64.ActiveCfg = Release|x64
		{FEE68CF6-1D60-4E90-AEF3-6AFA4A8C977D}.Release|x64.Build.0 = Release|x64
		{FEE68CF6-1D60-4E90-AEF3-6AFA4A8C977D}.Release|x86.ActiveCfg = Release|x86
		{FEE68CF6-1D60-4E90-AEF3-6AFA4A8C977D}.Release|x86.Build.0 = Release|x86
		{1D2C209A-6E19-4FCF-BA08-11B8096FCA99}.Debug|x64.ActiveCfg = Debug|x64
		{1D2C209A-6E19-4FCF-BA08-11B8096FCA99}.Debug|x64.Build.0 = Debug|x64
		{1D2C209A-6E19-4FCF-BA08-11B8096FCA99}.Debug|x86.ActiveCfg = Debug|x86
		{1D2C209A-6E19-4FCF-BA08-11B8096FCA99}.Debug|x86.Build.0 = Debug|x86
		{1D2C209A-6E19-4FCF-BA08-11B8096FCA99}.Release|x64.ActiveCfg = Release|x64
		{1D2C209A-6E19-4FCF-BA08-11B8096FCA99}.Release|x64.Build.0 = Release|x64
		{1D2C209A-6E19-4FCF-BA08-11B8096FCA99}.Release|x86.ActiveCfg = Release|x86
		{1D2C209A-6E19-4FCF-BA08-11B8096FCA99}.Release|x86.Build.0 = Release|x86
		{78659756-B505-403B-9173-0965DF601030}.Debug|x64.ActiveCfg = Debug|x64
		{78659756-B505-403B-9173-0965DF601030}.Debug|x64.Build.0 = Debug|x64
		{78659756-B505-403B-9173-0965DF601030}.Debug|x86.ActiveCfg = Debug|x86
		{78659756-B505-403B-9173-0965DF601030}.Debug|x86.Build.0 = Debug|x86
		{78659756-B505-403B-9173-0965DF601030}.Release|x64.ActiveCfg = Release|x64
		{78659756-B505-403B-9173-0965DF601030}.Release|x64.Build.0 = Release|x64
		{78659756-B505-403B-9173-0965DF601030}.Release|x86.ActiveCfg = Release|x86
		{78659756-B505-403B-9173-0965DF601030}.Release|x86.Build.0 = Release|x86
		{B9225DE4-BE79-43F8-B84B-BECF360E329A}.Debug|x64.ActiveCfg = Debug|x64
		{B9225DE4-BE79-43F8-B84B-BECF360E329A}.Debug|x64.Build.0 = Debug|x64
		{B9225DE4-BE79-43F8-B84B-BECF360E329A}.Debug|x86.ActiveCfg = Debug|x86
		{B9225DE4-BE79-43F8-B84B-BECF360E329A}.Debug|x86.Build.0 = Debug|x86
		{B9225DE4-BE79-43F8-B84B-BECF360E329A}.Release|x64.ActiveCfg = Release|x64
		{B9225DE4-BE79-43F8-B84B-BECF360E329A}.Release|x64.Build.0 = Release|x64
		{B9225DE4-BE79-43F8-B84B-BECF360E329A}.Release|x86.ActiveCfg = Release|x86
		{B9225DE4-BE79-43F8-B84B-BECF360E329A}.Release|x86.Build.0 = Release|x86
		{90BDD163-CEA0-4FCE-BA73-7591B71263CB}.Debug|x64.ActiveCfg = Debug|x64
		{90BDD163-CEA0-4FCE-BA73-7591B71263CB}.Debug|x64.Build.0 = Debug|x64
		{90BDD163-CEA0-4FCE-BA73-7591B71263CB}.Debug|x86.ActiveCfg = Debug|x86
		{90BDD163-CEA0-4FCE-BA73-7591B71263CB}.Debug|x86.Build.0 = Debug|x86
		{90BDD163-CEA0-4FCE-BA73-7591B71263CB}.Release|x64.ActiveCfg = Release|x64
		{90BDD163-CEA0-4FCE-BA73-7591B71263CB}.Release|x64.Build.0 = Release|x64
		{90BDD163-CEA0-4FCE-BA73-7591B71263CB}.Release|x86.ActiveCfg = Release|x86
		{90BDD163-CEA0-4FCE-BA73-7591B71263CB}.Release|x86.Build.0 = Release|x86
	EndGlobalSection
	GlobalSection(SolutionProperties) = preSolution
		HideSolutionNode = FALSE
	EndGlobalSection
	GlobalSection(NestedProjects) = preSolution
		{ECED32B7-1081-48D3-A223-1CB67A2D7016} = {F5B0E1E6-6FA7-4EEA-905A-B32125985C14}
		{BB2FCE6E-DF1F-40CC-9D7E-01CC9BE97EFA} = {F5B0E1E6-6FA7-4EEA-905A-B32125985C14}
		{859C2F5B-FBF1-4D3B-8442-CF8E44E8B74B} = {F5B0E1E6-6FA7-4EEA-905A-B32125985C14}
		{182AFE98-D3A5-471A-B9D9-C1C53DD72829} = {F5B0E1E6-6FA7-4EEA-905A-B32125985C14}
		{66B64B00-C457-404E-AA2B-90F18127E394} = {F5B0E1E6-6FA7-4EEA-905A-B32125985C14}
		{782E9338-ECA7-4095-9157-6CA003801F05} = {F5B0E1E6-6FA7-4EEA-905A-B32125985C14}
		{091DFD9D-5599-4EEA-A616-A55FC12E9613} = {F5B0E1E6-6FA7-4EEA-905A-B32125985C14}
		{4A523280-2DEA-43C6-BE11-48BDFF283751} = {F5B0E1E6-6FA7-4EEA-905A-B32125985C14}
		{18E423A1-619C-4ED7-96BE-1BD71EACFCAE} = {F5B0E1E6-6FA7-4EEA-905A-B32125985C14}
		{1423A6AE-E85A-4E76-91CA-704A1C59F7DC} = {F5B0E1E6-6FA7-4EEA-905A-B32125985C14}
		{0EB24CA5-824B-4507-9C6E-BBBF5DB8BE57} = {F5B0E1E6-6FA7-4EEA-905A-B32125985C14}
		{4D6E49E2-58C4-49C8-8664-C8A89D418927} = {F5B0E1E6-6FA7-4EEA-905A-B32125985C14}
		{304A9ACA-337E-40BC-AC18-BC3B303CBF6C} = {F5B0E1E6-6FA7-4EEA-905A-B32125985C14}
		{658AE6DC-A4FA-4042-A26F-E5B6CC7EF56B} = {F5B0E1E6-6FA7-4EEA-905A-B32125985C14}
		{D0E58F68-8706-4308-924B-BE56A03B3C99} = {F5B0E1E6-6FA7-4EEA-905A-B32125985C14}
		{DF48872B-3E78-409C-B43C-1EFD46B0BBC4} = {F5B0E1E6-6FA7-4EEA-905A-B32125985C14}
		{D0C39D9D-BED0-418B-9A5E-713176CAF40C} = {BBA8D997-B7FB-45FE-86A2-08C01C0AAB4C}
		{E06DEF77-F933-42FB-AFD7-DB2D0D8D6A98} = {BBA8D997-B7FB-45FE-86A2-08C01C0AAB4C}
		{FEE68CF6-1D60-4E90-AEF3-6AFA4A8C977D} = {BBA8D997-B7FB-45FE-86A2-08C01C0AAB4C}
		{1D2C209A-6E19-4FCF-BA08-11B8096FCA99} = {BBA8D997-B7FB-45FE-86A2-08C01C0AAB4C}
		{78659756-B505-403B-9173-0965DF601030} = {BBA8D997-B7FB-45FE-86A2-08C01C0AAB4C}
		{B9225DE4-BE79-43F8-B84B-BECF360E329A} = {BBA8D997-B7FB-45FE-86A2-08C01C0AAB4C}
	EndGlobalSection
	GlobalSection(ExtensibilityGlobals) = postSolution
		SolutionGuid = {1F308521-252A-4B60-8C81-1A2F327B3E47}
	EndGlobalSection
EndGlobal
