
Microsoft Visual Studio Solution File, Format Version 12.00
# Visual Studio Version 16
VisualStudioVersion = 16.0.33920.266
MinimumVisualStudioVersion = 10.0.40219.1
Project("{FAE04EC0-301F-11D3-BF4B-00C04F79EFBC}") = "GEDKeeperX.UWP", "GEDKeeperX.UWP\GEDKeeperX.UWP.csproj", "{14A1B4FC-FE4F-46D3-8D92-2858CA1D5139}"
EndProject
Project("{9A19103F-16F7-4668-BE54-9A1E7A4F7556}") = "GEDKeeperX", "GEDKeeperX\GEDKeeperX.csproj", "{9528C5A8-EF89-4F3A-B8BF-D9CD316B89D9}"
EndProject
Project("{9A19103F-16F7-4668-BE54-9A1E7A4F7556}") = "GKCore.nstd", "..\GKCore\GKCore.nstd.csproj", "{80BB677B-48EF-46CF-9476-C9C81E6D58AE}"
EndProject
Project("{FAE04EC0-301F-11D3-BF4B-00C04F79EFBC}") = "GEDKeeperX.Android", "GEDKeeperX.Android\GEDKeeperX.Android.csproj", "{24CE3C36-16B9-426D-AA0C-5961ECF8D88C}"
EndProject
Project("{FAE04EC0-301F-11D3-BF4B-00C04F79EFBC}") = "GEDKeeperX.iOS", "GEDKeeperX.iOS\GEDKeeperX.iOS.csproj", "{775D3A08-83E0-4D23-99AA-77D0EF0D5E74}"
EndProject
Global
	GlobalSection(SolutionConfigurationPlatforms) = preSolution
		Debug|Any CPU = Debug|Any CPU
		Debug|ARM = Debug|ARM
		Debug|iPhone = Debug|iPhone
		Debug|iPhoneSimulator = Debug|iPhoneSimulator
		Debug|x64 = Debug|x64
		Debug|x86 = Debug|x86
		Release|Any CPU = Release|Any CPU
		Release|ARM = Release|ARM
		Release|iPhone = Release|iPhone
		Release|iPhoneSimulator = Release|iPhoneSimulator
		Release|x64 = Release|x64
		Release|x86 = Release|x86
	EndGlobalSection
	GlobalSection(ProjectConfigurationPlatforms) = postSolution
		{24CE3C36-16B9-426D-AA0C-5961ECF8D88C}.Debug|Any CPU.ActiveCfg = Debug|Any CPU
		{24CE3C36-16B9-426D-AA0C-5961ECF8D88C}.Debug|Any CPU.Build.0 = Debug|Any CPU
		{24CE3C36-16B9-426D-AA0C-5961ECF8D88C}.Debug|Any CPU.Deploy.0 = Debug|Any CPU
		{24CE3C36-16B9-426D-AA0C-5961ECF8D88C}.Debug|ARM.ActiveCfg = Debug|Any CPU
		{24CE3C36-16B9-426D-AA0C-5961ECF8D88C}.Debug|ARM.Build.0 = Debug|Any CPU
		{24CE3C36-16B9-426D-AA0C-5961ECF8D88C}.Debug|ARM.Deploy.0 = Debug|Any CPU
		{24CE3C36-16B9-426D-AA0C-5961ECF8D88C}.Debug|iPhone.ActiveCfg = Debug|Any CPU
		{24CE3C36-16B9-426D-AA0C-5961ECF8D88C}.Debug|iPhone.Build.0 = Debug|Any CPU
		{24CE3C36-16B9-426D-AA0C-5961ECF8D88C}.Debug|iPhone.Deploy.0 = Debug|Any CPU
		{24CE3C36-16B9-426D-AA0C-5961ECF8D88C}.Debug|iPhoneSimulator.ActiveCfg = Debug|Any CPU
		{24CE3C36-16B9-426D-AA0C-5961ECF8D88C}.Debug|iPhoneSimulator.Build.0 = Debug|Any CPU
		{24CE3C36-16B9-426D-AA0C-5961ECF8D88C}.Debug|iPhoneSimulator.Deploy.0 = Debug|Any CPU
		{24CE3C36-16B9-426D-AA0C-5961ECF8D88C}.Debug|x64.ActiveCfg = Debug|Any CPU
		{24CE3C36-16B9-426D-AA0C-5961ECF8D88C}.Debug|x64.Build.0 = Debug|Any CPU
		{24CE3C36-16B9-426D-AA0C-5961ECF8D88C}.Debug|x64.Deploy.0 = Debug|Any CPU
		{24CE3C36-16B9-426D-AA0C-5961ECF8D88C}.Debug|x86.ActiveCfg = Debug|Any CPU
		{24CE3C36-16B9-426D-AA0C-5961ECF8D88C}.Debug|x86.Build.0 = Debug|Any CPU
		{24CE3C36-16B9-426D-AA0C-5961ECF8D88C}.Debug|x86.Deploy.0 = Debug|Any CPU
		{24CE3C36-16B9-426D-AA0C-5961ECF8D88C}.Release|Any CPU.ActiveCfg = Release|Any CPU
		{24CE3C36-16B9-426D-AA0C-5961ECF8D88C}.Release|Any CPU.Build.0 = Release|Any CPU
		{24CE3C36-16B9-426D-AA0C-5961ECF8D88C}.Release|Any CPU.Deploy.0 = Release|Any CPU
		{24CE3C36-16B9-426D-AA0C-5961ECF8D88C}.Release|ARM.ActiveCfg = Release|Any CPU
		{24CE3C36-16B9-426D-AA0C-5961ECF8D88C}.Release|ARM.Build.0 = Release|Any CPU
		{24CE3C36-16B9-426D-AA0C-5961ECF8D88C}.Release|ARM.Deploy.0 = Release|Any CPU
		{24CE3C36-16B9-426D-AA0C-5961ECF8D88C}.Release|iPhone.ActiveCfg = Release|Any CPU
		{24CE3C36-16B9-426D-AA0C-5961ECF8D88C}.Release|iPhone.Build.0 = Release|Any CPU
		{24CE3C36-16B9-426D-AA0C-5961ECF8D88C}.Release|iPhone.Deploy.0 = Release|Any CPU
		{24CE3C36-16B9-426D-AA0C-5961ECF8D88C}.Release|iPhoneSimulator.ActiveCfg = Release|Any CPU
		{24CE3C36-16B9-426D-AA0C-5961ECF8D88C}.Release|iPhoneSimulator.Build.0 = Release|Any CPU
		{24CE3C36-16B9-426D-AA0C-5961ECF8D88C}.Release|iPhoneSimulator.Deploy.0 = Release|Any CPU
		{24CE3C36-16B9-426D-AA0C-5961ECF8D88C}.Release|x64.ActiveCfg = Release|Any CPU
		{24CE3C36-16B9-426D-AA0C-5961ECF8D88C}.Release|x64.Build.0 = Release|Any CPU
		{24CE3C36-16B9-426D-AA0C-5961ECF8D88C}.Release|x64.Deploy.0 = Release|Any CPU
		{24CE3C36-16B9-426D-AA0C-5961ECF8D88C}.Release|x86.ActiveCfg = Release|Any CPU
		{24CE3C36-16B9-426D-AA0C-5961ECF8D88C}.Release|x86.Build.0 = Release|Any CPU
		{24CE3C36-16B9-426D-AA0C-5961ECF8D88C}.Release|x86.Deploy.0 = Release|Any CPU
		{775D3A08-83E0-4D23-99AA-77D0EF0D5E74}.Debug|Any CPU.ActiveCfg = Debug|iPhoneSimulator
		{775D3A08-83E0-4D23-99AA-77D0EF0D5E74}.Debug|Any CPU.Build.0 = Debug|iPhoneSimulator
		{775D3A08-83E0-4D23-99AA-77D0EF0D5E74}.Debug|Any CPU.Deploy.0 = Debug|iPhoneSimulator
		{775D3A08-83E0-4D23-99AA-77D0EF0D5E74}.Debug|ARM.ActiveCfg = Debug|iPhone
		{775D3A08-83E0-4D23-99AA-77D0EF0D5E74}.Debug|ARM.Build.0 = Debug|iPhone
		{775D3A08-83E0-4D23-99AA-77D0EF0D5E74}.Debug|ARM.Deploy.0 = Debug|iPhone
		{775D3A08-83E0-4D23-99AA-77D0EF0D5E74}.Debug|iPhone.ActiveCfg = Debug|iPhone
		{775D3A08-83E0-4D23-99AA-77D0EF0D5E74}.Debug|iPhone.Build.0 = Debug|iPhone
		{775D3A08-83E0-4D23-99AA-77D0EF0D5E74}.Debug|iPhone.Deploy.0 = Debug|iPhone
		{775D3A08-83E0-4D23-99AA-77D0EF0D5E74}.Debug|iPhoneSimulator.ActiveCfg = Debug|iPhoneSimulator
		{775D3A08-83E0-4D23-99AA-77D0EF0D5E74}.Debug|iPhoneSimulator.Build.0 = Debug|iPhoneSimulator
		{775D3A08-83E0-4D23-99AA-77D0EF0D5E74}.Debug|iPhoneSimulator.Deploy.0 = Debug|iPhoneSimulator
		{775D3A08-83E0-4D23-99AA-77D0EF0D5E74}.Debug|x64.ActiveCfg = Debug|iPhone
		{775D3A08-83E0-4D23-99AA-77D0EF0D5E74}.Debug|x64.Build.0 = Debug|iPhone
		{775D3A08-83E0-4D23-99AA-77D0EF0D5E74}.Debug|x64.Deploy.0 = Debug|iPhone
		{775D3A08-83E0-4D23-99AA-77D0EF0D5E74}.Debug|x86.ActiveCfg = Debug|iPhone
		{775D3A08-83E0-4D23-99AA-77D0EF0D5E74}.Debug|x86.Build.0 = Debug|iPhone
		{775D3A08-83E0-4D23-99AA-77D0EF0D5E74}.Debug|x86.Deploy.0 = Debug|iPhone
		{775D3A08-83E0-4D23-99AA-77D0EF0D5E74}.Release|Any CPU.ActiveCfg = Release|iPhone
		{775D3A08-83E0-4D23-99AA-77D0EF0D5E74}.Release|Any CPU.Build.0 = Release|iPhone
		{775D3A08-83E0-4D23-99AA-77D0EF0D5E74}.Release|Any CPU.Deploy.0 = Release|iPhone
		{775D3A08-83E0-4D23-99AA-77D0EF0D5E74}.Release|ARM.ActiveCfg = Release|iPhone
		{775D3A08-83E0-4D23-99AA-77D0EF0D5E74}.Release|ARM.Build.0 = Release|iPhone
		{775D3A08-83E0-4D23-99AA-77D0EF0D5E74}.Release|ARM.Deploy.0 = Release|iPhone
		{775D3A08-83E0-4D23-99AA-77D0EF0D5E74}.Release|iPhone.ActiveCfg = Release|iPhone
		{775D3A08-83E0-4D23-99AA-77D0EF0D5E74}.Release|iPhone.Build.0 = Release|iPhone
		{775D3A08-83E0-4D23-99AA-77D0EF0D5E74}.Release|iPhone.Deploy.0 = Release|iPhone
		{775D3A08-83E0-4D23-99AA-77D0EF0D5E74}.Release|iPhoneSimulator.ActiveCfg = Release|iPhoneSimulator
		{775D3A08-83E0-4D23-99AA-77D0EF0D5E74}.Release|iPhoneSimulator.Build.0 = Release|iPhoneSimulator
		{775D3A08-83E0-4D23-99AA-77D0EF0D5E74}.Release|iPhoneSimulator.Deploy.0 = Release|iPhoneSimulator
		{775D3A08-83E0-4D23-99AA-77D0EF0D5E74}.Release|x64.ActiveCfg = Release|iPhone
		{775D3A08-83E0-4D23-99AA-77D0EF0D5E74}.Release|x64.Build.0 = Release|iPhone
		{775D3A08-83E0-4D23-99AA-77D0EF0D5E74}.Release|x64.Deploy.0 = Release|iPhone
		{775D3A08-83E0-4D23-99AA-77D0EF0D5E74}.Release|x86.ActiveCfg = Release|iPhone
		{775D3A08-83E0-4D23-99AA-77D0EF0D5E74}.Release|x86.Build.0 = Release|iPhone
		{775D3A08-83E0-4D23-99AA-77D0EF0D5E74}.Release|x86.Deploy.0 = Release|iPhone
		{14A1B4FC-FE4F-46D3-8D92-2858CA1D5139}.Debug|Any CPU.ActiveCfg = Debug|x86
		{14A1B4FC-FE4F-46D3-8D92-2858CA1D5139}.Debug|Any CPU.Build.0 = Debug|x86
		{14A1B4FC-FE4F-46D3-8D92-2858CA1D5139}.Debug|Any CPU.Deploy.0 = Debug|x86
		{14A1B4FC-FE4F-46D3-8D92-2858CA1D5139}.Debug|ARM.ActiveCfg = Debug|ARM
		{14A1B4FC-FE4F-46D3-8D92-2858CA1D5139}.Debug|ARM.Build.0 = Debug|ARM
		{14A1B4FC-FE4F-46D3-8D92-2858CA1D5139}.Debug|ARM.Deploy.0 = Debug|ARM
		{14A1B4FC-FE4F-46D3-8D92-2858CA1D5139}.Debug|iPhone.ActiveCfg = Debug|x86
		{14A1B4FC-FE4F-46D3-8D92-2858CA1D5139}.Debug|iPhone.Build.0 = Debug|x86
		{14A1B4FC-FE4F-46D3-8D92-2858CA1D5139}.Debug|iPhone.Deploy.0 = Debug|x86
		{14A1B4FC-FE4F-46D3-8D92-2858CA1D5139}.Debug|iPhoneSimulator.ActiveCfg = Debug|x86
		{14A1B4FC-FE4F-46D3-8D92-2858CA1D5139}.Debug|iPhoneSimulator.Build.0 = Debug|x86
		{14A1B4FC-FE4F-46D3-8D92-2858CA1D5139}.Debug|iPhoneSimulator.Deploy.0 = Debug|x86
		{14A1B4FC-FE4F-46D3-8D92-2858CA1D5139}.Debug|x64.ActiveCfg = Debug|x64
		{14A1B4FC-FE4F-46D3-8D92-2858CA1D5139}.Debug|x64.Build.0 = Debug|x64
		{14A1B4FC-FE4F-46D3-8D92-2858CA1D5139}.Debug|x64.Deploy.0 = Debug|x64
		{14A1B4FC-FE4F-46D3-8D92-2858CA1D5139}.Debug|x86.ActiveCfg = Debug|x86
		{14A1B4FC-FE4F-46D3-8D92-2858CA1D5139}.Debug|x86.Build.0 = Debug|x86
		{14A1B4FC-FE4F-46D3-8D92-2858CA1D5139}.Debug|x86.Deploy.0 = Debug|x86
		{14A1B4FC-FE4F-46D3-8D92-2858CA1D5139}.Release|Any CPU.ActiveCfg = Release|x86
		{14A1B4FC-FE4F-46D3-8D92-2858CA1D5139}.Release|Any CPU.Build.0 = Release|x86
		{14A1B4FC-FE4F-46D3-8D92-2858CA1D5139}.Release|Any CPU.Deploy.0 = Release|x86
		{14A1B4FC-FE4F-46D3-8D92-2858CA1D5139}.Release|ARM.ActiveCfg = Release|ARM
		{14A1B4FC-FE4F-46D3-8D92-2858CA1D5139}.Release|ARM.Build.0 = Release|ARM
		{14A1B4FC-FE4F-46D3-8D92-2858CA1D5139}.Release|ARM.Deploy.0 = Release|ARM
		{14A1B4FC-FE4F-46D3-8D92-2858CA1D5139}.Release|iPhone.ActiveCfg = Release|x86
		{14A1B4FC-FE4F-46D3-8D92-2858CA1D5139}.Release|iPhone.Build.0 = Release|x86
		{14A1B4FC-FE4F-46D3-8D92-2858CA1D5139}.Release|iPhone.Deploy.0 = Release|x86
		{14A1B4FC-FE4F-46D3-8D92-2858CA1D5139}.Release|iPhoneSimulator.ActiveCfg = Release|x86
		{14A1B4FC-FE4F-46D3-8D92-2858CA1D5139}.Release|iPhoneSimulator.Build.0 = Release|x86
		{14A1B4FC-FE4F-46D3-8D92-2858CA1D5139}.Release|iPhoneSimulator.Deploy.0 = Release|x86
		{14A1B4FC-FE4F-46D3-8D92-2858CA1D5139}.Release|x64.ActiveCfg = Release|x64
		{14A1B4FC-FE4F-46D3-8D92-2858CA1D5139}.Release|x64.Build.0 = Release|x64
		{14A1B4FC-FE4F-46D3-8D92-2858CA1D5139}.Release|x64.Deploy.0 = Release|x64
		{14A1B4FC-FE4F-46D3-8D92-2858CA1D5139}.Release|x86.ActiveCfg = Release|x86
		{14A1B4FC-FE4F-46D3-8D92-2858CA1D5139}.Release|x86.Build.0 = Release|x86
		{14A1B4FC-FE4F-46D3-8D92-2858CA1D5139}.Release|x86.Deploy.0 = Release|x86
		{9528C5A8-EF89-4F3A-B8BF-D9CD316B89D9}.Debug|Any CPU.ActiveCfg = Debug|Any CPU
		{9528C5A8-EF89-4F3A-B8BF-D9CD316B89D9}.Debug|Any CPU.Build.0 = Debug|Any CPU
		{9528C5A8-EF89-4F3A-B8BF-D9CD316B89D9}.Debug|Any CPU.Deploy.0 = Debug|Any CPU
		{9528C5A8-EF89-4F3A-B8BF-D9CD316B89D9}.Debug|ARM.ActiveCfg = Debug|Any CPU
		{9528C5A8-EF89-4F3A-B8BF-D9CD316B89D9}.Debug|ARM.Build.0 = Debug|Any CPU
		{9528C5A8-EF89-4F3A-B8BF-D9CD316B89D9}.Debug|ARM.Deploy.0 = Debug|Any CPU
		{9528C5A8-EF89-4F3A-B8BF-D9CD316B89D9}.Debug|iPhone.ActiveCfg = Debug|Any CPU
		{9528C5A8-EF89-4F3A-B8BF-D9CD316B89D9}.Debug|iPhone.Build.0 = Debug|Any CPU
		{9528C5A8-EF89-4F3A-B8BF-D9CD316B89D9}.Debug|iPhone.Deploy.0 = Debug|Any CPU
		{9528C5A8-EF89-4F3A-B8BF-D9CD316B89D9}.Debug|iPhoneSimulator.ActiveCfg = Debug|Any CPU
		{9528C5A8-EF89-4F3A-B8BF-D9CD316B89D9}.Debug|iPhoneSimulator.Build.0 = Debug|Any CPU
		{9528C5A8-EF89-4F3A-B8BF-D9CD316B89D9}.Debug|iPhoneSimulator.Deploy.0 = Debug|Any CPU
		{9528C5A8-EF89-4F3A-B8BF-D9CD316B89D9}.Debug|x64.ActiveCfg = Debug|Any CPU
		{9528C5A8-EF89-4F3A-B8BF-D9CD316B89D9}.Debug|x64.Build.0 = Debug|Any CPU
		{9528C5A8-EF89-4F3A-B8BF-D9CD316B89D9}.Debug|x64.Deploy.0 = Debug|Any CPU
		{9528C5A8-EF89-4F3A-B8BF-D9CD316B89D9}.Debug|x86.ActiveCfg = Debug|Any CPU
		{9528C5A8-EF89-4F3A-B8BF-D9CD316B89D9}.Debug|x86.Build.0 = Debug|Any CPU
		{9528C5A8-EF89-4F3A-B8BF-D9CD316B89D9}.Debug|x86.Deploy.0 = Debug|Any CPU
		{9528C5A8-EF89-4F3A-B8BF-D9CD316B89D9}.Release|Any CPU.ActiveCfg = Release|Any CPU
		{9528C5A8-EF89-4F3A-B8BF-D9CD316B89D9}.Release|Any CPU.Build.0 = Release|Any CPU
		{9528C5A8-EF89-4F3A-B8BF-D9CD316B89D9}.Release|Any CPU.Deploy.0 = Release|Any CPU
		{9528C5A8-EF89-4F3A-B8BF-D9CD316B89D9}.Release|ARM.ActiveCfg = Release|Any CPU
		{9528C5A8-EF89-4F3A-B8BF-D9CD316B89D9}.Release|ARM.Build.0 = Release|Any CPU
		{9528C5A8-EF89-4F3A-B8BF-D9CD316B89D9}.Release|ARM.Deploy.0 = Release|Any CPU
		{9528C5A8-EF89-4F3A-B8BF-D9CD316B89D9}.Release|iPhone.ActiveCfg = Release|Any CPU
		{9528C5A8-EF89-4F3A-B8BF-D9CD316B89D9}.Release|iPhone.Build.0 = Release|Any CPU
		{9528C5A8-EF89-4F3A-B8BF-D9CD316B89D9}.Release|iPhone.Deploy.0 = Release|Any CPU
		{9528C5A8-EF89-4F3A-B8BF-D9CD316B89D9}.Release|iPhoneSimulator.ActiveCfg = Release|Any CPU
		{9528C5A8-EF89-4F3A-B8BF-D9CD316B89D9}.Release|iPhoneSimulator.Build.0 = Release|Any CPU
		{9528C5A8-EF89-4F3A-B8BF-D9CD316B89D9}.Release|iPhoneSimulator.Deploy.0 = Release|Any CPU
		{9528C5A8-EF89-4F3A-B8BF-D9CD316B89D9}.Release|x64.ActiveCfg = Release|Any CPU
		{9528C5A8-EF89-4F3A-B8BF-D9CD316B89D9}.Release|x64.Build.0 = Release|Any CPU
		{9528C5A8-EF89-4F3A-B8BF-D9CD316B89D9}.Release|x64.Deploy.0 = Release|Any CPU
		{9528C5A8-EF89-4F3A-B8BF-D9CD316B89D9}.Release|x86.ActiveCfg = Release|Any CPU
		{9528C5A8-EF89-4F3A-B8BF-D9CD316B89D9}.Release|x86.Build.0 = Release|Any CPU
		{9528C5A8-EF89-4F3A-B8BF-D9CD316B89D9}.Release|x86.Deploy.0 = Release|Any CPU
		{80BB677B-48EF-46CF-9476-C9C81E6D58AE}.Debug|Any CPU.ActiveCfg = MSWin_Debug|Any CPU
		{80BB677B-48EF-46CF-9476-C9C81E6D58AE}.Debug|Any CPU.Build.0 = MSWin_Debug|Any CPU
		{80BB677B-48EF-46CF-9476-C9C81E6D58AE}.Debug|ARM.ActiveCfg = Debug|Any CPU
		{80BB677B-48EF-46CF-9476-C9C81E6D58AE}.Debug|ARM.Build.0 = Debug|Any CPU
		{80BB677B-48EF-46CF-9476-C9C81E6D58AE}.Debug|iPhone.ActiveCfg = Debug|Any CPU
		{80BB677B-48EF-46CF-9476-C9C81E6D58AE}.Debug|iPhone.Build.0 = Debug|Any CPU
		{80BB677B-48EF-46CF-9476-C9C81E6D58AE}.Debug|iPhoneSimulator.ActiveCfg = Debug|Any CPU
		{80BB677B-48EF-46CF-9476-C9C81E6D58AE}.Debug|iPhoneSimulator.Build.0 = Debug|Any CPU
		{80BB677B-48EF-46CF-9476-C9C81E6D58AE}.Debug|x64.ActiveCfg = Debug|Any CPU
		{80BB677B-48EF-46CF-9476-C9C81E6D58AE}.Debug|x64.Build.0 = Debug|Any CPU
		{80BB677B-48EF-46CF-9476-C9C81E6D58AE}.Debug|x86.ActiveCfg = Debug|Any CPU
		{80BB677B-48EF-46CF-9476-C9C81E6D58AE}.Debug|x86.Build.0 = Debug|Any CPU
		{80BB677B-48EF-46CF-9476-C9C81E6D58AE}.Release|Any CPU.ActiveCfg = MSWin_Release|Any CPU
		{80BB677B-48EF-46CF-9476-C9C81E6D58AE}.Release|Any CPU.Build.0 = MSWin_Release|Any CPU
		{80BB677B-48EF-46CF-9476-C9C81E6D58AE}.Release|ARM.ActiveCfg = Release|Any CPU
		{80BB677B-48EF-46CF-9476-C9C81E6D58AE}.Release|ARM.Build.0 = Release|Any CPU
		{80BB677B-48EF-46CF-9476-C9C81E6D58AE}.Release|iPhone.ActiveCfg = Release|Any CPU
		{80BB677B-48EF-46CF-9476-C9C81E6D58AE}.Release|iPhone.Build.0 = Release|Any CPU
		{80BB677B-48EF-46CF-9476-C9C81E6D58AE}.Release|iPhoneSimulator.ActiveCfg = Release|Any CPU
		{80BB677B-48EF-46CF-9476-C9C81E6D58AE}.Release|iPhoneSimulator.Build.0 = Release|Any CPU
		{80BB677B-48EF-46CF-9476-C9C81E6D58AE}.Release|x64.ActiveCfg = Release|Any CPU
		{80BB677B-48EF-46CF-9476-C9C81E6D58AE}.Release|x64.Build.0 = Release|Any CPU
		{80BB677B-48EF-46CF-9476-C9C81E6D58AE}.Release|x86.ActiveCfg = Release|Any CPU
		{80BB677B-48EF-46CF-9476-C9C81E6D58AE}.Release|x86.Build.0 = Release|Any CPU
	EndGlobalSection
	GlobalSection(SolutionProperties) = preSolution
		HideSolutionNode = FALSE
	EndGlobalSection
	GlobalSection(ExtensibilityGlobals) = postSolution
		SolutionGuid = {573B756F-0B8D-4BED-9C53-669AF5135D1A}
	EndGlobalSection
EndGlobal
