
Microsoft Visual Studio Solution File, Format Version 12.00
# Visual Studio Version 16
VisualStudioVersion = 16.0.33920.266
MinimumVisualStudioVersion = 10.0.40219.1
Project("{9A19103F-16F7-4668-BE54-9A1E7A4F7556}") = "GEDKeeperX", "GEDKeeperX\GEDKeeperX.csproj", "{9528C5A8-EF89-4F3A-B8BF-D9CD316B89D9}"
EndProject
Project("{9A19103F-16F7-4668-BE54-9A1E7A4F7556}") = "GKCore.nstd", "..\GKCore\GKCore.nstd.csproj", "{80BB677B-48EF-46CF-9476-C9C81E6D58AE}"
EndProject
Project("{FAE04EC0-301F-11D3-BF4B-00C04F79EFBC}") = "GEDKeeperX.Android", "GEDKeeperX.Android\GEDKeeperX.Android.csproj", "{24CE3C36-16B9-426D-AA0C-5961ECF8D88C}"
EndProject
Project("{FAE04EC0-301F-11D3-BF4B-00C04F79EFBC}") = "GEDKeeperX.iOS", "GEDKeeperX.iOS\GEDKeeperX.iOS.csproj", "{775D3A08-83E0-4D23-99AA-77D0EF0D5E74}"
EndProject
Project("{2150E333-8FDC-42A3-9474-1A3956D46DE8}") = "Solution Items", "Solution Items", "{279A71E6-A9A5-4977-B167-30E8C73D38C5}"
	ProjectSection(SolutionItems) = preProject
		NOTES.md = NOTES.md
	EndProjectSection
EndProject
Global
	GlobalSection(SolutionConfigurationPlatforms) = preSolution
		Debug|Android = Debug|Android
		Debug|iPhone = Debug|iPhone
		Debug|iPhoneSimulator = Debug|iPhoneSimulator
		Release|Android = Release|Android
		Release|iPhone = Release|iPhone
		Release|iPhoneSimulator = Release|iPhoneSimulator
	EndGlobalSection
	GlobalSection(ProjectConfigurationPlatforms) = postSolution
		{9528C5A8-EF89-4F3A-B8BF-D9CD316B89D9}.Debug|Android.ActiveCfg = Debug|Any CPU
		{9528C5A8-EF89-4F3A-B8BF-D9CD316B89D9}.Debug|Android.Build.0 = Debug|Any CPU
		{9528C5A8-EF89-4F3A-B8BF-D9CD316B89D9}.Debug|Android.Deploy.0 = Debug|Any CPU
		{9528C5A8-EF89-4F3A-B8BF-D9CD316B89D9}.Debug|iPhone.ActiveCfg = Debug|Any CPU
		{9528C5A8-EF89-4F3A-B8BF-D9CD316B89D9}.Debug|iPhone.Build.0 = Debug|Any CPU
		{9528C5A8-EF89-4F3A-B8BF-D9CD316B89D9}.Debug|iPhone.Deploy.0 = Debug|Any CPU
		{9528C5A8-EF89-4F3A-B8BF-D9CD316B89D9}.Debug|iPhoneSimulator.ActiveCfg = Debug|Any CPU
		{9528C5A8-EF89-4F3A-B8BF-D9CD316B89D9}.Debug|iPhoneSimulator.Build.0 = Debug|Any CPU
		{9528C5A8-EF89-4F3A-B8BF-D9CD316B89D9}.Debug|iPhoneSimulator.Deploy.0 = Debug|Any CPU
		{9528C5A8-EF89-4F3A-B8BF-D9CD316B89D9}.Release|Android.ActiveCfg = Release|Any CPU
		{9528C5A8-EF89-4F3A-B8BF-D9CD316B89D9}.Release|Android.Build.0 = Release|Any CPU
		{9528C5A8-EF89-4F3A-B8BF-D9CD316B89D9}.Release|Android.Deploy.0 = Release|Any CPU
		{9528C5A8-EF89-4F3A-B8BF-D9CD316B89D9}.Release|iPhone.ActiveCfg = Release|Any CPU
		{9528C5A8-EF89-4F3A-B8BF-D9CD316B89D9}.Release|iPhone.Build.0 = Release|Any CPU
		{9528C5A8-EF89-4F3A-B8BF-D9CD316B89D9}.Release|iPhone.Deploy.0 = Release|Any CPU
		{9528C5A8-EF89-4F3A-B8BF-D9CD316B89D9}.Release|iPhoneSimulator.ActiveCfg = Release|Any CPU
		{9528C5A8-EF89-4F3A-B8BF-D9CD316B89D9}.Release|iPhoneSimulator.Build.0 = Release|Any CPU
		{9528C5A8-EF89-4F3A-B8BF-D9CD316B89D9}.Release|iPhoneSimulator.Deploy.0 = Release|Any CPU
		{80BB677B-48EF-46CF-9476-C9C81E6D58AE}.Debug|Android.ActiveCfg = Android_Debug|Any CPU
		{80BB677B-48EF-46CF-9476-C9C81E6D58AE}.Debug|Android.Build.0 = Android_Debug|Any CPU
		{80BB677B-48EF-46CF-9476-C9C81E6D58AE}.Debug|iPhone.ActiveCfg = iOS_Debug|Any CPU
		{80BB677B-48EF-46CF-9476-C9C81E6D58AE}.Debug|iPhone.Build.0 = iOS_Debug|Any CPU
		{80BB677B-48EF-46CF-9476-C9C81E6D58AE}.Debug|iPhoneSimulator.ActiveCfg = iOS_Debug|Any CPU
		{80BB677B-48EF-46CF-9476-C9C81E6D58AE}.Debug|iPhoneSimulator.Build.0 = iOS_Debug|Any CPU
		{80BB677B-48EF-46CF-9476-C9C81E6D58AE}.Release|Android.ActiveCfg = Android_Release|Any CPU
		{80BB677B-48EF-46CF-9476-C9C81E6D58AE}.Release|Android.Build.0 = Android_Release|Any CPU
		{80BB677B-48EF-46CF-9476-C9C81E6D58AE}.Release|iPhone.ActiveCfg = iOS_Release|Any CPU
		{80BB677B-48EF-46CF-9476-C9C81E6D58AE}.Release|iPhone.Build.0 = iOS_Release|Any CPU
		{80BB677B-48EF-46CF-9476-C9C81E6D58AE}.Release|iPhoneSimulator.ActiveCfg = iOS_Release|Any CPU
		{80BB677B-48EF-46CF-9476-C9C81E6D58AE}.Release|iPhoneSimulator.Build.0 = iOS_Release|Any CPU
		{24CE3C36-16B9-426D-AA0C-5961ECF8D88C}.Debug|Android.ActiveCfg = Debug|Android
		{24CE3C36-16B9-426D-AA0C-5961ECF8D88C}.Debug|Android.Build.0 = Debug|Android
		{24CE3C36-16B9-426D-AA0C-5961ECF8D88C}.Debug|Android.Deploy.0 = Debug|Android
		{24CE3C36-16B9-426D-AA0C-5961ECF8D88C}.Debug|iPhone.ActiveCfg = Debug|Android
		{24CE3C36-16B9-426D-AA0C-5961ECF8D88C}.Debug|iPhoneSimulator.ActiveCfg = Debug|Android
		{24CE3C36-16B9-426D-AA0C-5961ECF8D88C}.Release|Android.ActiveCfg = Release|Android
		{24CE3C36-16B9-426D-AA0C-5961ECF8D88C}.Release|Android.Build.0 = Release|Android
		{24CE3C36-16B9-426D-AA0C-5961ECF8D88C}.Release|Android.Deploy.0 = Release|Android
		{24CE3C36-16B9-426D-AA0C-5961ECF8D88C}.Release|iPhone.ActiveCfg = Release|Android
		{24CE3C36-16B9-426D-AA0C-5961ECF8D88C}.Release|iPhoneSimulator.ActiveCfg = Release|Android
		{775D3A08-83E0-4D23-99AA-77D0EF0D5E74}.Debug|Android.ActiveCfg = Debug|iPhoneSimulator
		{775D3A08-83E0-4D23-99AA-77D0EF0D5E74}.Debug|Android.Deploy.0 = Debug|iPhoneSimulator
		{775D3A08-83E0-4D23-99AA-77D0EF0D5E74}.Debug|iPhone.ActiveCfg = Debug|iPhone
		{775D3A08-83E0-4D23-99AA-77D0EF0D5E74}.Debug|iPhone.Build.0 = Debug|iPhone
		{775D3A08-83E0-4D23-99AA-77D0EF0D5E74}.Debug|iPhone.Deploy.0 = Debug|iPhone
		{775D3A08-83E0-4D23-99AA-77D0EF0D5E74}.Debug|iPhoneSimulator.ActiveCfg = Debug|iPhoneSimulator
		{775D3A08-83E0-4D23-99AA-77D0EF0D5E74}.Debug|iPhoneSimulator.Build.0 = Debug|iPhoneSimulator
		{775D3A08-83E0-4D23-99AA-77D0EF0D5E74}.Debug|iPhoneSimulator.Deploy.0 = Debug|iPhoneSimulator
		{775D3A08-83E0-4D23-99AA-77D0EF0D5E74}.Release|Android.ActiveCfg = Release|iPhone
		{775D3A08-83E0-4D23-99AA-77D0EF0D5E74}.Release|Android.Deploy.0 = Release|iPhone
		{775D3A08-83E0-4D23-99AA-77D0EF0D5E74}.Release|iPhone.ActiveCfg = Release|iPhone
		{775D3A08-83E0-4D23-99AA-77D0EF0D5E74}.Release|iPhone.Build.0 = Release|iPhone
		{775D3A08-83E0-4D23-99AA-77D0EF0D5E74}.Release|iPhone.Deploy.0 = Release|iPhone
		{775D3A08-83E0-4D23-99AA-77D0EF0D5E74}.Release|iPhoneSimulator.ActiveCfg = Release|iPhoneSimulator
		{775D3A08-83E0-4D23-99AA-77D0EF0D5E74}.Release|iPhoneSimulator.Build.0 = Release|iPhoneSimulator
		{775D3A08-83E0-4D23-99AA-77D0EF0D5E74}.Release|iPhoneSimulator.Deploy.0 = Release|iPhoneSimulator
	EndGlobalSection
	GlobalSection(SolutionProperties) = preSolution
		HideSolutionNode = FALSE
	EndGlobalSection
	GlobalSection(ExtensibilityGlobals) = postSolution
		SolutionGuid = {573B756F-0B8D-4BED-9C53-669AF5135D1A}
	EndGlobalSection
EndGlobal
