
Microsoft Visual Studio Solution File, Format Version 12.00
# Visual Studio Version 17
VisualStudioVersion = 17.4.33205.214
MinimumVisualStudioVersion = 10.0.40219.1
Project("{2150E333-8FDC-42A3-9474-1A3956D46DE8}") = "help_rus", "help_rus", "{935CC8F0-6D8F-4374-B763-FC759D0FB8E1}"
	ProjectSection(SolutionItems) = preProject
		help_rus\GEDKeeper2.html = help_rus\GEDKeeper2.html
		help_rus\gkhAbout.html = help_rus\gkhAbout.html
		help_rus\gkhAncestorsCircle.html = help_rus\gkhAncestorsCircle.html
		help_rus\gkhAuthors.html = help_rus\gkhAuthors.html
		help_rus\gkhCAIndex.html = help_rus\gkhCAIndex.html
		help_rus\gkhContents.html = help_rus\gkhContents.html
		help_rus\gkhDateSpecials.html = help_rus\gkhDateSpecials.html
		help_rus\gkhExpandability.html = help_rus\gkhExpandability.html
		help_rus\gkhFAQ.html = help_rus\gkhFAQ.html
		help_rus\gkhFeatures.html = help_rus\gkhFeatures.html
		help_rus\gkhGenRes.html = help_rus\gkhGenRes.html
		help_rus\gkhHistory.html = help_rus\gkhHistory.html
		help_rus\gkhHotKeys.html = help_rus\gkhHotKeys.html
		help_rus\gkhIntro.html = help_rus\gkhIntro.html
		help_rus\gkhLangCultures.html = help_rus\gkhLangCultures.html
		help_rus\gkhLangs.html = help_rus\gkhLangs.html
		help_rus\gkhLaw.html = help_rus\gkhLaw.html
		help_rus\gkhMaps.html = help_rus\gkhMaps.html
		help_rus\gkhMasks.html = help_rus\gkhMasks.html
		help_rus\gkhMediaStore.html = help_rus\gkhMediaStore.html
		help_rus\gkhNav_Filters.html = help_rus\gkhNav_Filters.html
		help_rus\gkhNav_Labels.html = help_rus\gkhNav_Labels.html
		help_rus\gkhNav_QuickSearch.html = help_rus\gkhNav_QuickSearch.html
		help_rus\gkhOptions.html = help_rus\gkhOptions.html
		help_rus\gkhPedigrees.html = help_rus\gkhPedigrees.html
		help_rus\gkhPlugins.html = help_rus\gkhPlugins.html
		help_rus\gkhPlugin_GEDmill.html = help_rus\gkhPlugin_GEDmill.html
		help_rus\gkhPortable.html = help_rus\gkhPortable.html
		help_rus\gkhQuotes.html = help_rus\gkhQuotes.html
		help_rus\gkhRecordSelect.html = help_rus\gkhRecordSelect.html
		help_rus\gkhRecordTypes.html = help_rus\gkhRecordTypes.html
		help_rus\gkhRec_Address.html = help_rus\gkhRec_Address.html
		help_rus\gkhRec_Asso.html = help_rus\gkhRec_Asso.html
		help_rus\gkhRec_Comm.html = help_rus\gkhRec_Comm.html
		help_rus\gkhRec_Event.html = help_rus\gkhRec_Event.html
		help_rus\gkhRec_Family.html = help_rus\gkhRec_Family.html
		help_rus\gkhRec_Group.html = help_rus\gkhRec_Group.html
		help_rus\gkhRec_Individual.html = help_rus\gkhRec_Individual.html
		help_rus\gkhRec_Media.html = help_rus\gkhRec_Media.html
		help_rus\gkhRec_Name.html = help_rus\gkhRec_Name.html
		help_rus\gkhRec_Note.html = help_rus\gkhRec_Note.html
		help_rus\gkhRec_Place.html = help_rus\gkhRec_Place.html
		help_rus\gkhRec_Repo.html = help_rus\gkhRec_Repo.html
		help_rus\gkhRec_Research.html = help_rus\gkhRec_Research.html
		help_rus\gkhRec_Source.html = help_rus\gkhRec_Source.html
		help_rus\gkhRec_SrcLink.html = help_rus\gkhRec_SrcLink.html
		help_rus\gkhRec_Task.html = help_rus\gkhRec_Task.html
		help_rus\gkhRec_UserRefs.html = help_rus\gkhRec_UserRefs.html
		help_rus\gkhRelations.html = help_rus\gkhRelations.html
		help_rus\gkhRestrictions.html = help_rus\gkhRestrictions.html
		help_rus\gkhScripts.html = help_rus\gkhScripts.html
		help_rus\gkhSecure.html = help_rus\gkhSecure.html
		help_rus\gkhStats.html = help_rus\gkhStats.html
		help_rus\gkhSvc_Calc.html = help_rus\gkhSvc_Calc.html
		help_rus\gkhSvc_Calendar.html = help_rus\gkhSvc_Calendar.html
		help_rus\gkhSvc_NamesBook.html = help_rus\gkhSvc_NamesBook.html
		help_rus\gkhSvc_Organizer.html = help_rus\gkhSvc_Organizer.html
		help_rus\gkhSvc_TimeLine.html = help_rus\gkhSvc_TimeLine.html
		help_rus\gkhTools_DubsMerge.html = help_rus\gkhTools_DubsMerge.html
		help_rus\gkhTools_FamiliesConnectivity.html = help_rus\gkhTools_FamiliesConnectivity.html
		help_rus\gkhTools_PatSearch.html = help_rus\gkhTools_PatSearch.html
		help_rus\gkhTools_PlacesManage.html = help_rus\gkhTools_PlacesManage.html
		help_rus\gkhTools_TreeCheck.html = help_rus\gkhTools_TreeCheck.html
		help_rus\gkhTools_TreeCompare.html = help_rus\gkhTools_TreeCompare.html
		help_rus\gkhTools_TreeImport.html = help_rus\gkhTools_TreeImport.html
		help_rus\gkhTools_TreeMerge.html = help_rus\gkhTools_TreeMerge.html
		help_rus\gkhTools_TreeSplit.html = help_rus\gkhTools_TreeSplit.html
		help_rus\gkhTreeChart.html = help_rus\gkhTreeChart.html
		help_rus\gkhWorkAdv.html = help_rus\gkhWorkAdv.html
		help_rus\gkhWorkBeginning.html = help_rus\gkhWorkBeginning.html
		help_rus\gkhWorkNavigation.html = help_rus\gkhWorkNavigation.html
		help_rus\gkhWorkOperations.html = help_rus\gkhWorkOperations.html
		help_rus\gkhWorkToolbar.html = help_rus\gkhWorkToolbar.html
		help_rus\styles.css = help_rus\styles.css
	EndProjectSection
EndProject
Project("{2150E333-8FDC-42A3-9474-1A3956D46DE8}") = "help_enu", "help_enu", "{2CAC6FBC-93D7-4AC0-AFA5-D82387442EC1}"
	ProjectSection(SolutionItems) = preProject
		help_enu\GEDKeeper2.html = help_enu\GEDKeeper2.html
		help_enu\gkhAbout.html = help_enu\gkhAbout.html
		help_enu\gkhAncestorsCircle.html = help_enu\gkhAncestorsCircle.html
		help_enu\gkhAuthors.html = help_enu\gkhAuthors.html
		help_enu\gkhCAIndex.html = help_enu\gkhCAIndex.html
		help_enu\gkhContents.html = help_enu\gkhContents.html
		help_enu\gkhDateSpecials.html = help_enu\gkhDateSpecials.html
		help_enu\gkhExpandability.html = help_enu\gkhExpandability.html
		help_enu\gkhFAQ.html = help_enu\gkhFAQ.html
		help_enu\gkhFeatures.html = help_enu\gkhFeatures.html
		help_enu\gkhGenRes.html = help_enu\gkhGenRes.html
		help_enu\gkhHistory.html = help_enu\gkhHistory.html
		help_enu\gkhHotKeys.html = help_enu\gkhHotKeys.html
		help_enu\gkhIntro.html = help_enu\gkhIntro.html
		help_enu\gkhLangs.html = help_enu\gkhLangs.html
		help_enu\gkhLaw.html = help_enu\gkhLaw.html
		help_enu\gkhMaps.html = help_enu\gkhMaps.html
		help_enu\gkhMasks.html = help_enu\gkhMasks.html
		help_enu\gkhMediaStore.html = help_enu\gkhMediaStore.html
		help_enu\gkhNav_Filters.html = help_enu\gkhNav_Filters.html
		help_enu\gkhNav_Labels.html = help_enu\gkhNav_Labels.html
		help_enu\gkhNav_QuickSearch.html = help_enu\gkhNav_QuickSearch.html
		help_enu\gkhOptions.html = help_enu\gkhOptions.html
		help_enu\gkhPedigrees.html = help_enu\gkhPedigrees.html
		help_enu\gkhPlugins.html = help_enu\gkhPlugins.html
		help_enu\gkhPlugin_GEDmill.html = help_enu\gkhPlugin_GEDmill.html
		help_enu\gkhPortable.html = help_enu\gkhPortable.html
		help_enu\gkhQuotes.html = help_enu\gkhQuotes.html
		help_enu\gkhRecordSelect.html = help_enu\gkhRecordSelect.html
		help_enu\gkhRecordTypes.html = help_enu\gkhRecordTypes.html
		help_enu\gkhRec_Address.html = help_enu\gkhRec_Address.html
		help_enu\gkhRec_Asso.html = help_enu\gkhRec_Asso.html
		help_enu\gkhRec_Comm.html = help_enu\gkhRec_Comm.html
		help_enu\gkhRec_Event.html = help_enu\gkhRec_Event.html
		help_enu\gkhRec_Family.html = help_enu\gkhRec_Family.html
		help_enu\gkhRec_Group.html = help_enu\gkhRec_Group.html
		help_enu\gkhRec_Individual.html = help_enu\gkhRec_Individual.html
		help_enu\gkhRec_Media.html = help_enu\gkhRec_Media.html
		help_enu\gkhRec_Note.html = help_enu\gkhRec_Note.html
		help_enu\gkhRec_Place.html = help_enu\gkhRec_Place.html
		help_enu\gkhRec_Repo.html = help_enu\gkhRec_Repo.html
		help_enu\gkhRec_Research.html = help_enu\gkhRec_Research.html
		help_enu\gkhRec_Source.html = help_enu\gkhRec_Source.html
		help_enu\gkhRec_SrcLink.html = help_enu\gkhRec_SrcLink.html
		help_enu\gkhRec_Task.html = help_enu\gkhRec_Task.html
		help_enu\gkhRec_UserRefs.html = help_enu\gkhRec_UserRefs.html
		help_enu\gkhRelations.html = help_enu\gkhRelations.html
		help_enu\gkhRestrictions.html = help_enu\gkhRestrictions.html
		help_enu\gkhScripts.html = help_enu\gkhScripts.html
		help_enu\gkhSecure.html = help_enu\gkhSecure.html
		help_enu\gkhStats.html = help_enu\gkhStats.html
		help_enu\gkhSvc_Calc.html = help_enu\gkhSvc_Calc.html
		help_enu\gkhSvc_Calendar.html = help_enu\gkhSvc_Calendar.html
		help_enu\gkhSvc_NamesBook.html = help_enu\gkhSvc_NamesBook.html
		help_enu\gkhSvc_Organizer.html = help_enu\gkhSvc_Organizer.html
		help_enu\gkhSvc_TimeLine.html = help_enu\gkhSvc_TimeLine.html
		help_enu\gkhTools_DubsMerge.html = help_enu\gkhTools_DubsMerge.html
		help_enu\gkhTools_FamiliesConnectivity.html = help_enu\gkhTools_FamiliesConnectivity.html
		help_enu\gkhTools_PatSearch.html = help_enu\gkhTools_PatSearch.html
		help_enu\gkhTools_PlacesManage.html = help_enu\gkhTools_PlacesManage.html
		help_enu\gkhTools_TreeCheck.html = help_enu\gkhTools_TreeCheck.html
		help_enu\gkhTools_TreeCompare.html = help_enu\gkhTools_TreeCompare.html
		help_enu\gkhTools_TreeImport.html = help_enu\gkhTools_TreeImport.html
		help_enu\gkhTools_TreeMerge.html = help_enu\gkhTools_TreeMerge.html
		help_enu\gkhTools_TreeSplit.html = help_enu\gkhTools_TreeSplit.html
		help_enu\gkhTreeChart.html = help_enu\gkhTreeChart.html
		help_enu\gkhWorkAdv.html = help_enu\gkhWorkAdv.html
		help_enu\gkhWorkBeginning.html = help_enu\gkhWorkBeginning.html
		help_enu\gkhWorkNavigation.html = help_enu\gkhWorkNavigation.html
		help_enu\gkhWorkOperations.html = help_enu\gkhWorkOperations.html
		help_enu\gkhWorkToolbar.html = help_enu\gkhWorkToolbar.html
		help_enu\styles.css = help_enu\styles.css
	EndProjectSection
EndProject
Global
	GlobalSection(SolutionConfigurationPlatforms) = preSolution
		Debug|Any CPU = Debug|Any CPU
		Release|Any CPU = Release|Any CPU
	EndGlobalSection
	GlobalSection(SolutionProperties) = preSolution
		HideSolutionNode = FALSE
	EndGlobalSection
	GlobalSection(ExtensibilityGlobals) = postSolution
		SolutionGuid = {D9C49927-0DFB-4B8D-BF57-8B72C3C802FA}
	EndGlobalSection
EndGlobal
