
Microsoft Visual Studio Solution File, Format Version 12.00
# Visual Studio 15
VisualStudioVersion = 15.0.28010.2050
MinimumVisualStudioVersion = 10.0.40219.1
Project("{FAE04EC0-301F-11D3-BF4B-00C04F79EFBC}") = "GEDKeeperU", "GEDKeeperU\GEDKeeperU.csproj", "{270298F3-8636-4479-9003-A0EC47549891}"
EndProject
Global
	GlobalSection(SolutionConfigurationPlatforms) = preSolution
		Debug|ARM = Debug|ARM
		Debug|x64 = Debug|x64
		Debug|x86 = Debug|x86
		Release|ARM = Release|ARM
		Release|x64 = Release|x64
		Release|x86 = Release|x86
	EndGlobalSection
	GlobalSection(ProjectConfigurationPlatforms) = postSolution
		{270298F3-8636-4479-9003-A0EC47549891}.Debug|ARM.ActiveCfg = Debug|ARM
		{270298F3-8636-4479-9003-A0EC47549891}.Debug|ARM.Build.0 = Debug|ARM
		{270298F3-8636-4479-9003-A0EC47549891}.Debug|ARM.Deploy.0 = Debug|ARM
		{270298F3-8636-4479-9003-A0EC47549891}.Debug|x64.ActiveCfg = Debug|x64
		{270298F3-8636-4479-9003-A0EC47549891}.Debug|x64.Build.0 = Debug|x64
		{270298F3-8636-4479-9003-A0EC47549891}.Debug|x64.Deploy.0 = Debug|x64
		{270298F3-8636-4479-9003-A0EC47549891}.Debug|x86.ActiveCfg = Debug|x86
		{270298F3-8636-4479-9003-A0EC47549891}.Debug|x86.Build.0 = Debug|x86
		{270298F3-8636-4479-9003-A0EC47549891}.Debug|x86.Deploy.0 = Debug|x86
		{270298F3-8636-4479-9003-A0EC47549891}.Release|ARM.ActiveCfg = Release|ARM
		{270298F3-8636-4479-9003-A0EC47549891}.Release|ARM.Build.0 = Release|ARM
		{270298F3-8636-4479-9003-A0EC47549891}.Release|ARM.Deploy.0 = Release|ARM
		{270298F3-8636-4479-9003-A0EC47549891}.Release|x64.ActiveCfg = Release|x64
		{270298F3-8636-4479-9003-A0EC47549891}.Release|x64.Build.0 = Release|x64
		{270298F3-8636-4479-9003-A0EC47549891}.Release|x64.Deploy.0 = Release|x64
		{270298F3-8636-4479-9003-A0EC47549891}.Release|x86.ActiveCfg = Release|x86
		{270298F3-8636-4479-9003-A0EC47549891}.Release|x86.Build.0 = Release|x86
		{270298F3-8636-4479-9003-A0EC47549891}.Release|x86.Deploy.0 = Release|x86
	EndGlobalSection
	GlobalSection(SolutionProperties) = preSolution
		HideSolutionNode = FALSE
	EndGlobalSection
	GlobalSection(ExtensibilityGlobals) = postSolution
		SolutionGuid = {073F359A-9883-4706-BBC0-3957C3D15A60}
	EndGlobalSection
EndGlobal
