
Microsoft Visual Studio Solution File, Format Version 12.00
# Visual Studio Version 17
VisualStudioVersion = 17.4.33205.214
MinimumVisualStudioVersion = 10.0.40219.1
Project("{9A19103F-16F7-4668-BE54-9A1E7A4F7556}") = "GEDKeeper3", "GEDKeeper3\GEDKeeper3.csproj", "{0E927839-EA8C-4701-8AFE-DCA933D0B2A9}"
EndProject
Project("{9A19103F-16F7-4668-BE54-9A1E7A4F7556}") = "GKCore.nstd", "..\GKCore\GKCore.nstd.csproj", "{10D619AF-E1CD-4F4A-9C19-5E434300B48F}"
EndProject
Project("{9A19103F-16F7-4668-BE54-9A1E7A4F7556}") = "GKComponents", "GKComponents\GKComponents.csproj", "{EF9864C5-4DEC-46E8-BC11-A2E5BB9BB9D4}"
EndProject
Project("{2150E333-8FDC-42A3-9474-1A3956D46DE8}") = "Solution Items", "Solution Items", "{89782CA9-48D0-451A-AEB1-4E1771CEAC47}"
	ProjectSection(SolutionItems) = preProject
		..\..\.editorconfig = ..\..\.editorconfig
		NOTES.md = NOTES.md
	EndProjectSection
EndProject
Project("{2150E333-8FDC-42A3-9474-1A3956D46DE8}") = "locales", "locales", "{4AF8EEE8-8592-420C-B5C5-E6DDBA389BA1}"
	ProjectSection(SolutionItems) = preProject
		..\..\locales\Afrikaans.lng = ..\..\locales\Afrikaans.lng
		..\..\locales\Belarusian.lng = ..\..\locales\Belarusian.lng
		..\..\locales\Chinese Simplified.lng = ..\..\locales\Chinese Simplified.lng
		..\..\locales\czech.lng = ..\..\locales\czech.lng
		..\..\locales\Dutch.lng = ..\..\locales\Dutch.lng
		..\..\locales\English.lng = ..\..\locales\English.lng
		..\..\locales\french.lng = ..\..\locales\french.lng
		..\..\locales\german.lng = ..\..\locales\german.lng
		..\..\locales\Hungarian.lng = ..\..\locales\Hungarian.lng
		..\..\locales\Icelandic.lng = ..\..\locales\Icelandic.lng
		..\..\locales\italian.lng = ..\..\locales\italian.lng
		..\..\locales\Japanese.lng = ..\..\locales\Japanese.lng
		..\..\locales\Kazakh (Cyrillic).lng = ..\..\locales\Kazakh (Cyrillic).lng
		..\..\locales\polish.lng = ..\..\locales\polish.lng
		..\..\locales\Portuguese.lng = ..\..\locales\Portuguese.lng
		..\..\locales\russian.lng = ..\..\locales\russian.lng
		..\..\locales\Serbian (Latin).lng = ..\..\locales\Serbian (Latin).lng
		..\..\locales\Spanish.lng = ..\..\locales\Spanish.lng
		..\..\locales\Turkish.lng = ..\..\locales\Turkish.lng
		..\..\locales\ukrainian.lng = ..\..\locales\ukrainian.lng
	EndProjectSection
EndProject
Project("{2150E333-8FDC-42A3-9474-1A3956D46DE8}") = "subprojects", "subprojects", "{0801C061-F6A6-466B-A355-3F7B6225ADB2}"
EndProject
Project("{9A19103F-16F7-4668-BE54-9A1E7A4F7556}") = "GKMap.Core.nstd", "..\GKMap\GKMap.Core\GKMap.Core.nstd.csproj", "{D0C39D9D-BED0-418B-9A5E-713176CAF40C}"
EndProject
Project("{9A19103F-16F7-4668-BE54-9A1E7A4F7556}") = "GKMap.EtoForms", "..\GKMap\GKMap.EtoForms\GKMap.EtoForms.csproj", "{E06DEF77-F933-42FB-AFD7-DB2D0D8D6A98}"
EndProject
Project("{9A19103F-16F7-4668-BE54-9A1E7A4F7556}") = "GKGenetix.Core.nstd", "..\GKGenetix\GKGenetix.Core\GKGenetix.Core.nstd.csproj", "{63C0FEA0-0FCE-4874-992D-C963DCBC1D1C}"
EndProject
Project("{9A19103F-16F7-4668-BE54-9A1E7A4F7556}") = "GKGenetix.UI.EtoForms", "..\GKGenetix\GKGenetix.UI.EtoForms\GKGenetix.UI.EtoForms.csproj", "{6E90AC38-D42E-4D3E-AA18-072EA2846C6E}"
EndProject
Project("{9A19103F-16F7-4668-BE54-9A1E7A4F7556}") = "GKNetCore.nstd", "..\GKCommunicator\GKNetCore\GKNetCore.nstd.csproj", "{090AF41C-81C5-4324-BED2-BE6044D88703}"
EndProject
Project("{9A19103F-16F7-4668-BE54-9A1E7A4F7556}") = "GKNetUI.net", "..\GKCommunicator\GKNetUI.EtoForms\GKNetUI.net.csproj", "{D7823209-E01F-47F9-BB58-C7C54901D7BE}"
EndProject
Project("{2150E333-8FDC-42A3-9474-1A3956D46DE8}") = "plugins", "plugins", "{B8B3F590-CF25-40FC-8454-D673B594DBF3}"
EndProject
Project("{9A19103F-16F7-4668-BE54-9A1E7A4F7556}") = "GKTimeLinePlugin.net", "..\plugins\GKTimeLinePlugin\GKTimeLinePlugin.net.csproj", "{ECED32B7-1081-48D3-A223-1CB67A2D7016}"
EndProject
Project("{9A19103F-16F7-4668-BE54-9A1E7A4F7556}") = "GKStdReports.nstd", "..\plugins\GKStdReports\GKStdReports.nstd.csproj", "{364F77E2-0ABF-49E6-9BFF-484CA1B8FBE7}"
EndProject
Project("{9A19103F-16F7-4668-BE54-9A1E7A4F7556}") = "GKCalculatorPlugin.net", "..\plugins\GKCalculatorPlugin\GKCalculatorPlugin.net.csproj", "{3B065DB0-B182-4268-A2A5-2924A9617970}"
EndProject
Project("{9A19103F-16F7-4668-BE54-9A1E7A4F7556}") = "GKCalendarPlugin.net", "..\plugins\GKCalendarPlugin\GKCalendarPlugin.net.csproj", "{58303D52-0C44-4E3A-A8BA-8E75FC4C7AFE}"
EndProject
Project("{9A19103F-16F7-4668-BE54-9A1E7A4F7556}") = "GKChroniclePlugin.net", "..\plugins\GKChroniclePlugin\GKChroniclePlugin.net.csproj", "{99EC1659-844A-46A5-9CAC-002ABE5DE744}"
EndProject
Project("{9A19103F-16F7-4668-BE54-9A1E7A4F7556}") = "GKBackupPlugin.net", "..\plugins\GKBackupPlugin\GKBackupPlugin.net.csproj", "{7BF2E251-DF51-49F0-BBB0-CC1BAD0D4661}"
EndProject
Project("{9A19103F-16F7-4668-BE54-9A1E7A4F7556}") = "GKNamesBookPlugin.net", "..\plugins\GKNamesBookPlugin\GKNamesBookPlugin.net.csproj", "{BB1DD73D-6461-4CB0-BE00-CF78928DA78F}"
EndProject
Project("{9A19103F-16F7-4668-BE54-9A1E7A4F7556}") = "GKNavigatorPlugin.net", "..\plugins\GKNavigatorPlugin\GKNavigatorPlugin.net.csproj", "{9D60CA3A-783F-4817-9812-DD66E0A1415B}"
EndProject
Project("{9A19103F-16F7-4668-BE54-9A1E7A4F7556}") = "GKTextSearchPlugin.net", "..\plugins\GKTextSearchPlugin\GKTextSearchPlugin.net.csproj", "{EE4C0602-0B7B-4E3F-8894-BEF14D0A1ECF}"
EndProject
Project("{9A19103F-16F7-4668-BE54-9A1E7A4F7556}") = "GKLifePlugin.net", "..\plugins\GKLifePlugin\GKLifePlugin.net.csproj", "{88D5D8A9-8495-40DB-A53A-EEBA47312751}"
EndProject
Project("{9A19103F-16F7-4668-BE54-9A1E7A4F7556}") = "GKWordsCloudPlugin.net", "..\plugins\GKWordsCloudPlugin\GKWordsCloudPlugin.net.csproj", "{751A8DFC-D527-45B0-AF9A-0F2FB9C9251E}"
EndProject
Project("{9A19103F-16F7-4668-BE54-9A1E7A4F7556}") = "GKFlowInputPlugin.net", "..\plugins\GKFlowInputPlugin\GKFlowInputPlugin.net.csproj", "{85F58C6E-E702-4304-A4AA-EAE42D769BDD}"
EndProject
Project("{9A19103F-16F7-4668-BE54-9A1E7A4F7556}") = "GKPedigreeImporterPlugin.net", "..\plugins\GKPedigreeImporterPlugin\GKPedigreeImporterPlugin.net.csproj", "{FDC23700-4CEE-4984-85CE-2BC73AEF1FF5}"
EndProject
Project("{9A19103F-16F7-4668-BE54-9A1E7A4F7556}") = "GKGenetixPlugin.net", "..\GKGenetix\GKGenetixPlugin\GKGenetixPlugin.net.csproj", "{D2BCF181-9B1A-4A37-B197-9CB39359BE18}"
EndProject
Project("{9A19103F-16F7-4668-BE54-9A1E7A4F7556}") = "GKCommunicatorPlugin.net", "..\GKCommunicator\GKCommunicatorPlugin\GKCommunicatorPlugin.net.csproj", "{0C2CB84B-7D50-4A0E-BD3A-85B6DAD8EE77}"
EndProject
Project("{9A19103F-16F7-4668-BE54-9A1E7A4F7556}") = "GKTests.net", "..\GKTests\GKTests.net.csproj", "{32521FE6-112C-4095-B0A8-755C5C94D00A}"
EndProject
Global
	GlobalSection(SolutionConfigurationPlatforms) = preSolution
		Debug|FreeBSD = Debug|FreeBSD
		Debug|Linux = Debug|Linux
		Debug|MacOS = Debug|MacOS
		Debug|MSWin64 = Debug|MSWin64
		Release|FreeBSD = Release|FreeBSD
		Release|Linux = Release|Linux
		Release|MacOS = Release|MacOS
		Release|MSWin64 = Release|MSWin64
	EndGlobalSection
	GlobalSection(ProjectConfigurationPlatforms) = postSolution
		{0E927839-EA8C-4701-8AFE-DCA933D0B2A9}.Debug|FreeBSD.ActiveCfg = Debug|FreeBSD
		{0E927839-EA8C-4701-8AFE-DCA933D0B2A9}.Debug|FreeBSD.Build.0 = Debug|FreeBSD
		{0E927839-EA8C-4701-8AFE-DCA933D0B2A9}.Debug|Linux.ActiveCfg = Debug|Linux
		{0E927839-EA8C-4701-8AFE-DCA933D0B2A9}.Debug|Linux.Build.0 = Debug|Linux
		{0E927839-EA8C-4701-8AFE-DCA933D0B2A9}.Debug|MacOS.ActiveCfg = Debug|MacOS
		{0E927839-EA8C-4701-8AFE-DCA933D0B2A9}.Debug|MacOS.Build.0 = Debug|MacOS
		{0E927839-EA8C-4701-8AFE-DCA933D0B2A9}.Debug|MSWin64.ActiveCfg = Debug|MSWin64
		{0E927839-EA8C-4701-8AFE-DCA933D0B2A9}.Debug|MSWin64.Build.0 = Debug|MSWin64
		{0E927839-EA8C-4701-8AFE-DCA933D0B2A9}.Release|FreeBSD.ActiveCfg = Release|FreeBSD
		{0E927839-EA8C-4701-8AFE-DCA933D0B2A9}.Release|FreeBSD.Build.0 = Release|FreeBSD
		{0E927839-EA8C-4701-8AFE-DCA933D0B2A9}.Release|Linux.ActiveCfg = Release|Linux
		{0E927839-EA8C-4701-8AFE-DCA933D0B2A9}.Release|Linux.Build.0 = Release|Linux
		{0E927839-EA8C-4701-8AFE-DCA933D0B2A9}.Release|MacOS.ActiveCfg = Release|MacOS
		{0E927839-EA8C-4701-8AFE-DCA933D0B2A9}.Release|MacOS.Build.0 = Release|MacOS
		{0E927839-EA8C-4701-8AFE-DCA933D0B2A9}.Release|MSWin64.ActiveCfg = Release|MSWin64
		{0E927839-EA8C-4701-8AFE-DCA933D0B2A9}.Release|MSWin64.Build.0 = Release|MSWin64
		{10D619AF-E1CD-4F4A-9C19-5E434300B48F}.Debug|FreeBSD.ActiveCfg = Debug|FreeBSD
		{10D619AF-E1CD-4F4A-9C19-5E434300B48F}.Debug|FreeBSD.Build.0 = Debug|FreeBSD
		{10D619AF-E1CD-4F4A-9C19-5E434300B48F}.Debug|Linux.ActiveCfg = Debug|Linux
		{10D619AF-E1CD-4F4A-9C19-5E434300B48F}.Debug|Linux.Build.0 = Debug|Linux
		{10D619AF-E1CD-4F4A-9C19-5E434300B48F}.Debug|MacOS.ActiveCfg = Debug|MacOS
		{10D619AF-E1CD-4F4A-9C19-5E434300B48F}.Debug|MacOS.Build.0 = Debug|MacOS
		{10D619AF-E1CD-4F4A-9C19-5E434300B48F}.Debug|MSWin64.ActiveCfg = Debug|MSWin64
		{10D619AF-E1CD-4F4A-9C19-5E434300B48F}.Debug|MSWin64.Build.0 = Debug|MSWin64
		{10D619AF-E1CD-4F4A-9C19-5E434300B48F}.Release|FreeBSD.ActiveCfg = Release|FreeBSD
		{10D619AF-E1CD-4F4A-9C19-5E434300B48F}.Release|FreeBSD.Build.0 = Release|FreeBSD
		{10D619AF-E1CD-4F4A-9C19-5E434300B48F}.Release|Linux.ActiveCfg = Release|Linux
		{10D619AF-E1CD-4F4A-9C19-5E434300B48F}.Release|Linux.Build.0 = Release|Linux
		{10D619AF-E1CD-4F4A-9C19-5E434300B48F}.Release|MacOS.ActiveCfg = Release|MacOS
		{10D619AF-E1CD-4F4A-9C19-5E434300B48F}.Release|MacOS.Build.0 = Release|MacOS
		{10D619AF-E1CD-4F4A-9C19-5E434300B48F}.Release|MSWin64.ActiveCfg = Release|MSWin64
		{10D619AF-E1CD-4F4A-9C19-5E434300B48F}.Release|MSWin64.Build.0 = Release|MSWin64
		{EF9864C5-4DEC-46E8-BC11-A2E5BB9BB9D4}.Debug|FreeBSD.ActiveCfg = Debug|FreeBSD
		{EF9864C5-4DEC-46E8-BC11-A2E5BB9BB9D4}.Debug|FreeBSD.Build.0 = Debug|FreeBSD
		{EF9864C5-4DEC-46E8-BC11-A2E5BB9BB9D4}.Debug|Linux.ActiveCfg = Debug|Linux
		{EF9864C5-4DEC-46E8-BC11-A2E5BB9BB9D4}.Debug|Linux.Build.0 = Debug|Linux
		{EF9864C5-4DEC-46E8-BC11-A2E5BB9BB9D4}.Debug|MacOS.ActiveCfg = Debug|MacOS
		{EF9864C5-4DEC-46E8-BC11-A2E5BB9BB9D4}.Debug|MacOS.Build.0 = Debug|MacOS
		{EF9864C5-4DEC-46E8-BC11-A2E5BB9BB9D4}.Debug|MSWin64.ActiveCfg = Debug|MSWin64
		{EF9864C5-4DEC-46E8-BC11-A2E5BB9BB9D4}.Debug|MSWin64.Build.0 = Debug|MSWin64
		{EF9864C5-4DEC-46E8-BC11-A2E5BB9BB9D4}.Release|FreeBSD.ActiveCfg = Release|FreeBSD
		{EF9864C5-4DEC-46E8-BC11-A2E5BB9BB9D4}.Release|FreeBSD.Build.0 = Release|FreeBSD
		{EF9864C5-4DEC-46E8-BC11-A2E5BB9BB9D4}.Release|Linux.ActiveCfg = Release|Linux
		{EF9864C5-4DEC-46E8-BC11-A2E5BB9BB9D4}.Release|Linux.Build.0 = Release|Linux
		{EF9864C5-4DEC-46E8-BC11-A2E5BB9BB9D4}.Release|MacOS.ActiveCfg = Release|MacOS
		{EF9864C5-4DEC-46E8-BC11-A2E5BB9BB9D4}.Release|MacOS.Build.0 = Release|MacOS
		{EF9864C5-4DEC-46E8-BC11-A2E5BB9BB9D4}.Release|MSWin64.ActiveCfg = Release|MSWin64
		{EF9864C5-4DEC-46E8-BC11-A2E5BB9BB9D4}.Release|MSWin64.Build.0 = Release|MSWin64
		{D0C39D9D-BED0-418B-9A5E-713176CAF40C}.Debug|FreeBSD.ActiveCfg = Debug|FreeBSD
		{D0C39D9D-BED0-418B-9A5E-713176CAF40C}.Debug|FreeBSD.Build.0 = Debug|FreeBSD
		{D0C39D9D-BED0-418B-9A5E-713176CAF40C}.Debug|Linux.ActiveCfg = Debug|Linux
		{D0C39D9D-BED0-418B-9A5E-713176CAF40C}.Debug|Linux.Build.0 = Debug|Linux
		{D0C39D9D-BED0-418B-9A5E-713176CAF40C}.Debug|MacOS.ActiveCfg = Debug|MacOS
		{D0C39D9D-BED0-418B-9A5E-713176CAF40C}.Debug|MacOS.Build.0 = Debug|MacOS
		{D0C39D9D-BED0-418B-9A5E-713176CAF40C}.Debug|MSWin64.ActiveCfg = Debug|MSWin64
		{D0C39D9D-BED0-418B-9A5E-713176CAF40C}.Debug|MSWin64.Build.0 = Debug|MSWin64
		{D0C39D9D-BED0-418B-9A5E-713176CAF40C}.Release|FreeBSD.ActiveCfg = Release|FreeBSD
		{D0C39D9D-BED0-418B-9A5E-713176CAF40C}.Release|FreeBSD.Build.0 = Release|FreeBSD
		{D0C39D9D-BED0-418B-9A5E-713176CAF40C}.Release|Linux.ActiveCfg = Release|Linux
		{D0C39D9D-BED0-418B-9A5E-713176CAF40C}.Release|Linux.Build.0 = Release|Linux
		{D0C39D9D-BED0-418B-9A5E-713176CAF40C}.Release|MacOS.ActiveCfg = Release|MacOS
		{D0C39D9D-BED0-418B-9A5E-713176CAF40C}.Release|MacOS.Build.0 = Release|MacOS
		{D0C39D9D-BED0-418B-9A5E-713176CAF40C}.Release|MSWin64.ActiveCfg = Release|MSWin64
		{D0C39D9D-BED0-418B-9A5E-713176CAF40C}.Release|MSWin64.Build.0 = Release|MSWin64
		{E06DEF77-F933-42FB-AFD7-DB2D0D8D6A98}.Debug|FreeBSD.ActiveCfg = Debug|FreeBSD
		{E06DEF77-F933-42FB-AFD7-DB2D0D8D6A98}.Debug|FreeBSD.Build.0 = Debug|FreeBSD
		{E06DEF77-F933-42FB-AFD7-DB2D0D8D6A98}.Debug|Linux.ActiveCfg = Debug|Linux
		{E06DEF77-F933-42FB-AFD7-DB2D0D8D6A98}.Debug|Linux.Build.0 = Debug|Linux
		{E06DEF77-F933-42FB-AFD7-DB2D0D8D6A98}.Debug|MacOS.ActiveCfg = Debug|MacOS
		{E06DEF77-F933-42FB-AFD7-DB2D0D8D6A98}.Debug|MacOS.Build.0 = Debug|MacOS
		{E06DEF77-F933-42FB-AFD7-DB2D0D8D6A98}.Debug|MSWin64.ActiveCfg = Debug|MSWin64
		{E06DEF77-F933-42FB-AFD7-DB2D0D8D6A98}.Debug|MSWin64.Build.0 = Debug|MSWin64
		{E06DEF77-F933-42FB-AFD7-DB2D0D8D6A98}.Release|FreeBSD.ActiveCfg = Release|FreeBSD
		{E06DEF77-F933-42FB-AFD7-DB2D0D8D6A98}.Release|FreeBSD.Build.0 = Release|FreeBSD
		{E06DEF77-F933-42FB-AFD7-DB2D0D8D6A98}.Release|Linux.ActiveCfg = Release|Linux
		{E06DEF77-F933-42FB-AFD7-DB2D0D8D6A98}.Release|Linux.Build.0 = Release|Linux
		{E06DEF77-F933-42FB-AFD7-DB2D0D8D6A98}.Release|MacOS.ActiveCfg = Release|MacOS
		{E06DEF77-F933-42FB-AFD7-DB2D0D8D6A98}.Release|MacOS.Build.0 = Release|MacOS
		{E06DEF77-F933-42FB-AFD7-DB2D0D8D6A98}.Release|MSWin64.ActiveCfg = Release|MSWin64
		{E06DEF77-F933-42FB-AFD7-DB2D0D8D6A98}.Release|MSWin64.Build.0 = Release|MSWin64
		{63C0FEA0-0FCE-4874-992D-C963DCBC1D1C}.Debug|FreeBSD.ActiveCfg = Debug|Any CPU
		{63C0FEA0-0FCE-4874-992D-C963DCBC1D1C}.Debug|FreeBSD.Build.0 = Debug|Any CPU
		{63C0FEA0-0FCE-4874-992D-C963DCBC1D1C}.Debug|Linux.ActiveCfg = Debug|Any CPU
		{63C0FEA0-0FCE-4874-992D-C963DCBC1D1C}.Debug|Linux.Build.0 = Debug|Any CPU
		{63C0FEA0-0FCE-4874-992D-C963DCBC1D1C}.Debug|MacOS.ActiveCfg = Debug|Any CPU
		{63C0FEA0-0FCE-4874-992D-C963DCBC1D1C}.Debug|MacOS.Build.0 = Debug|Any CPU
		{63C0FEA0-0FCE-4874-992D-C963DCBC1D1C}.Debug|MSWin64.ActiveCfg = Debug|Any CPU
		{63C0FEA0-0FCE-4874-992D-C963DCBC1D1C}.Debug|MSWin64.Build.0 = Debug|Any CPU
		{63C0FEA0-0FCE-4874-992D-C963DCBC1D1C}.Release|FreeBSD.ActiveCfg = Release|Any CPU
		{63C0FEA0-0FCE-4874-992D-C963DCBC1D1C}.Release|FreeBSD.Build.0 = Release|Any CPU
		{63C0FEA0-0FCE-4874-992D-C963DCBC1D1C}.Release|Linux.ActiveCfg = Release|Any CPU
		{63C0FEA0-0FCE-4874-992D-C963DCBC1D1C}.Release|Linux.Build.0 = Release|Any CPU
		{63C0FEA0-0FCE-4874-992D-C963DCBC1D1C}.Release|MacOS.ActiveCfg = Release|Any CPU
		{63C0FEA0-0FCE-4874-992D-C963DCBC1D1C}.Release|MacOS.Build.0 = Release|Any CPU
		{63C0FEA0-0FCE-4874-992D-C963DCBC1D1C}.Release|MSWin64.ActiveCfg = Release|Any CPU
		{63C0FEA0-0FCE-4874-992D-C963DCBC1D1C}.Release|MSWin64.Build.0 = Release|Any CPU
		{6E90AC38-D42E-4D3E-AA18-072EA2846C6E}.Debug|FreeBSD.ActiveCfg = Debug|FreeBSD
		{6E90AC38-D42E-4D3E-AA18-072EA2846C6E}.Debug|FreeBSD.Build.0 = Debug|FreeBSD
		{6E90AC38-D42E-4D3E-AA18-072EA2846C6E}.Debug|Linux.ActiveCfg = Debug|Linux
		{6E90AC38-D42E-4D3E-AA18-072EA2846C6E}.Debug|Linux.Build.0 = Debug|Linux
		{6E90AC38-D42E-4D3E-AA18-072EA2846C6E}.Debug|MacOS.ActiveCfg = Debug|MacOS
		{6E90AC38-D42E-4D3E-AA18-072EA2846C6E}.Debug|MacOS.Build.0 = Debug|MacOS
		{6E90AC38-D42E-4D3E-AA18-072EA2846C6E}.Debug|MSWin64.ActiveCfg = Debug|MSWin64
		{6E90AC38-D42E-4D3E-AA18-072EA2846C6E}.Debug|MSWin64.Build.0 = Debug|MSWin64
		{6E90AC38-D42E-4D3E-AA18-072EA2846C6E}.Release|FreeBSD.ActiveCfg = Release|FreeBSD
		{6E90AC38-D42E-4D3E-AA18-072EA2846C6E}.Release|FreeBSD.Build.0 = Release|FreeBSD
		{6E90AC38-D42E-4D3E-AA18-072EA2846C6E}.Release|Linux.ActiveCfg = Release|Linux
		{6E90AC38-D42E-4D3E-AA18-072EA2846C6E}.Release|Linux.Build.0 = Release|Linux
		{6E90AC38-D42E-4D3E-AA18-072EA2846C6E}.Release|MacOS.ActiveCfg = Release|MacOS
		{6E90AC38-D42E-4D3E-AA18-072EA2846C6E}.Release|MacOS.Build.0 = Release|MacOS
		{6E90AC38-D42E-4D3E-AA18-072EA2846C6E}.Release|MSWin64.ActiveCfg = Release|MSWin64
		{6E90AC38-D42E-4D3E-AA18-072EA2846C6E}.Release|MSWin64.Build.0 = Release|MSWin64
		{090AF41C-81C5-4324-BED2-BE6044D88703}.Debug|FreeBSD.ActiveCfg = Debug|Any CPU
		{090AF41C-81C5-4324-BED2-BE6044D88703}.Debug|FreeBSD.Build.0 = Debug|Any CPU
		{090AF41C-81C5-4324-BED2-BE6044D88703}.Debug|Linux.ActiveCfg = Debug|Any CPU
		{090AF41C-81C5-4324-BED2-BE6044D88703}.Debug|Linux.Build.0 = Debug|Any CPU
		{090AF41C-81C5-4324-BED2-BE6044D88703}.Debug|MacOS.ActiveCfg = Debug|Any CPU
		{090AF41C-81C5-4324-BED2-BE6044D88703}.Debug|MacOS.Build.0 = Debug|Any CPU
		{090AF41C-81C5-4324-BED2-BE6044D88703}.Debug|MSWin64.ActiveCfg = Debug|Any CPU
		{090AF41C-81C5-4324-BED2-BE6044D88703}.Debug|MSWin64.Build.0 = Debug|Any CPU
		{090AF41C-81C5-4324-BED2-BE6044D88703}.Release|FreeBSD.ActiveCfg = Release|Any CPU
		{090AF41C-81C5-4324-BED2-BE6044D88703}.Release|FreeBSD.Build.0 = Release|Any CPU
		{090AF41C-81C5-4324-BED2-BE6044D88703}.Release|Linux.ActiveCfg = Release|Any CPU
		{090AF41C-81C5-4324-BED2-BE6044D88703}.Release|Linux.Build.0 = Release|Any CPU
		{090AF41C-81C5-4324-BED2-BE6044D88703}.Release|MacOS.ActiveCfg = Release|Any CPU
		{090AF41C-81C5-4324-BED2-BE6044D88703}.Release|MacOS.Build.0 = Release|Any CPU
		{090AF41C-81C5-4324-BED2-BE6044D88703}.Release|MSWin64.ActiveCfg = Release|Any CPU
		{090AF41C-81C5-4324-BED2-BE6044D88703}.Release|MSWin64.Build.0 = Release|Any CPU
		{D7823209-E01F-47F9-BB58-C7C54901D7BE}.Debug|FreeBSD.ActiveCfg = Debug|FreeBSD
		{D7823209-E01F-47F9-BB58-C7C54901D7BE}.Debug|FreeBSD.Build.0 = Debug|FreeBSD
		{D7823209-E01F-47F9-BB58-C7C54901D7BE}.Debug|Linux.ActiveCfg = Debug|Linux
		{D7823209-E01F-47F9-BB58-C7C54901D7BE}.Debug|Linux.Build.0 = Debug|Linux
		{D7823209-E01F-47F9-BB58-C7C54901D7BE}.Debug|MacOS.ActiveCfg = Debug|MacOS
		{D7823209-E01F-47F9-BB58-C7C54901D7BE}.Debug|MacOS.Build.0 = Debug|MacOS
		{D7823209-E01F-47F9-BB58-C7C54901D7BE}.Debug|MSWin64.ActiveCfg = Debug|MSWin64
		{D7823209-E01F-47F9-BB58-C7C54901D7BE}.Debug|MSWin64.Build.0 = Debug|MSWin64
		{D7823209-E01F-47F9-BB58-C7C54901D7BE}.Release|FreeBSD.ActiveCfg = Release|FreeBSD
		{D7823209-E01F-47F9-BB58-C7C54901D7BE}.Release|FreeBSD.Build.0 = Release|FreeBSD
		{D7823209-E01F-47F9-BB58-C7C54901D7BE}.Release|Linux.ActiveCfg = Release|Linux
		{D7823209-E01F-47F9-BB58-C7C54901D7BE}.Release|Linux.Build.0 = Release|Linux
		{D7823209-E01F-47F9-BB58-C7C54901D7BE}.Release|MacOS.ActiveCfg = Release|MacOS
		{D7823209-E01F-47F9-BB58-C7C54901D7BE}.Release|MacOS.Build.0 = Release|MacOS
		{D7823209-E01F-47F9-BB58-C7C54901D7BE}.Release|MSWin64.ActiveCfg = Release|MSWin64
		{D7823209-E01F-47F9-BB58-C7C54901D7BE}.Release|MSWin64.Build.0 = Release|MSWin64
		{ECED32B7-1081-48D3-A223-1CB67A2D7016}.Debug|FreeBSD.ActiveCfg = Debug|FreeBSD
		{ECED32B7-1081-48D3-A223-1CB67A2D7016}.Debug|FreeBSD.Build.0 = Debug|FreeBSD
		{ECED32B7-1081-48D3-A223-1CB67A2D7016}.Debug|Linux.ActiveCfg = Debug|Linux
		{ECED32B7-1081-48D3-A223-1CB67A2D7016}.Debug|Linux.Build.0 = Debug|Linux
		{ECED32B7-1081-48D3-A223-1CB67A2D7016}.Debug|MacOS.ActiveCfg = Debug|MacOS
		{ECED32B7-1081-48D3-A223-1CB67A2D7016}.Debug|MacOS.Build.0 = Debug|MacOS
		{ECED32B7-1081-48D3-A223-1CB67A2D7016}.Debug|MSWin64.ActiveCfg = Debug|MSWin64
		{ECED32B7-1081-48D3-A223-1CB67A2D7016}.Debug|MSWin64.Build.0 = Debug|MSWin64
		{ECED32B7-1081-48D3-A223-1CB67A2D7016}.Release|FreeBSD.ActiveCfg = Release|FreeBSD
		{ECED32B7-1081-48D3-A223-1CB67A2D7016}.Release|FreeBSD.Build.0 = Release|FreeBSD
		{ECED32B7-1081-48D3-A223-1CB67A2D7016}.Release|Linux.ActiveCfg = Release|Linux
		{ECED32B7-1081-48D3-A223-1CB67A2D7016}.Release|Linux.Build.0 = Release|Linux
		{ECED32B7-1081-48D3-A223-1CB67A2D7016}.Release|MacOS.ActiveCfg = Release|MacOS
		{ECED32B7-1081-48D3-A223-1CB67A2D7016}.Release|MacOS.Build.0 = Release|MacOS
		{ECED32B7-1081-48D3-A223-1CB67A2D7016}.Release|MSWin64.ActiveCfg = Release|MSWin64
		{ECED32B7-1081-48D3-A223-1CB67A2D7016}.Release|MSWin64.Build.0 = Release|MSWin64
		{364F77E2-0ABF-49E6-9BFF-484CA1B8FBE7}.Debug|FreeBSD.ActiveCfg = Debug|FreeBSD
		{364F77E2-0ABF-49E6-9BFF-484CA1B8FBE7}.Debug|FreeBSD.Build.0 = Debug|FreeBSD
		{364F77E2-0ABF-49E6-9BFF-484CA1B8FBE7}.Debug|Linux.ActiveCfg = Debug|Linux
		{364F77E2-0ABF-49E6-9BFF-484CA1B8FBE7}.Debug|Linux.Build.0 = Debug|Linux
		{364F77E2-0ABF-49E6-9BFF-484CA1B8FBE7}.Debug|MacOS.ActiveCfg = Debug|MacOS
		{364F77E2-0ABF-49E6-9BFF-484CA1B8FBE7}.Debug|MacOS.Build.0 = Debug|MacOS
		{364F77E2-0ABF-49E6-9BFF-484CA1B8FBE7}.Debug|MSWin64.ActiveCfg = Debug|MSWin64
		{364F77E2-0ABF-49E6-9BFF-484CA1B8FBE7}.Debug|MSWin64.Build.0 = Debug|MSWin64
		{364F77E2-0ABF-49E6-9BFF-484CA1B8FBE7}.Release|FreeBSD.ActiveCfg = Release|FreeBSD
		{364F77E2-0ABF-49E6-9BFF-484CA1B8FBE7}.Release|FreeBSD.Build.0 = Release|FreeBSD
		{364F77E2-0ABF-49E6-9BFF-484CA1B8FBE7}.Release|Linux.ActiveCfg = Release|Linux
		{364F77E2-0ABF-49E6-9BFF-484CA1B8FBE7}.Release|Linux.Build.0 = Release|Linux
		{364F77E2-0ABF-49E6-9BFF-484CA1B8FBE7}.Release|MacOS.ActiveCfg = Release|MacOS
		{364F77E2-0ABF-49E6-9BFF-484CA1B8FBE7}.Release|MacOS.Build.0 = Release|MacOS
		{364F77E2-0ABF-49E6-9BFF-484CA1B8FBE7}.Release|MSWin64.ActiveCfg = Release|MSWin64
		{364F77E2-0ABF-49E6-9BFF-484CA1B8FBE7}.Release|MSWin64.Build.0 = Release|MSWin64
		{3B065DB0-B182-4268-A2A5-2924A9617970}.Debug|FreeBSD.ActiveCfg = Debug|FreeBSD
		{3B065DB0-B182-4268-A2A5-2924A9617970}.Debug|FreeBSD.Build.0 = Debug|FreeBSD
		{3B065DB0-B182-4268-A2A5-2924A9617970}.Debug|Linux.ActiveCfg = Debug|Linux
		{3B065DB0-B182-4268-A2A5-2924A9617970}.Debug|Linux.Build.0 = Debug|Linux
		{3B065DB0-B182-4268-A2A5-2924A9617970}.Debug|MacOS.ActiveCfg = Debug|MacOS
		{3B065DB0-B182-4268-A2A5-2924A9617970}.Debug|MacOS.Build.0 = Debug|MacOS
		{3B065DB0-B182-4268-A2A5-2924A9617970}.Debug|MSWin64.ActiveCfg = Debug|MSWin64
		{3B065DB0-B182-4268-A2A5-2924A9617970}.Debug|MSWin64.Build.0 = Debug|MSWin64
		{3B065DB0-B182-4268-A2A5-2924A9617970}.Release|FreeBSD.ActiveCfg = Release|FreeBSD
		{3B065DB0-B182-4268-A2A5-2924A9617970}.Release|FreeBSD.Build.0 = Release|FreeBSD
		{3B065DB0-B182-4268-A2A5-2924A9617970}.Release|Linux.ActiveCfg = Release|Linux
		{3B065DB0-B182-4268-A2A5-2924A9617970}.Release|Linux.Build.0 = Release|Linux
		{3B065DB0-B182-4268-A2A5-2924A9617970}.Release|MacOS.ActiveCfg = Release|MacOS
		{3B065DB0-B182-4268-A2A5-2924A9617970}.Release|MacOS.Build.0 = Release|MacOS
		{3B065DB0-B182-4268-A2A5-2924A9617970}.Release|MSWin64.ActiveCfg = Release|MSWin64
		{3B065DB0-B182-4268-A2A5-2924A9617970}.Release|MSWin64.Build.0 = Release|MSWin64
		{58303D52-0C44-4E3A-A8BA-8E75FC4C7AFE}.Debug|FreeBSD.ActiveCfg = Debug|FreeBSD
		{58303D52-0C44-4E3A-A8BA-8E75FC4C7AFE}.Debug|FreeBSD.Build.0 = Debug|FreeBSD
		{58303D52-0C44-4E3A-A8BA-8E75FC4C7AFE}.Debug|Linux.ActiveCfg = Debug|Linux
		{58303D52-0C44-4E3A-A8BA-8E75FC4C7AFE}.Debug|Linux.Build.0 = Debug|Linux
		{58303D52-0C44-4E3A-A8BA-8E75FC4C7AFE}.Debug|MacOS.ActiveCfg = Debug|MacOS
		{58303D52-0C44-4E3A-A8BA-8E75FC4C7AFE}.Debug|MacOS.Build.0 = Debug|MacOS
		{58303D52-0C44-4E3A-A8BA-8E75FC4C7AFE}.Debug|MSWin64.ActiveCfg = Debug|MSWin64
		{58303D52-0C44-4E3A-A8BA-8E75FC4C7AFE}.Debug|MSWin64.Build.0 = Debug|MSWin64
		{58303D52-0C44-4E3A-A8BA-8E75FC4C7AFE}.Release|FreeBSD.ActiveCfg = Release|FreeBSD
		{58303D52-0C44-4E3A-A8BA-8E75FC4C7AFE}.Release|FreeBSD.Build.0 = Release|FreeBSD
		{58303D52-0C44-4E3A-A8BA-8E75FC4C7AFE}.Release|Linux.ActiveCfg = Release|Linux
		{58303D52-0C44-4E3A-A8BA-8E75FC4C7AFE}.Release|Linux.Build.0 = Release|Linux
		{58303D52-0C44-4E3A-A8BA-8E75FC4C7AFE}.Release|MacOS.ActiveCfg = Release|MacOS
		{58303D52-0C44-4E3A-A8BA-8E75FC4C7AFE}.Release|MacOS.Build.0 = Release|MacOS
		{58303D52-0C44-4E3A-A8BA-8E75FC4C7AFE}.Release|MSWin64.ActiveCfg = Release|MSWin64
		{58303D52-0C44-4E3A-A8BA-8E75FC4C7AFE}.Release|MSWin64.Build.0 = Release|MSWin64
		{99EC1659-844A-46A5-9CAC-002ABE5DE744}.Debug|FreeBSD.ActiveCfg = Debug|FreeBSD
		{99EC1659-844A-46A5-9CAC-002ABE5DE744}.Debug|FreeBSD.Build.0 = Debug|FreeBSD
		{99EC1659-844A-46A5-9CAC-002ABE5DE744}.Debug|Linux.ActiveCfg = Debug|Linux
		{99EC1659-844A-46A5-9CAC-002ABE5DE744}.Debug|Linux.Build.0 = Debug|Linux
		{99EC1659-844A-46A5-9CAC-002ABE5DE744}.Debug|MacOS.ActiveCfg = Debug|MacOS
		{99EC1659-844A-46A5-9CAC-002ABE5DE744}.Debug|MacOS.Build.0 = Debug|MacOS
		{99EC1659-844A-46A5-9CAC-002ABE5DE744}.Debug|MSWin64.ActiveCfg = Debug|MSWin64
		{99EC1659-844A-46A5-9CAC-002ABE5DE744}.Debug|MSWin64.Build.0 = Debug|MSWin64
		{99EC1659-844A-46A5-9CAC-002ABE5DE744}.Release|FreeBSD.ActiveCfg = Release|FreeBSD
		{99EC1659-844A-46A5-9CAC-002ABE5DE744}.Release|FreeBSD.Build.0 = Release|FreeBSD
		{99EC1659-844A-46A5-9CAC-002ABE5DE744}.Release|Linux.ActiveCfg = Release|Linux
		{99EC1659-844A-46A5-9CAC-002ABE5DE744}.Release|Linux.Build.0 = Release|Linux
		{99EC1659-844A-46A5-9CAC-002ABE5DE744}.Release|MacOS.ActiveCfg = Release|MacOS
		{99EC1659-844A-46A5-9CAC-002ABE5DE744}.Release|MacOS.Build.0 = Release|MacOS
		{99EC1659-844A-46A5-9CAC-002ABE5DE744}.Release|MSWin64.ActiveCfg = Release|MSWin64
		{99EC1659-844A-46A5-9CAC-002ABE5DE744}.Release|MSWin64.Build.0 = Release|MSWin64
		{7BF2E251-DF51-49F0-BBB0-CC1BAD0D4661}.Debug|FreeBSD.ActiveCfg = Debug|FreeBSD
		{7BF2E251-DF51-49F0-BBB0-CC1BAD0D4661}.Debug|FreeBSD.Build.0 = Debug|FreeBSD
		{7BF2E251-DF51-49F0-BBB0-CC1BAD0D4661}.Debug|Linux.ActiveCfg = Debug|Linux
		{7BF2E251-DF51-49F0-BBB0-CC1BAD0D4661}.Debug|Linux.Build.0 = Debug|Linux
		{7BF2E251-DF51-49F0-BBB0-CC1BAD0D4661}.Debug|MacOS.ActiveCfg = Debug|MacOS
		{7BF2E251-DF51-49F0-BBB0-CC1BAD0D4661}.Debug|MacOS.Build.0 = Debug|MacOS
		{7BF2E251-DF51-49F0-BBB0-CC1BAD0D4661}.Debug|MSWin64.ActiveCfg = Debug|MSWin64
		{7BF2E251-DF51-49F0-BBB0-CC1BAD0D4661}.Debug|MSWin64.Build.0 = Debug|MSWin64
		{7BF2E251-DF51-49F0-BBB0-CC1BAD0D4661}.Release|FreeBSD.ActiveCfg = Release|FreeBSD
		{7BF2E251-DF51-49F0-BBB0-CC1BAD0D4661}.Release|FreeBSD.Build.0 = Release|FreeBSD
		{7BF2E251-DF51-49F0-BBB0-CC1BAD0D4661}.Release|Linux.ActiveCfg = Release|Linux
		{7BF2E251-DF51-49F0-BBB0-CC1BAD0D4661}.Release|Linux.Build.0 = Release|Linux
		{7BF2E251-DF51-49F0-BBB0-CC1BAD0D4661}.Release|MacOS.ActiveCfg = Release|MacOS
		{7BF2E251-DF51-49F0-BBB0-CC1BAD0D4661}.Release|MacOS.Build.0 = Release|MacOS
		{7BF2E251-DF51-49F0-BBB0-CC1BAD0D4661}.Release|MSWin64.ActiveCfg = Release|MSWin64
		{7BF2E251-DF51-49F0-BBB0-CC1BAD0D4661}.Release|MSWin64.Build.0 = Release|MSWin64
		{BB1DD73D-6461-4CB0-BE00-CF78928DA78F}.Debug|FreeBSD.ActiveCfg = Debug|FreeBSD
		{BB1DD73D-6461-4CB0-BE00-CF78928DA78F}.Debug|FreeBSD.Build.0 = Debug|FreeBSD
		{BB1DD73D-6461-4CB0-BE00-CF78928DA78F}.Debug|Linux.ActiveCfg = Debug|Linux
		{BB1DD73D-6461-4CB0-BE00-CF78928DA78F}.Debug|Linux.Build.0 = Debug|Linux
		{BB1DD73D-6461-4CB0-BE00-CF78928DA78F}.Debug|MacOS.ActiveCfg = Debug|MacOS
		{BB1DD73D-6461-4CB0-BE00-CF78928DA78F}.Debug|MacOS.Build.0 = Debug|MacOS
		{BB1DD73D-6461-4CB0-BE00-CF78928DA78F}.Debug|MSWin64.ActiveCfg = Debug|MSWin64
		{BB1DD73D-6461-4CB0-BE00-CF78928DA78F}.Debug|MSWin64.Build.0 = Debug|MSWin64
		{BB1DD73D-6461-4CB0-BE00-CF78928DA78F}.Release|FreeBSD.ActiveCfg = Release|FreeBSD
		{BB1DD73D-6461-4CB0-BE00-CF78928DA78F}.Release|FreeBSD.Build.0 = Release|FreeBSD
		{BB1DD73D-6461-4CB0-BE00-CF78928DA78F}.Release|Linux.ActiveCfg = Release|Linux
		{BB1DD73D-6461-4CB0-BE00-CF78928DA78F}.Release|Linux.Build.0 = Release|Linux
		{BB1DD73D-6461-4CB0-BE00-CF78928DA78F}.Release|MacOS.ActiveCfg = Release|MacOS
		{BB1DD73D-6461-4CB0-BE00-CF78928DA78F}.Release|MacOS.Build.0 = Release|MacOS
		{BB1DD73D-6461-4CB0-BE00-CF78928DA78F}.Release|MSWin64.ActiveCfg = Release|MSWin64
		{BB1DD73D-6461-4CB0-BE00-CF78928DA78F}.Release|MSWin64.Build.0 = Release|MSWin64
		{9D60CA3A-783F-4817-9812-DD66E0A1415B}.Debug|FreeBSD.ActiveCfg = Debug|FreeBSD
		{9D60CA3A-783F-4817-9812-DD66E0A1415B}.Debug|FreeBSD.Build.0 = Debug|FreeBSD
		{9D60CA3A-783F-4817-9812-DD66E0A1415B}.Debug|Linux.ActiveCfg = Debug|Linux
		{9D60CA3A-783F-4817-9812-DD66E0A1415B}.Debug|Linux.Build.0 = Debug|Linux
		{9D60CA3A-783F-4817-9812-DD66E0A1415B}.Debug|MacOS.ActiveCfg = Debug|MacOS
		{9D60CA3A-783F-4817-9812-DD66E0A1415B}.Debug|MacOS.Build.0 = Debug|MacOS
		{9D60CA3A-783F-4817-9812-DD66E0A1415B}.Debug|MSWin64.ActiveCfg = Debug|MSWin64
		{9D60CA3A-783F-4817-9812-DD66E0A1415B}.Debug|MSWin64.Build.0 = Debug|MSWin64
		{9D60CA3A-783F-4817-9812-DD66E0A1415B}.Release|FreeBSD.ActiveCfg = Release|FreeBSD
		{9D60CA3A-783F-4817-9812-DD66E0A1415B}.Release|FreeBSD.Build.0 = Release|FreeBSD
		{9D60CA3A-783F-4817-9812-DD66E0A1415B}.Release|Linux.ActiveCfg = Release|Linux
		{9D60CA3A-783F-4817-9812-DD66E0A1415B}.Release|Linux.Build.0 = Release|Linux
		{9D60CA3A-783F-4817-9812-DD66E0A1415B}.Release|MacOS.ActiveCfg = Release|MacOS
		{9D60CA3A-783F-4817-9812-DD66E0A1415B}.Release|MacOS.Build.0 = Release|MacOS
		{9D60CA3A-783F-4817-9812-DD66E0A1415B}.Release|MSWin64.ActiveCfg = Release|MSWin64
		{9D60CA3A-783F-4817-9812-DD66E0A1415B}.Release|MSWin64.Build.0 = Release|MSWin64
		{EE4C0602-0B7B-4E3F-8894-BEF14D0A1ECF}.Debug|FreeBSD.ActiveCfg = Debug|FreeBSD
		{EE4C0602-0B7B-4E3F-8894-BEF14D0A1ECF}.Debug|FreeBSD.Build.0 = Debug|FreeBSD
		{EE4C0602-0B7B-4E3F-8894-BEF14D0A1ECF}.Debug|Linux.ActiveCfg = Debug|Linux
		{EE4C0602-0B7B-4E3F-8894-BEF14D0A1ECF}.Debug|Linux.Build.0 = Debug|Linux
		{EE4C0602-0B7B-4E3F-8894-BEF14D0A1ECF}.Debug|MacOS.ActiveCfg = Debug|MacOS
		{EE4C0602-0B7B-4E3F-8894-BEF14D0A1ECF}.Debug|MacOS.Build.0 = Debug|MacOS
		{EE4C0602-0B7B-4E3F-8894-BEF14D0A1ECF}.Debug|MSWin64.ActiveCfg = Debug|MSWin64
		{EE4C0602-0B7B-4E3F-8894-BEF14D0A1ECF}.Debug|MSWin64.Build.0 = Debug|MSWin64
		{EE4C0602-0B7B-4E3F-8894-BEF14D0A1ECF}.Release|FreeBSD.ActiveCfg = Release|FreeBSD
		{EE4C0602-0B7B-4E3F-8894-BEF14D0A1ECF}.Release|FreeBSD.Build.0 = Release|FreeBSD
		{EE4C0602-0B7B-4E3F-8894-BEF14D0A1ECF}.Release|Linux.ActiveCfg = Release|Linux
		{EE4C0602-0B7B-4E3F-8894-BEF14D0A1ECF}.Release|Linux.Build.0 = Release|Linux
		{EE4C0602-0B7B-4E3F-8894-BEF14D0A1ECF}.Release|MacOS.ActiveCfg = Release|MacOS
		{EE4C0602-0B7B-4E3F-8894-BEF14D0A1ECF}.Release|MacOS.Build.0 = Release|MacOS
		{EE4C0602-0B7B-4E3F-8894-BEF14D0A1ECF}.Release|MSWin64.ActiveCfg = Release|MSWin64
		{EE4C0602-0B7B-4E3F-8894-BEF14D0A1ECF}.Release|MSWin64.Build.0 = Release|MSWin64
		{88D5D8A9-8495-40DB-A53A-EEBA47312751}.Debug|FreeBSD.ActiveCfg = Debug|FreeBSD
		{88D5D8A9-8495-40DB-A53A-EEBA47312751}.Debug|FreeBSD.Build.0 = Debug|FreeBSD
		{88D5D8A9-8495-40DB-A53A-EEBA47312751}.Debug|Linux.ActiveCfg = Debug|Linux
		{88D5D8A9-8495-40DB-A53A-EEBA47312751}.Debug|Linux.Build.0 = Debug|Linux
		{88D5D8A9-8495-40DB-A53A-EEBA47312751}.Debug|MacOS.ActiveCfg = Debug|MacOS
		{88D5D8A9-8495-40DB-A53A-EEBA47312751}.Debug|MacOS.Build.0 = Debug|MacOS
		{88D5D8A9-8495-40DB-A53A-EEBA47312751}.Debug|MSWin64.ActiveCfg = Debug|MSWin64
		{88D5D8A9-8495-40DB-A53A-EEBA47312751}.Debug|MSWin64.Build.0 = Debug|MSWin64
		{88D5D8A9-8495-40DB-A53A-EEBA47312751}.Release|FreeBSD.ActiveCfg = Release|FreeBSD
		{88D5D8A9-8495-40DB-A53A-EEBA47312751}.Release|FreeBSD.Build.0 = Release|FreeBSD
		{88D5D8A9-8495-40DB-A53A-EEBA47312751}.Release|Linux.ActiveCfg = Release|Linux
		{88D5D8A9-8495-40DB-A53A-EEBA47312751}.Release|Linux.Build.0 = Release|Linux
		{88D5D8A9-8495-40DB-A53A-EEBA47312751}.Release|MacOS.ActiveCfg = Release|MacOS
		{88D5D8A9-8495-40DB-A53A-EEBA47312751}.Release|MacOS.Build.0 = Release|MacOS
		{88D5D8A9-8495-40DB-A53A-EEBA47312751}.Release|MSWin64.ActiveCfg = Release|MSWin64
		{88D5D8A9-8495-40DB-A53A-EEBA47312751}.Release|MSWin64.Build.0 = Release|MSWin64
		{751A8DFC-D527-45B0-AF9A-0F2FB9C9251E}.Debug|FreeBSD.ActiveCfg = Debug|FreeBSD
		{751A8DFC-D527-45B0-AF9A-0F2FB9C9251E}.Debug|FreeBSD.Build.0 = Debug|FreeBSD
		{751A8DFC-D527-45B0-AF9A-0F2FB9C9251E}.Debug|Linux.ActiveCfg = Debug|Linux
		{751A8DFC-D527-45B0-AF9A-0F2FB9C9251E}.Debug|Linux.Build.0 = Debug|Linux
		{751A8DFC-D527-45B0-AF9A-0F2FB9C9251E}.Debug|MacOS.ActiveCfg = Debug|MacOS
		{751A8DFC-D527-45B0-AF9A-0F2FB9C9251E}.Debug|MacOS.Build.0 = Debug|MacOS
		{751A8DFC-D527-45B0-AF9A-0F2FB9C9251E}.Debug|MSWin64.ActiveCfg = Debug|MSWin64
		{751A8DFC-D527-45B0-AF9A-0F2FB9C9251E}.Debug|MSWin64.Build.0 = Debug|MSWin64
		{751A8DFC-D527-45B0-AF9A-0F2FB9C9251E}.Release|FreeBSD.ActiveCfg = Release|FreeBSD
		{751A8DFC-D527-45B0-AF9A-0F2FB9C9251E}.Release|FreeBSD.Build.0 = Release|FreeBSD
		{751A8DFC-D527-45B0-AF9A-0F2FB9C9251E}.Release|Linux.ActiveCfg = Release|Linux
		{751A8DFC-D527-45B0-AF9A-0F2FB9C9251E}.Release|Linux.Build.0 = Release|Linux
		{751A8DFC-D527-45B0-AF9A-0F2FB9C9251E}.Release|MacOS.ActiveCfg = Release|MacOS
		{751A8DFC-D527-45B0-AF9A-0F2FB9C9251E}.Release|MacOS.Build.0 = Release|MacOS
		{751A8DFC-D527-45B0-AF9A-0F2FB9C9251E}.Release|MSWin64.ActiveCfg = Release|MSWin64
		{751A8DFC-D527-45B0-AF9A-0F2FB9C9251E}.Release|MSWin64.Build.0 = Release|MSWin64
		{85F58C6E-E702-4304-A4AA-EAE42D769BDD}.Debug|FreeBSD.ActiveCfg = Debug|FreeBSD
		{85F58C6E-E702-4304-A4AA-EAE42D769BDD}.Debug|FreeBSD.Build.0 = Debug|FreeBSD
		{85F58C6E-E702-4304-A4AA-EAE42D769BDD}.Debug|Linux.ActiveCfg = Debug|Linux
		{85F58C6E-E702-4304-A4AA-EAE42D769BDD}.Debug|Linux.Build.0 = Debug|Linux
		{85F58C6E-E702-4304-A4AA-EAE42D769BDD}.Debug|MacOS.ActiveCfg = Debug|MacOS
		{85F58C6E-E702-4304-A4AA-EAE42D769BDD}.Debug|MacOS.Build.0 = Debug|MacOS
		{85F58C6E-E702-4304-A4AA-EAE42D769BDD}.Debug|MSWin64.ActiveCfg = Debug|MSWin64
		{85F58C6E-E702-4304-A4AA-EAE42D769BDD}.Debug|MSWin64.Build.0 = Debug|MSWin64
		{85F58C6E-E702-4304-A4AA-EAE42D769BDD}.Release|FreeBSD.ActiveCfg = Release|FreeBSD
		{85F58C6E-E702-4304-A4AA-EAE42D769BDD}.Release|FreeBSD.Build.0 = Release|FreeBSD
		{85F58C6E-E702-4304-A4AA-EAE42D769BDD}.Release|Linux.ActiveCfg = Release|Linux
		{85F58C6E-E702-4304-A4AA-EAE42D769BDD}.Release|Linux.Build.0 = Release|Linux
		{85F58C6E-E702-4304-A4AA-EAE42D769BDD}.Release|MacOS.ActiveCfg = Release|MacOS
		{85F58C6E-E702-4304-A4AA-EAE42D769BDD}.Release|MacOS.Build.0 = Release|MacOS
		{85F58C6E-E702-4304-A4AA-EAE42D769BDD}.Release|MSWin64.ActiveCfg = Release|MSWin64
		{85F58C6E-E702-4304-A4AA-EAE42D769BDD}.Release|MSWin64.Build.0 = Release|MSWin64
		{FDC23700-4CEE-4984-85CE-2BC73AEF1FF5}.Debug|FreeBSD.ActiveCfg = Debug|FreeBSD
		{FDC23700-4CEE-4984-85CE-2BC73AEF1FF5}.Debug|FreeBSD.Build.0 = Debug|FreeBSD
		{FDC23700-4CEE-4984-85CE-2BC73AEF1FF5}.Debug|Linux.ActiveCfg = Debug|Linux
		{FDC23700-4CEE-4984-85CE-2BC73AEF1FF5}.Debug|Linux.Build.0 = Debug|Linux
		{FDC23700-4CEE-4984-85CE-2BC73AEF1FF5}.Debug|MacOS.ActiveCfg = Debug|MacOS
		{FDC23700-4CEE-4984-85CE-2BC73AEF1FF5}.Debug|MacOS.Build.0 = Debug|MacOS
		{FDC23700-4CEE-4984-85CE-2BC73AEF1FF5}.Debug|MSWin64.ActiveCfg = Debug|MSWin64
		{FDC23700-4CEE-4984-85CE-2BC73AEF1FF5}.Debug|MSWin64.Build.0 = Debug|MSWin64
		{FDC23700-4CEE-4984-85CE-2BC73AEF1FF5}.Release|FreeBSD.ActiveCfg = Release|FreeBSD
		{FDC23700-4CEE-4984-85CE-2BC73AEF1FF5}.Release|FreeBSD.Build.0 = Release|FreeBSD
		{FDC23700-4CEE-4984-85CE-2BC73AEF1FF5}.Release|Linux.ActiveCfg = Release|Linux
		{FDC23700-4CEE-4984-85CE-2BC73AEF1FF5}.Release|Linux.Build.0 = Release|Linux
		{FDC23700-4CEE-4984-85CE-2BC73AEF1FF5}.Release|MacOS.ActiveCfg = Release|MacOS
		{FDC23700-4CEE-4984-85CE-2BC73AEF1FF5}.Release|MacOS.Build.0 = Release|MacOS
		{FDC23700-4CEE-4984-85CE-2BC73AEF1FF5}.Release|MSWin64.ActiveCfg = Release|MSWin64
		{FDC23700-4CEE-4984-85CE-2BC73AEF1FF5}.Release|MSWin64.Build.0 = Release|MSWin64
		{D2BCF181-9B1A-4A37-B197-9CB39359BE18}.Debug|FreeBSD.ActiveCfg = Debug|FreeBSD
		{D2BCF181-9B1A-4A37-B197-9CB39359BE18}.Debug|FreeBSD.Build.0 = Debug|FreeBSD
		{D2BCF181-9B1A-4A37-B197-9CB39359BE18}.Debug|Linux.ActiveCfg = Debug|Linux
		{D2BCF181-9B1A-4A37-B197-9CB39359BE18}.Debug|Linux.Build.0 = Debug|Linux
		{D2BCF181-9B1A-4A37-B197-9CB39359BE18}.Debug|MacOS.ActiveCfg = Debug|MacOS
		{D2BCF181-9B1A-4A37-B197-9CB39359BE18}.Debug|MacOS.Build.0 = Debug|MacOS
		{D2BCF181-9B1A-4A37-B197-9CB39359BE18}.Debug|MSWin64.ActiveCfg = Debug|MSWin64
		{D2BCF181-9B1A-4A37-B197-9CB39359BE18}.Debug|MSWin64.Build.0 = Debug|MSWin64
		{D2BCF181-9B1A-4A37-B197-9CB39359BE18}.Release|FreeBSD.ActiveCfg = Release|FreeBSD
		{D2BCF181-9B1A-4A37-B197-9CB39359BE18}.Release|FreeBSD.Build.0 = Release|FreeBSD
		{D2BCF181-9B1A-4A37-B197-9CB39359BE18}.Release|Linux.ActiveCfg = Release|Linux
		{D2BCF181-9B1A-4A37-B197-9CB39359BE18}.Release|Linux.Build.0 = Release|Linux
		{D2BCF181-9B1A-4A37-B197-9CB39359BE18}.Release|MacOS.ActiveCfg = Release|MacOS
		{D2BCF181-9B1A-4A37-B197-9CB39359BE18}.Release|MacOS.Build.0 = Release|MacOS
		{D2BCF181-9B1A-4A37-B197-9CB39359BE18}.Release|MSWin64.ActiveCfg = Release|MSWin64
		{D2BCF181-9B1A-4A37-B197-9CB39359BE18}.Release|MSWin64.Build.0 = Release|MSWin64
		{0C2CB84B-7D50-4A0E-BD3A-85B6DAD8EE77}.Debug|FreeBSD.ActiveCfg = Debug|FreeBSD
		{0C2CB84B-7D50-4A0E-BD3A-85B6DAD8EE77}.Debug|FreeBSD.Build.0 = Debug|FreeBSD
		{0C2CB84B-7D50-4A0E-BD3A-85B6DAD8EE77}.Debug|Linux.ActiveCfg = Debug|Linux
		{0C2CB84B-7D50-4A0E-BD3A-85B6DAD8EE77}.Debug|Linux.Build.0 = Debug|Linux
		{0C2CB84B-7D50-4A0E-BD3A-85B6DAD8EE77}.Debug|MacOS.ActiveCfg = Debug|MacOS
		{0C2CB84B-7D50-4A0E-BD3A-85B6DAD8EE77}.Debug|MacOS.Build.0 = Debug|MacOS
		{0C2CB84B-7D50-4A0E-BD3A-85B6DAD8EE77}.Debug|MSWin64.ActiveCfg = Debug|MSWin64
		{0C2CB84B-7D50-4A0E-BD3A-85B6DAD8EE77}.Debug|MSWin64.Build.0 = Debug|MSWin64
		{0C2CB84B-7D50-4A0E-BD3A-85B6DAD8EE77}.Release|FreeBSD.ActiveCfg = Release|FreeBSD
		{0C2CB84B-7D50-4A0E-BD3A-85B6DAD8EE77}.Release|FreeBSD.Build.0 = Release|FreeBSD
		{0C2CB84B-7D50-4A0E-BD3A-85B6DAD8EE77}.Release|Linux.ActiveCfg = Release|Linux
		{0C2CB84B-7D50-4A0E-BD3A-85B6DAD8EE77}.Release|Linux.Build.0 = Release|Linux
		{0C2CB84B-7D50-4A0E-BD3A-85B6DAD8EE77}.Release|MacOS.ActiveCfg = Release|MacOS
		{0C2CB84B-7D50-4A0E-BD3A-85B6DAD8EE77}.Release|MacOS.Build.0 = Release|MacOS
		{0C2CB84B-7D50-4A0E-BD3A-85B6DAD8EE77}.Release|MSWin64.ActiveCfg = Release|MSWin64
		{0C2CB84B-7D50-4A0E-BD3A-85B6DAD8EE77}.Release|MSWin64.Build.0 = Release|MSWin64
		{32521FE6-112C-4095-B0A8-755C5C94D00A}.Debug|FreeBSD.ActiveCfg = Debug|FreeBSD
		{32521FE6-112C-4095-B0A8-755C5C94D00A}.Debug|FreeBSD.Build.0 = Debug|FreeBSD
		{32521FE6-112C-4095-B0A8-755C5C94D00A}.Debug|Linux.ActiveCfg = Debug|Linux
		{32521FE6-112C-4095-B0A8-755C5C94D00A}.Debug|Linux.Build.0 = Debug|Linux
		{32521FE6-112C-4095-B0A8-755C5C94D00A}.Debug|MacOS.ActiveCfg = Debug|MacOS
		{32521FE6-112C-4095-B0A8-755C5C94D00A}.Debug|MacOS.Build.0 = Debug|MacOS
		{32521FE6-112C-4095-B0A8-755C5C94D00A}.Debug|MSWin64.ActiveCfg = Debug|MSWin64
		{32521FE6-112C-4095-B0A8-755C5C94D00A}.Debug|MSWin64.Build.0 = Debug|MSWin64
		{32521FE6-112C-4095-B0A8-755C5C94D00A}.Release|FreeBSD.ActiveCfg = Release|FreeBSD
		{32521FE6-112C-4095-B0A8-755C5C94D00A}.Release|FreeBSD.Build.0 = Release|FreeBSD
		{32521FE6-112C-4095-B0A8-755C5C94D00A}.Release|Linux.ActiveCfg = Release|Linux
		{32521FE6-112C-4095-B0A8-755C5C94D00A}.Release|Linux.Build.0 = Release|Linux
		{32521FE6-112C-4095-B0A8-755C5C94D00A}.Release|MacOS.ActiveCfg = Release|MacOS
		{32521FE6-112C-4095-B0A8-755C5C94D00A}.Release|MacOS.Build.0 = Release|MacOS
		{32521FE6-112C-4095-B0A8-755C5C94D00A}.Release|MSWin64.ActiveCfg = Release|MSWin64
		{32521FE6-112C-4095-B0A8-755C5C94D00A}.Release|MSWin64.Build.0 = Release|MSWin64
	EndGlobalSection
	GlobalSection(SolutionProperties) = preSolution
		HideSolutionNode = FALSE
	EndGlobalSection
	GlobalSection(NestedProjects) = preSolution
		{D0C39D9D-BED0-418B-9A5E-713176CAF40C} = {0801C061-F6A6-466B-A355-3F7B6225ADB2}
		{E06DEF77-F933-42FB-AFD7-DB2D0D8D6A98} = {0801C061-F6A6-466B-A355-3F7B6225ADB2}
		{63C0FEA0-0FCE-4874-992D-C963DCBC1D1C} = {0801C061-F6A6-466B-A355-3F7B6225ADB2}
		{6E90AC38-D42E-4D3E-AA18-072EA2846C6E} = {0801C061-F6A6-466B-A355-3F7B6225ADB2}
		{090AF41C-81C5-4324-BED2-BE6044D88703} = {0801C061-F6A6-466B-A355-3F7B6225ADB2}
		{D7823209-E01F-47F9-BB58-C7C54901D7BE} = {0801C061-F6A6-466B-A355-3F7B6225ADB2}
		{ECED32B7-1081-48D3-A223-1CB67A2D7016} = {B8B3F590-CF25-40FC-8454-D673B594DBF3}
		{364F77E2-0ABF-49E6-9BFF-484CA1B8FBE7} = {B8B3F590-CF25-40FC-8454-D673B594DBF3}
		{3B065DB0-B182-4268-A2A5-2924A9617970} = {B8B3F590-CF25-40FC-8454-D673B594DBF3}
		{58303D52-0C44-4E3A-A8BA-8E75FC4C7AFE} = {B8B3F590-CF25-40FC-8454-D673B594DBF3}
		{99EC1659-844A-46A5-9CAC-002ABE5DE744} = {B8B3F590-CF25-40FC-8454-D673B594DBF3}
		{7BF2E251-DF51-49F0-BBB0-CC1BAD0D4661} = {B8B3F590-CF25-40FC-8454-D673B594DBF3}
		{BB1DD73D-6461-4CB0-BE00-CF78928DA78F} = {B8B3F590-CF25-40FC-8454-D673B594DBF3}
		{9D60CA3A-783F-4817-9812-DD66E0A1415B} = {B8B3F590-CF25-40FC-8454-D673B594DBF3}
		{EE4C0602-0B7B-4E3F-8894-BEF14D0A1ECF} = {B8B3F590-CF25-40FC-8454-D673B594DBF3}
		{88D5D8A9-8495-40DB-A53A-EEBA47312751} = {B8B3F590-CF25-40FC-8454-D673B594DBF3}
		{751A8DFC-D527-45B0-AF9A-0F2FB9C9251E} = {B8B3F590-CF25-40FC-8454-D673B594DBF3}
		{85F58C6E-E702-4304-A4AA-EAE42D769BDD} = {B8B3F590-CF25-40FC-8454-D673B594DBF3}
		{FDC23700-4CEE-4984-85CE-2BC73AEF1FF5} = {B8B3F590-CF25-40FC-8454-D673B594DBF3}
		{D2BCF181-9B1A-4A37-B197-9CB39359BE18} = {B8B3F590-CF25-40FC-8454-D673B594DBF3}
		{0C2CB84B-7D50-4A0E-BD3A-85B6DAD8EE77} = {B8B3F590-CF25-40FC-8454-D673B594DBF3}
	EndGlobalSection
	GlobalSection(ExtensibilityGlobals) = postSolution
		SolutionGuid = {C05CBCB7-0B24-41CC-8BDC-E5BB79045E5D}
	EndGlobalSection
EndGlobal
