
Microsoft Visual Studio Solution File, Format Version 12.00
# Visual Studio 2012
# SharpDevelop 5.1
VisualStudioVersion = 14.0.25123.0
MinimumVisualStudioVersion = 10.0.40219.1
Project("{FAE04EC0-301F-11D3-BF4B-00C04F79EFBC}") = "GEDKeeper3", "GEDKeeper3\GEDKeeper3.csproj", "{0E927839-EA8C-4701-8AFE-DCA933D0B2A9}"
EndProject
Project("{FAE04EC0-301F-11D3-BF4B-00C04F79EFBC}") = "GEDKeeper3.Gtk2", "GEDKeeper3.Gtk2\GEDKeeper3.Gtk2.csproj", "{CDA19E8B-D105-4FE1-BED6-A602E11CA535}"
EndProject
Project("{FAE04EC0-301F-11D3-BF4B-00C04F79EFBC}") = "GEDKeeper3.Gtk3", "GEDKeeper3.Gtk3\GEDKeeper3.Gtk3.csproj", "{9911F548-DD89-407A-8A78-974C8219068C}"
EndProject
Project("{FAE04EC0-301F-11D3-BF4B-00C04F79EFBC}") = "GEDKeeper3.Wpf", "GEDKeeper3.Wpf\GEDKeeper3.Wpf.csproj", "{6EFC871A-0EC1-4D3C-8779-8A9CCE3F509C}"
EndProject
Project("{FAE04EC0-301F-11D3-BF4B-00C04F79EFBC}") = "GEDKeeper3.WinForms", "GEDKeeper3.WinForms\GEDKeeper3.WinForms.csproj", "{0EA809E3-4D1B-43D6-B924-2BFCC1887DCE}"
EndProject
Project("{FAE04EC0-301F-11D3-BF4B-00C04F79EFBC}") = "GEDKeeper3.Mac", "GEDKeeper3.Mac\GEDKeeper3.Mac.csproj", "{C0AE8789-BF77-456D-9411-E6A7C46619EB}"
EndProject
Project("{FAE04EC0-301F-11D3-BF4B-00C04F79EFBC}") = "GKCommon.pcl", "..\GKCommon\GKCommon.pcl.csproj", "{A14CE3E2-B8EC-41C8-A7D1-75AE5D2509C4}"
EndProject
Project("{FAE04EC0-301F-11D3-BF4B-00C04F79EFBC}") = "GKCore.pcl", "..\GKCore\GKCore.pcl.csproj", "{10D619AF-E1CD-4F4A-9C19-5E434300B48F}"
EndProject
Project("{FAE04EC0-301F-11D3-BF4B-00C04F79EFBC}") = "GKComponents", "GKComponents\GKComponents.csproj", "{EF9864C5-4DEC-46E8-BC11-A2E5BB9BB9D4}"
EndProject
Global
	GlobalSection(SolutionConfigurationPlatforms) = preSolution
		Debug|Any CPU = Debug|Any CPU
		Release|Any CPU = Release|Any CPU
	EndGlobalSection
	GlobalSection(ProjectConfigurationPlatforms) = postSolution
		{0E927839-EA8C-4701-8AFE-DCA933D0B2A9}.Debug|Any CPU.ActiveCfg = Debug|Any CPU
		{0E927839-EA8C-4701-8AFE-DCA933D0B2A9}.Debug|Any CPU.Build.0 = Debug|Any CPU
		{0E927839-EA8C-4701-8AFE-DCA933D0B2A9}.Release|Any CPU.ActiveCfg = Release|Any CPU
		{0E927839-EA8C-4701-8AFE-DCA933D0B2A9}.Release|Any CPU.Build.0 = Release|Any CPU
		{CDA19E8B-D105-4FE1-BED6-A602E11CA535}.Debug|Any CPU.ActiveCfg = Debug|Any CPU
		{CDA19E8B-D105-4FE1-BED6-A602E11CA535}.Debug|Any CPU.Build.0 = Debug|Any CPU
		{CDA19E8B-D105-4FE1-BED6-A602E11CA535}.Release|Any CPU.ActiveCfg = Release|Any CPU
		{CDA19E8B-D105-4FE1-BED6-A602E11CA535}.Release|Any CPU.Build.0 = Release|Any CPU
		{9911F548-DD89-407A-8A78-974C8219068C}.Debug|Any CPU.ActiveCfg = Debug|Any CPU
		{9911F548-DD89-407A-8A78-974C8219068C}.Debug|Any CPU.Build.0 = Debug|Any CPU
		{9911F548-DD89-407A-8A78-974C8219068C}.Release|Any CPU.ActiveCfg = Release|Any CPU
		{9911F548-DD89-407A-8A78-974C8219068C}.Release|Any CPU.Build.0 = Release|Any CPU
		{6EFC871A-0EC1-4D3C-8779-8A9CCE3F509C}.Debug|Any CPU.ActiveCfg = Debug|Any CPU
		{6EFC871A-0EC1-4D3C-8779-8A9CCE3F509C}.Debug|Any CPU.Build.0 = Debug|Any CPU
		{6EFC871A-0EC1-4D3C-8779-8A9CCE3F509C}.Release|Any CPU.ActiveCfg = Release|Any CPU
		{6EFC871A-0EC1-4D3C-8779-8A9CCE3F509C}.Release|Any CPU.Build.0 = Release|Any CPU
		{0EA809E3-4D1B-43D6-B924-2BFCC1887DCE}.Debug|Any CPU.ActiveCfg = Debug|Any CPU
		{0EA809E3-4D1B-43D6-B924-2BFCC1887DCE}.Debug|Any CPU.Build.0 = Debug|Any CPU
		{0EA809E3-4D1B-43D6-B924-2BFCC1887DCE}.Release|Any CPU.ActiveCfg = Release|Any CPU
		{0EA809E3-4D1B-43D6-B924-2BFCC1887DCE}.Release|Any CPU.Build.0 = Release|Any CPU
		{C0AE8789-BF77-456D-9411-E6A7C46619EB}.Debug|Any CPU.ActiveCfg = Debug|Any CPU
		{C0AE8789-BF77-456D-9411-E6A7C46619EB}.Debug|Any CPU.Build.0 = Debug|Any CPU
		{C0AE8789-BF77-456D-9411-E6A7C46619EB}.Release|Any CPU.ActiveCfg = Release|Any CPU
		{C0AE8789-BF77-456D-9411-E6A7C46619EB}.Release|Any CPU.Build.0 = Release|Any CPU
		{A14CE3E2-B8EC-41C8-A7D1-75AE5D2509C4}.Debug|Any CPU.ActiveCfg = Debug|Any CPU
		{A14CE3E2-B8EC-41C8-A7D1-75AE5D2509C4}.Debug|Any CPU.Build.0 = Debug|Any CPU
		{A14CE3E2-B8EC-41C8-A7D1-75AE5D2509C4}.Release|Any CPU.ActiveCfg = Release|Any CPU
		{A14CE3E2-B8EC-41C8-A7D1-75AE5D2509C4}.Release|Any CPU.Build.0 = Release|Any CPU
		{10D619AF-E1CD-4F4A-9C19-5E434300B48F}.Debug|Any CPU.ActiveCfg = Debug|Any CPU
		{10D619AF-E1CD-4F4A-9C19-5E434300B48F}.Debug|Any CPU.Build.0 = Debug|Any CPU
		{10D619AF-E1CD-4F4A-9C19-5E434300B48F}.Release|Any CPU.ActiveCfg = Release|Any CPU
		{10D619AF-E1CD-4F4A-9C19-5E434300B48F}.Release|Any CPU.Build.0 = Release|Any CPU
		{EF9864C5-4DEC-46E8-BC11-A2E5BB9BB9D4}.Debug|Any CPU.ActiveCfg = Debug|Any CPU
		{EF9864C5-4DEC-46E8-BC11-A2E5BB9BB9D4}.Debug|Any CPU.Build.0 = Debug|Any CPU
		{EF9864C5-4DEC-46E8-BC11-A2E5BB9BB9D4}.Release|Any CPU.ActiveCfg = Release|Any CPU
		{EF9864C5-4DEC-46E8-BC11-A2E5BB9BB9D4}.Release|Any CPU.Build.0 = Release|Any CPU
	EndGlobalSection
	GlobalSection(SolutionProperties) = preSolution
		HideSolutionNode = FALSE
	EndGlobalSection
EndGlobal
