
Microsoft Visual Studio Solution File, Format Version 11.00
# Visual Studio 2010
# SharpDevelop 4.4
Project("{2150E333-8FDC-42A3-9474-1A3956D46DE8}") = "plugins", "plugins", "{F5B0E1E6-6FA7-4EEA-905A-B32125985C14}"
	ProjectSection(SolutionItems) = postProject
	EndProjectSection
EndProject
Project("{FAE04EC0-301F-11D3-BF4B-00C04F79EFBC}") = "GKTreeVizPlugin", "GKTreeVizPlugin\GKTreeVizPlugin.csproj", "{29156CC1-79B1-473D-93F4-62340686FFC3}"
EndProject
Project("{FAE04EC0-301F-11D3-BF4B-00C04F79EFBC}") = "GKTimeLinePlugin", "GKTimeLinePlugin\GKTimeLinePlugin.csproj", "{ECED32B7-1081-48D3-A223-1CB67A2D7016}"
EndProject
Project("{FAE04EC0-301F-11D3-BF4B-00C04F79EFBC}") = "GKTextSearchPlugin", "GKTextSearchPlugin\GKTextSearchPlugin.csproj", "{BB2FCE6E-DF1F-40CC-9D7E-01CC9BE97EFA}"
EndProject
Project("{FAE04EC0-301F-11D3-BF4B-00C04F79EFBC}") = "GKSamplePlugin", "GKSamplePlugin\GKSamplePlugin.csproj", "{BD2B94CA-5913-415B-9428-ED3C6D270602}"
EndProject
Project("{FAE04EC0-301F-11D3-BF4B-00C04F79EFBC}") = "GKPedigreeImporterPlugin", "GKPedigreeImporterPlugin\GKPedigreeImporterPlugin.csproj", "{859C2F5B-FBF1-4D3B-8442-CF8E44E8B74B}"
EndProject
Project("{FAE04EC0-301F-11D3-BF4B-00C04F79EFBC}") = "GKNamesBookPlugin", "GKNamesBookPlugin\GKNamesBookPlugin.csproj", "{182AFE98-D3A5-471A-B9D9-C1C53DD72829}"
EndProject
Project("{FAE04EC0-301F-11D3-BF4B-00C04F79EFBC}") = "GKImageViewerPlugin", "GKImageViewerPlugin\GKImageViewerPlugin.csproj", "{FFE7826E-C352-46F3-AAC9-67FCCD9F6987}"
EndProject
Project("{FAE04EC0-301F-11D3-BF4B-00C04F79EFBC}") = "GKFlowInputPlugin", "GKFlowInputPlugin\GKFlowInputPlugin.csproj", "{66B64B00-C457-404E-AA2B-90F18127E394}"
EndProject
Project("{FAE04EC0-301F-11D3-BF4B-00C04F79EFBC}") = "GKCalculatorPlugin", "GKCalculatorPlugin\GKCalculatorPlugin.csproj", "{782E9338-ECA7-4095-9157-6CA003801F05}"
EndProject
Project("{FAE04EC0-301F-11D3-BF4B-00C04F79EFBC}") = "GKCalendarPlugin", "GKCalendarPlugin\GKCalendarPlugin.csproj", "{091DFD9D-5599-4EEA-A616-A55FC12E9613}"
EndProject
Project("{FAE04EC0-301F-11D3-BF4B-00C04F79EFBC}") = "GKLifePlugin", "GKLifePlugin\GKLifePlugin.csproj", "{4A523280-2DEA-43C6-BE11-48BDFF283751}"
EndProject
Project("{FAE04EC0-301F-11D3-BF4B-00C04F79EFBC}") = "GEDKeeper2", "GEDKeeper2\GEDKeeper2.csproj", "{19B7D80A-37FD-4E49-9F59-87FA41B677E2}"
EndProject
Project("{FAE04EC0-301F-11D3-BF4B-00C04F79EFBC}") = "GKTests", "GKTests\GKTests.csproj", "{A8B53A6B-40A6-40BA-A671-03FC911BC37B}"
EndProject
Project("{FAE04EC0-301F-11D3-BF4B-00C04F79EFBC}") = "GKInterfaces", "GKInterfaces\GKInterfaces.csproj", "{B86F8B3B-E1CD-4A00-A73B-2D454924B8D2}"
EndProject
Project("{FAE04EC0-301F-11D3-BF4B-00C04F79EFBC}") = "GKCommon", "GKCommon\GKCommon.csproj", "{A14CE3E2-B8EC-41C8-A7D1-75AE5D2509C4}"
EndProject
Global
	GlobalSection(SolutionConfigurationPlatforms) = preSolution
		Debug|Any CPU = Debug|Any CPU
		Debug|x86 = Debug|x86
		Release|Any CPU = Release|Any CPU
		Release|x86 = Release|x86
	EndGlobalSection
	GlobalSection(ProjectConfigurationPlatforms) = postSolution
		{29156CC1-79B1-473D-93F4-62340686FFC3}.Debug|Any CPU.ActiveCfg = Debug|Any CPU
		{29156CC1-79B1-473D-93F4-62340686FFC3}.Debug|Any CPU.Build.0 = Debug|Any CPU
		{29156CC1-79B1-473D-93F4-62340686FFC3}.Debug|x86.ActiveCfg = Debug|Any CPU
		{29156CC1-79B1-473D-93F4-62340686FFC3}.Debug|x86.Build.0 = Debug|Any CPU
		{29156CC1-79B1-473D-93F4-62340686FFC3}.Release|Any CPU.ActiveCfg = Release|Any CPU
		{29156CC1-79B1-473D-93F4-62340686FFC3}.Release|Any CPU.Build.0 = Release|Any CPU
		{29156CC1-79B1-473D-93F4-62340686FFC3}.Release|x86.ActiveCfg = Release|Any CPU
		{29156CC1-79B1-473D-93F4-62340686FFC3}.Release|x86.Build.0 = Release|Any CPU
		{ECED32B7-1081-48D3-A223-1CB67A2D7016}.Debug|Any CPU.ActiveCfg = Debug|Any CPU
		{ECED32B7-1081-48D3-A223-1CB67A2D7016}.Debug|x86.ActiveCfg = Debug|Any CPU
		{ECED32B7-1081-48D3-A223-1CB67A2D7016}.Release|Any CPU.ActiveCfg = Release|Any CPU
		{ECED32B7-1081-48D3-A223-1CB67A2D7016}.Release|x86.ActiveCfg = Release|Any CPU
		{BB2FCE6E-DF1F-40CC-9D7E-01CC9BE97EFA}.Debug|Any CPU.ActiveCfg = Debug|Any CPU
		{BB2FCE6E-DF1F-40CC-9D7E-01CC9BE97EFA}.Debug|x86.ActiveCfg = Debug|Any CPU
		{BB2FCE6E-DF1F-40CC-9D7E-01CC9BE97EFA}.Release|Any CPU.ActiveCfg = Release|Any CPU
		{BB2FCE6E-DF1F-40CC-9D7E-01CC9BE97EFA}.Release|x86.ActiveCfg = Release|Any CPU
		{BD2B94CA-5913-415B-9428-ED3C6D270602}.Debug|Any CPU.ActiveCfg = Debug|Any CPU
		{BD2B94CA-5913-415B-9428-ED3C6D270602}.Debug|Any CPU.Build.0 = Debug|Any CPU
		{BD2B94CA-5913-415B-9428-ED3C6D270602}.Debug|x86.ActiveCfg = Debug|Any CPU
		{BD2B94CA-5913-415B-9428-ED3C6D270602}.Debug|x86.Build.0 = Debug|Any CPU
		{BD2B94CA-5913-415B-9428-ED3C6D270602}.Release|Any CPU.ActiveCfg = Release|Any CPU
		{BD2B94CA-5913-415B-9428-ED3C6D270602}.Release|Any CPU.Build.0 = Release|Any CPU
		{BD2B94CA-5913-415B-9428-ED3C6D270602}.Release|x86.ActiveCfg = Release|Any CPU
		{BD2B94CA-5913-415B-9428-ED3C6D270602}.Release|x86.Build.0 = Release|Any CPU
		{859C2F5B-FBF1-4D3B-8442-CF8E44E8B74B}.Debug|Any CPU.ActiveCfg = Debug|Any CPU
		{859C2F5B-FBF1-4D3B-8442-CF8E44E8B74B}.Debug|x86.ActiveCfg = Debug|Any CPU
		{859C2F5B-FBF1-4D3B-8442-CF8E44E8B74B}.Release|Any CPU.ActiveCfg = Release|Any CPU
		{859C2F5B-FBF1-4D3B-8442-CF8E44E8B74B}.Release|x86.ActiveCfg = Release|Any CPU
		{182AFE98-D3A5-471A-B9D9-C1C53DD72829}.Debug|Any CPU.ActiveCfg = Debug|Any CPU
		{182AFE98-D3A5-471A-B9D9-C1C53DD72829}.Debug|x86.ActiveCfg = Debug|Any CPU
		{182AFE98-D3A5-471A-B9D9-C1C53DD72829}.Release|Any CPU.ActiveCfg = Release|Any CPU
		{182AFE98-D3A5-471A-B9D9-C1C53DD72829}.Release|x86.ActiveCfg = Release|Any CPU
		{FFE7826E-C352-46F3-AAC9-67FCCD9F6987}.Debug|Any CPU.ActiveCfg = Debug|Any CPU
		{FFE7826E-C352-46F3-AAC9-67FCCD9F6987}.Debug|Any CPU.Build.0 = Debug|Any CPU
		{FFE7826E-C352-46F3-AAC9-67FCCD9F6987}.Debug|x86.ActiveCfg = Debug|Any CPU
		{FFE7826E-C352-46F3-AAC9-67FCCD9F6987}.Debug|x86.Build.0 = Debug|Any CPU
		{FFE7826E-C352-46F3-AAC9-67FCCD9F6987}.Release|Any CPU.ActiveCfg = Release|Any CPU
		{FFE7826E-C352-46F3-AAC9-67FCCD9F6987}.Release|Any CPU.Build.0 = Release|Any CPU
		{FFE7826E-C352-46F3-AAC9-67FCCD9F6987}.Release|x86.ActiveCfg = Release|Any CPU
		{FFE7826E-C352-46F3-AAC9-67FCCD9F6987}.Release|x86.Build.0 = Release|Any CPU
		{66B64B00-C457-404E-AA2B-90F18127E394}.Debug|Any CPU.ActiveCfg = Debug|Any CPU
		{66B64B00-C457-404E-AA2B-90F18127E394}.Debug|x86.ActiveCfg = Debug|Any CPU
		{66B64B00-C457-404E-AA2B-90F18127E394}.Release|Any CPU.ActiveCfg = Release|Any CPU
		{66B64B00-C457-404E-AA2B-90F18127E394}.Release|x86.ActiveCfg = Release|Any CPU
		{782E9338-ECA7-4095-9157-6CA003801F05}.Debug|Any CPU.ActiveCfg = Debug|Any CPU
		{782E9338-ECA7-4095-9157-6CA003801F05}.Debug|x86.ActiveCfg = Debug|Any CPU
		{782E9338-ECA7-4095-9157-6CA003801F05}.Release|Any CPU.ActiveCfg = Release|Any CPU
		{782E9338-ECA7-4095-9157-6CA003801F05}.Release|x86.ActiveCfg = Release|Any CPU
		{091DFD9D-5599-4EEA-A616-A55FC12E9613}.Debug|Any CPU.ActiveCfg = Debug|Any CPU
		{091DFD9D-5599-4EEA-A616-A55FC12E9613}.Debug|x86.ActiveCfg = Debug|Any CPU
		{091DFD9D-5599-4EEA-A616-A55FC12E9613}.Release|Any CPU.ActiveCfg = Release|Any CPU
		{091DFD9D-5599-4EEA-A616-A55FC12E9613}.Release|x86.ActiveCfg = Release|Any CPU
		{4A523280-2DEA-43C6-BE11-48BDFF283751}.Debug|Any CPU.ActiveCfg = Debug|Any CPU
		{4A523280-2DEA-43C6-BE11-48BDFF283751}.Debug|Any CPU.Build.0 = Debug|Any CPU
		{4A523280-2DEA-43C6-BE11-48BDFF283751}.Debug|x86.ActiveCfg = Debug|Any CPU
		{4A523280-2DEA-43C6-BE11-48BDFF283751}.Release|Any CPU.ActiveCfg = Release|Any CPU
		{4A523280-2DEA-43C6-BE11-48BDFF283751}.Release|Any CPU.Build.0 = Release|Any CPU
		{4A523280-2DEA-43C6-BE11-48BDFF283751}.Release|x86.ActiveCfg = Release|Any CPU
		{19B7D80A-37FD-4E49-9F59-87FA41B677E2}.Debug|Any CPU.ActiveCfg = Debug|Any CPU
		{19B7D80A-37FD-4E49-9F59-87FA41B677E2}.Debug|Any CPU.Build.0 = Debug|Any CPU
		{19B7D80A-37FD-4E49-9F59-87FA41B677E2}.Debug|x86.ActiveCfg = Debug|Any CPU
		{19B7D80A-37FD-4E49-9F59-87FA41B677E2}.Debug|x86.Build.0 = Debug|Any CPU
		{19B7D80A-37FD-4E49-9F59-87FA41B677E2}.Release|Any CPU.ActiveCfg = Release|Any CPU
		{19B7D80A-37FD-4E49-9F59-87FA41B677E2}.Release|Any CPU.Build.0 = Release|Any CPU
		{19B7D80A-37FD-4E49-9F59-87FA41B677E2}.Release|x86.ActiveCfg = Release|Any CPU
		{19B7D80A-37FD-4E49-9F59-87FA41B677E2}.Release|x86.Build.0 = Release|Any CPU
		{A8B53A6B-40A6-40BA-A671-03FC911BC37B}.Debug|Any CPU.ActiveCfg = Debug|x86
		{A8B53A6B-40A6-40BA-A671-03FC911BC37B}.Debug|Any CPU.Build.0 = Debug|x86
		{A8B53A6B-40A6-40BA-A671-03FC911BC37B}.Debug|x86.ActiveCfg = Debug|x86
		{A8B53A6B-40A6-40BA-A671-03FC911BC37B}.Debug|x86.Build.0 = Debug|x86
		{A8B53A6B-40A6-40BA-A671-03FC911BC37B}.Release|Any CPU.ActiveCfg = Release|x86
		{A8B53A6B-40A6-40BA-A671-03FC911BC37B}.Release|Any CPU.Build.0 = Release|x86
		{A8B53A6B-40A6-40BA-A671-03FC911BC37B}.Release|x86.ActiveCfg = Release|x86
		{A8B53A6B-40A6-40BA-A671-03FC911BC37B}.Release|x86.Build.0 = Release|x86
		{B86F8B3B-E1CD-4A00-A73B-2D454924B8D2}.Debug|Any CPU.ActiveCfg = Debug|Any CPU
		{B86F8B3B-E1CD-4A00-A73B-2D454924B8D2}.Debug|Any CPU.Build.0 = Debug|Any CPU
		{B86F8B3B-E1CD-4A00-A73B-2D454924B8D2}.Debug|x86.ActiveCfg = Debug|Any CPU
		{B86F8B3B-E1CD-4A00-A73B-2D454924B8D2}.Debug|x86.Build.0 = Debug|Any CPU
		{B86F8B3B-E1CD-4A00-A73B-2D454924B8D2}.Release|Any CPU.ActiveCfg = Release|Any CPU
		{B86F8B3B-E1CD-4A00-A73B-2D454924B8D2}.Release|Any CPU.Build.0 = Release|Any CPU
		{B86F8B3B-E1CD-4A00-A73B-2D454924B8D2}.Release|x86.ActiveCfg = Release|Any CPU
		{B86F8B3B-E1CD-4A00-A73B-2D454924B8D2}.Release|x86.Build.0 = Release|Any CPU
		{A14CE3E2-B8EC-41C8-A7D1-75AE5D2509C4}.Debug|Any CPU.ActiveCfg = Debug|Any CPU
		{A14CE3E2-B8EC-41C8-A7D1-75AE5D2509C4}.Debug|Any CPU.Build.0 = Debug|Any CPU
		{A14CE3E2-B8EC-41C8-A7D1-75AE5D2509C4}.Debug|x86.ActiveCfg = Debug|Any CPU
		{A14CE3E2-B8EC-41C8-A7D1-75AE5D2509C4}.Debug|x86.Build.0 = Debug|Any CPU
		{A14CE3E2-B8EC-41C8-A7D1-75AE5D2509C4}.Release|Any CPU.ActiveCfg = Release|Any CPU
		{A14CE3E2-B8EC-41C8-A7D1-75AE5D2509C4}.Release|Any CPU.Build.0 = Release|Any CPU
		{A14CE3E2-B8EC-41C8-A7D1-75AE5D2509C4}.Release|x86.ActiveCfg = Release|Any CPU
		{A14CE3E2-B8EC-41C8-A7D1-75AE5D2509C4}.Release|x86.Build.0 = Release|Any CPU
	EndGlobalSection
	GlobalSection(SolutionProperties) = preSolution
		HideSolutionNode = FALSE
	EndGlobalSection
	GlobalSection(NestedProjects) = preSolution
		{29156CC1-79B1-473D-93F4-62340686FFC3} = {F5B0E1E6-6FA7-4EEA-905A-B32125985C14}
		{ECED32B7-1081-48D3-A223-1CB67A2D7016} = {F5B0E1E6-6FA7-4EEA-905A-B32125985C14}
		{BB2FCE6E-DF1F-40CC-9D7E-01CC9BE97EFA} = {F5B0E1E6-6FA7-4EEA-905A-B32125985C14}
		{BD2B94CA-5913-415B-9428-ED3C6D270602} = {F5B0E1E6-6FA7-4EEA-905A-B32125985C14}
		{859C2F5B-FBF1-4D3B-8442-CF8E44E8B74B} = {F5B0E1E6-6FA7-4EEA-905A-B32125985C14}
		{182AFE98-D3A5-471A-B9D9-C1C53DD72829} = {F5B0E1E6-6FA7-4EEA-905A-B32125985C14}
		{FFE7826E-C352-46F3-AAC9-67FCCD9F6987} = {F5B0E1E6-6FA7-4EEA-905A-B32125985C14}
		{66B64B00-C457-404E-AA2B-90F18127E394} = {F5B0E1E6-6FA7-4EEA-905A-B32125985C14}
		{782E9338-ECA7-4095-9157-6CA003801F05} = {F5B0E1E6-6FA7-4EEA-905A-B32125985C14}
		{091DFD9D-5599-4EEA-A616-A55FC12E9613} = {F5B0E1E6-6FA7-4EEA-905A-B32125985C14}
		{4A523280-2DEA-43C6-BE11-48BDFF283751} = {F5B0E1E6-6FA7-4EEA-905A-B32125985C14}
	EndGlobalSection
EndGlobal
