
Microsoft Visual Studio Solution File, Format Version 12.00
# Visual Studio Version 17
VisualStudioVersion = 17.14.36915.13
MinimumVisualStudioVersion = 10.0.40219.1
Project("{FAE04EC0-301F-11D3-BF4B-00C04F79EFBC}") = "GKcli", "GKcli.csproj", "{BE792E18-05D0-4B0B-941F-55B750B84FAE}"
EndProject
Project("{FAE04EC0-301F-11D3-BF4B-00C04F79EFBC}") = "GKCore.term", "..\GKCore\GKCore.term.csproj", "{B29DE69C-7116-9BE4-7779-544BB18C54A1}"
EndProject
Project("{2150E333-8FDC-42A3-9474-1A3956D46DE8}") = "Solution Items", "Solution Items", "{8EC462FD-D22E-90A8-E5CE-7E832BA40C5D}"
	ProjectSection(SolutionItems) = preProject
		..\..\.editorconfig = ..\..\.editorconfig
		..\GKConfigurations3.targets = ..\GKConfigurations3.targets
		NOTES.md = NOTES.md
	EndProjectSection
EndProject
Global
	GlobalSection(SolutionConfigurationPlatforms) = preSolution
		Debug|Any CPU = Debug|Any CPU
		Release|Any CPU = Release|Any CPU
	EndGlobalSection
	GlobalSection(ProjectConfigurationPlatforms) = postSolution
		{BE792E18-05D0-4B0B-941F-55B750B84FAE}.Debug|Any CPU.ActiveCfg = Debug|Any CPU
		{BE792E18-05D0-4B0B-941F-55B750B84FAE}.Debug|Any CPU.Build.0 = Debug|Any CPU
		{BE792E18-05D0-4B0B-941F-55B750B84FAE}.Release|Any CPU.ActiveCfg = Release|Any CPU
		{BE792E18-05D0-4B0B-941F-55B750B84FAE}.Release|Any CPU.Build.0 = Release|Any CPU
		{B29DE69C-7116-9BE4-7779-544BB18C54A1}.Debug|Any CPU.ActiveCfg = Debug|MSWin64
		{B29DE69C-7116-9BE4-7779-544BB18C54A1}.Debug|Any CPU.Build.0 = Debug|MSWin64
		{B29DE69C-7116-9BE4-7779-544BB18C54A1}.Release|Any CPU.ActiveCfg = Release|MSWin64
		{B29DE69C-7116-9BE4-7779-544BB18C54A1}.Release|Any CPU.Build.0 = Release|MSWin64
	EndGlobalSection
	GlobalSection(SolutionProperties) = preSolution
		HideSolutionNode = FALSE
	EndGlobalSection
	GlobalSection(ExtensibilityGlobals) = postSolution
		SolutionGuid = {ABBEFA6D-E369-4B72-9964-E1C1963BB5BF}
	EndGlobalSection
EndGlobal
